// !$*UTF8*$!
{
	archiveVersion = 1;
	classes = {
	};
	objectVersion = 46;
	objects = {

/* Begin PBXBuildFile section */
		4527174A130B202F00529A0C /* OpenGLES.framework in Frameworks */ = {isa = PBXBuildFile; fileRef = 45271749130B202F00529A0C /* OpenGLES.framework */; };
		4527174C130B203700529A0C /* QuartzCore.framework in Frameworks */ = {isa = PBXBuildFile; fileRef = 4527174B130B203700529A0C /* QuartzCore.framework */; };
		4529966C130B8D6A009FD0A3 /* CModelViewController.m in Sources */ = {isa = PBXBuildFile; fileRef = 45299664130B8D6A009FD0A3 /* CModelViewController.m */; };
		4529966E130B8D6A009FD0A3 /* main.m in Sources */ = {isa = PBXBuildFile; fileRef = 45299666130B8D6A009FD0A3 /* main.m */; };
		4529966F130B8D6A009FD0A3 /* MainWindow.xib in Resources */ = {isa = PBXBuildFile; fileRef = 45299667130B8D6A009FD0A3 /* MainWindow.xib */; };
		452C2C61134278AC0078B2BA /* CLight.m in Sources */ = {isa = PBXBuildFile; fileRef = 452C2C60134278AC0078B2BA /* CLight.m */; };
		4541931C134BA38700B36C36 /* CLazyTexture.m in Sources */ = {isa = PBXBuildFile; fileRef = 4541931B134BA38700B36C36 /* CLazyTexture.m */; };
		45610111134A69D0007ADE0E /* 04387091a8daeb5b1fa96cc14634f88f.vbo in Resources */ = {isa = PBXBuildFile; fileRef = 456100CF134A69D0007ADE0E /* 04387091a8daeb5b1fa96cc14634f88f.vbo */; };
		45610112134A69D0007ADE0E /* 18671bc5af4401d946a8722edd096cca.vbo in Resources */ = {isa = PBXBuildFile; fileRef = 456100D0134A69D0007ADE0E /* 18671bc5af4401d946a8722edd096cca.vbo */; };
		45610113134A69D0007ADE0E /* 196e1dbe8fb7e81edada4f87bcf6d9e3.vbo in Resources */ = {isa = PBXBuildFile; fileRef = 456100D1134A69D0007ADE0E /* 196e1dbe8fb7e81edada4f87bcf6d9e3.vbo */; };
		45610114134A69D0007ADE0E /* 1b42cba67428bc208b04ab8903f2426a.vbo in Resources */ = {isa = PBXBuildFile; fileRef = 456100D2134A69D0007ADE0E /* 1b42cba67428bc208b04ab8903f2426a.vbo */; };
		45610115134A69D0007ADE0E /* 1fd370d3df8d196fe977e986e1decfb1.vbo in Resources */ = {isa = PBXBuildFile; fileRef = 456100D3134A69D0007ADE0E /* 1fd370d3df8d196fe977e986e1decfb1.vbo */; };
		45610116134A69D0007ADE0E /* 21341b3286ded7fc03b89d35f49156b6.vbo in Resources */ = {isa = PBXBuildFile; fileRef = 456100D4134A69D0007ADE0E /* 21341b3286ded7fc03b89d35f49156b6.vbo */; };
		45610117134A69D0007ADE0E /* 243fb45331a9a91bd73329bd11ad9e16.vbo in Resources */ = {isa = PBXBuildFile; fileRef = 456100D5134A69D0007ADE0E /* 243fb45331a9a91bd73329bd11ad9e16.vbo */; };
		45610118134A69D0007ADE0E /* 258eeda76682547ba5c6fc6404f1475e.vbo in Resources */ = {isa = PBXBuildFile; fileRef = 456100D6134A69D0007ADE0E /* 258eeda76682547ba5c6fc6404f1475e.vbo */; };
		45610119134A69D0007ADE0E /* 2f2f0513607c75b98cfa217680c1536c.vbo in Resources */ = {isa = PBXBuildFile; fileRef = 456100D7134A69D0007ADE0E /* 2f2f0513607c75b98cfa217680c1536c.vbo */; };
		4561011A134A69D0007ADE0E /* 32172d5483d4bb4782d397398e14545d.vbo in Resources */ = {isa = PBXBuildFile; fileRef = 456100D8134A69D0007ADE0E /* 32172d5483d4bb4782d397398e14545d.vbo */; };
		4561011B134A69D0007ADE0E /* 3b1e08096d9fc76df572e7c44ded6994.vbo in Resources */ = {isa = PBXBuildFile; fileRef = 456100D9134A69D0007ADE0E /* 3b1e08096d9fc76df572e7c44ded6994.vbo */; };
		4561011C134A69D0007ADE0E /* 48bca8dec22e78d42bf21914103e398b.vbo in Resources */ = {isa = PBXBuildFile; fileRef = 456100DA134A69D0007ADE0E /* 48bca8dec22e78d42bf21914103e398b.vbo */; };
		4561011D134A69D0007ADE0E /* 501704de0b6a5e2a180eaca03a2f4148.vbo in Resources */ = {isa = PBXBuildFile; fileRef = 456100DB134A69D0007ADE0E /* 501704de0b6a5e2a180eaca03a2f4148.vbo */; };
		4561011E134A69D0007ADE0E /* 5523e942c7637db86fb4023923fdd23f.vbo in Resources */ = {isa = PBXBuildFile; fileRef = 456100DC134A69D0007ADE0E /* 5523e942c7637db86fb4023923fdd23f.vbo */; };
		4561011F134A69D0007ADE0E /* 599cc180e8ca79ed6ea939f26be3b570.vbo in Resources */ = {isa = PBXBuildFile; fileRef = 456100DD134A69D0007ADE0E /* 599cc180e8ca79ed6ea939f26be3b570.vbo */; };
		45610120134A69D0007ADE0E /* 5c6afafaf55afc2bfaed86cb0ba77ff7.vbo in Resources */ = {isa = PBXBuildFile; fileRef = 456100DE134A69D0007ADE0E /* 5c6afafaf55afc2bfaed86cb0ba77ff7.vbo */; };
		45610121134A69D0007ADE0E /* 615cf21b2414017439c26467e0f04098.vbo in Resources */ = {isa = PBXBuildFile; fileRef = 456100DF134A69D0007ADE0E /* 615cf21b2414017439c26467e0f04098.vbo */; };
		45610122134A69D0007ADE0E /* 62e45a4db4731c18be34b3004d089c7f.vbo in Resources */ = {isa = PBXBuildFile; fileRef = 456100E0134A69D0007ADE0E /* 62e45a4db4731c18be34b3004d089c7f.vbo */; };
		45610123134A69D0007ADE0E /* 644000a9c8a3837af41defceb43b485d.vbo in Resources */ = {isa = PBXBuildFile; fileRef = 456100E1134A69D0007ADE0E /* 644000a9c8a3837af41defceb43b485d.vbo */; };
		45610124134A69D0007ADE0E /* 69b1d5fd555345f3e37e98dfd59fc0c0.vbo in Resources */ = {isa = PBXBuildFile; fileRef = 456100E2134A69D0007ADE0E /* 69b1d5fd555345f3e37e98dfd59fc0c0.vbo */; };
		45610125134A69D0007ADE0E /* 7559ca19ee22de71825b39a89f951d8c.vbo in Resources */ = {isa = PBXBuildFile; fileRef = 456100E3134A69D0007ADE0E /* 7559ca19ee22de71825b39a89f951d8c.vbo */; };
		45610126134A69D0007ADE0E /* 794af5c3792ef67972b25e4986a99b9a.vbo in Resources */ = {isa = PBXBuildFile; fileRef = 456100E4134A69D0007ADE0E /* 794af5c3792ef67972b25e4986a99b9a.vbo */; };
		45610127134A69D0007ADE0E /* 7b9057f25eb6aa557a51ae0debdb9476.vbo in Resources */ = {isa = PBXBuildFile; fileRef = 456100E5134A69D0007ADE0E /* 7b9057f25eb6aa557a51ae0debdb9476.vbo */; };
		45610128134A69D0007ADE0E /* 7d1d39541697a5d7fc859e31d20e6978.vbo in Resources */ = {isa = PBXBuildFile; fileRef = 456100E6134A69D0007ADE0E /* 7d1d39541697a5d7fc859e31d20e6978.vbo */; };
		45610129134A69D0007ADE0E /* 8177e361d1376fba1a0879a9060ac9e6.vbo in Resources */ = {isa = PBXBuildFile; fileRef = 456100E7134A69D0007ADE0E /* 8177e361d1376fba1a0879a9060ac9e6.vbo */; };
		4561012A134A69D0007ADE0E /* 81f2540b896746bc46c6a80727041205.vbo in Resources */ = {isa = PBXBuildFile; fileRef = 456100E8134A69D0007ADE0E /* 81f2540b896746bc46c6a80727041205.vbo */; };
		4561012B134A69D0007ADE0E /* 86e2487be19c8c91f70aa8ceeaf6f8c8.vbo in Resources */ = {isa = PBXBuildFile; fileRef = 456100E9134A69D0007ADE0E /* 86e2487be19c8c91f70aa8ceeaf6f8c8.vbo */; };
		4561012C134A69D0007ADE0E /* 8b17e17926c53606018f383758621dde.vbo in Resources */ = {isa = PBXBuildFile; fileRef = 456100EA134A69D0007ADE0E /* 8b17e17926c53606018f383758621dde.vbo */; };
		4561012D134A69D0007ADE0E /* 92be386f230c6d8ab5fd55f673c61aed.vbo in Resources */ = {isa = PBXBuildFile; fileRef = 456100EB134A69D0007ADE0E /* 92be386f230c6d8ab5fd55f673c61aed.vbo */; };
		4561012E134A69D0007ADE0E /* 99bbdaa22486fee90b59cf68cafcf527.vbo in Resources */ = {isa = PBXBuildFile; fileRef = 456100EC134A69D0007ADE0E /* 99bbdaa22486fee90b59cf68cafcf527.vbo */; };
		4561012F134A69D0007ADE0E /* 9f36522803a57688be3afd90de2dab95.vbo in Resources */ = {isa = PBXBuildFile; fileRef = 456100ED134A69D0007ADE0E /* 9f36522803a57688be3afd90de2dab95.vbo */; };
		45610130134A69D0007ADE0E /* _Gray6_.jpg in Resources */ = {isa = PBXBuildFile; fileRef = 456100EE134A69D0007ADE0E /* _Gray6_.jpg */; };
		45610131134A69D0007ADE0E /* ad13de58f282776db98670a58e9b78e3.vbo in Resources */ = {isa = PBXBuildFile; fileRef = 456100EF134A69D0007ADE0E /* ad13de58f282776db98670a58e9b78e3.vbo */; };
		45610132134A69D0007ADE0E /* afac4a594f37a3a654ad28674205e9c7.vbo in Resources */ = {isa = PBXBuildFile; fileRef = 456100F0134A69D0007ADE0E /* afac4a594f37a3a654ad28674205e9c7.vbo */; };
		45610133134A69D0007ADE0E /* be962e3e3c88881bab75ce2ab8f0849a.vbo in Resources */ = {isa = PBXBuildFile; fileRef = 456100F1134A69D0007ADE0E /* be962e3e3c88881bab75ce2ab8f0849a.vbo */; };
		45610134134A69D0007ADE0E /* Color_H10.jpg in Resources */ = {isa = PBXBuildFile; fileRef = 456100F2134A69D0007ADE0E /* Color_H10.jpg */; };
		45610135134A69D0007ADE0E /* d27120eb84d46982330982ca8533e4ac.vbo in Resources */ = {isa = PBXBuildFile; fileRef = 456100F3134A69D0007ADE0E /* d27120eb84d46982330982ca8533e4ac.vbo */; };
		45610136134A69D0007ADE0E /* e3e3eb53f3087b0c41a0788e03731d38.vbo in Resources */ = {isa = PBXBuildFile; fileRef = 456100F4134A69D0007ADE0E /* e3e3eb53f3087b0c41a0788e03731d38.vbo */; };
		45610137134A69D0007ADE0E /* e47802a82521c00a56800aba33a4ec23.vbo in Resources */ = {isa = PBXBuildFile; fileRef = 456100F5134A69D0007ADE0E /* e47802a82521c00a56800aba33a4ec23.vbo */; };
		45610138134A69D0007ADE0E /* e9783140d1dd47b2a9fb5e619d0fe18c.vbo in Resources */ = {isa = PBXBuildFile; fileRef = 456100F6134A69D0007ADE0E /* e9783140d1dd47b2a9fb5e619d0fe18c.vbo */; };
		45610139134A69D0007ADE0E /* ea8dfe5b7b7e17ab493beed2a0887bd3.vbo in Resources */ = {isa = PBXBuildFile; fileRef = 456100F7134A69D0007ADE0E /* ea8dfe5b7b7e17ab493beed2a0887bd3.vbo */; };
		4561013A134A69D0007ADE0E /* fcaffb580be9ce2ea89687caebad2f2d.vbo in Resources */ = {isa = PBXBuildFile; fileRef = 456100F8134A69D0007ADE0E /* fcaffb580be9ce2ea89687caebad2f2d.vbo */; };
		4561013B134A69D0007ADE0E /* Google_Earth_Snapshot1.jpg in Resources */ = {isa = PBXBuildFile; fileRef = 456100F9134A69D0007ADE0E /* Google_Earth_Snapshot1.jpg */; };
		4561013C134A69D0007ADE0E /* Liberty.model.plist in Resources */ = {isa = PBXBuildFile; fileRef = 456100FA134A69D0007ADE0E /* Liberty.model.plist */; };
		4561013D134A69D0007ADE0E /* M_94_20Statue_20of_20Liberty.jpg in Resources */ = {isa = PBXBuildFile; fileRef = 456100FB134A69D0007ADE0E /* M_94_20Statue_20of_20Liberty.jpg */; };
		4561013E134A69D0007ADE0E /* M_94_20Statue_20of_20Liberty10_.jpg in Resources */ = {isa = PBXBuildFile; fileRef = 456100FC134A69D0007ADE0E /* M_94_20Statue_20of_20Liberty10_.jpg */; };
		4561013F134A69D0007ADE0E /* M_94_20Statue_20of_20Liberty11_.jpg in Resources */ = {isa = PBXBuildFile; fileRef = 456100FD134A69D0007ADE0E /* M_94_20Statue_20of_20Liberty11_.jpg */; };
		45610140134A69D0007ADE0E /* M_94_20Statue_20of_20Liberty12_.jpg in Resources */ = {isa = PBXBuildFile; fileRef = 456100FE134A69D0007ADE0E /* M_94_20Statue_20of_20Liberty12_.jpg */; };
		45610141134A69D0007ADE0E /* M_94_20Statue_20of_20Liberty13_.jpg in Resources */ = {isa = PBXBuildFile; fileRef = 456100FF134A69D0007ADE0E /* M_94_20Statue_20of_20Liberty13_.jpg */; };
		45610142134A69D0007ADE0E /* M_94_20Statue_20of_20Liberty14_.jpg in Resources */ = {isa = PBXBuildFile; fileRef = 45610100134A69D0007ADE0E /* M_94_20Statue_20of_20Liberty14_.jpg */; };
		45610143134A69D0007ADE0E /* M_94_20Statue_20of_20Liberty15_.jpg in Resources */ = {isa = PBXBuildFile; fileRef = 45610101134A69D0007ADE0E /* M_94_20Statue_20of_20Liberty15_.jpg */; };
		45610144134A69D0007ADE0E /* M_94_20Statue_20of_20Liberty16_.jpg in Resources */ = {isa = PBXBuildFile; fileRef = 45610102134A69D0007ADE0E /* M_94_20Statue_20of_20Liberty16_.jpg */; };
		45610145134A69D0007ADE0E /* M_94_20Statue_20of_20Liberty17_.jpg in Resources */ = {isa = PBXBuildFile; fileRef = 45610103134A69D0007ADE0E /* M_94_20Statue_20of_20Liberty17_.jpg */; };
		45610146134A69D0007ADE0E /* M_94_20Statue_20of_20Liberty18_.jpg in Resources */ = {isa = PBXBuildFile; fileRef = 45610104134A69D0007ADE0E /* M_94_20Statue_20of_20Liberty18_.jpg */; };
		45610147134A69D0007ADE0E /* M_94_20Statue_20of_20Liberty1_.jpg in Resources */ = {isa = PBXBuildFile; fileRef = 45610105134A69D0007ADE0E /* M_94_20Statue_20of_20Liberty1_.jpg */; };
		45610148134A69D0007ADE0E /* M_94_20Statue_20of_20Liberty2_.jpg in Resources */ = {isa = PBXBuildFile; fileRef = 45610106134A69D0007ADE0E /* M_94_20Statue_20of_20Liberty2_.jpg */; };
		45610149134A69D0007ADE0E /* M_94_20Statue_20of_20Liberty3_.jpg in Resources */ = {isa = PBXBuildFile; fileRef = 45610107134A69D0007ADE0E /* M_94_20Statue_20of_20Liberty3_.jpg */; };
		4561014A134A69D0007ADE0E /* M_94_20Statue_20of_20Liberty4_.jpg in Resources */ = {isa = PBXBuildFile; fileRef = 45610108134A69D0007ADE0E /* M_94_20Statue_20of_20Liberty4_.jpg */; };
		4561014B134A69D0007ADE0E /* M_94_20Statue_20of_20Liberty5_.jpg in Resources */ = {isa = PBXBuildFile; fileRef = 45610109134A69D0007ADE0E /* M_94_20Statue_20of_20Liberty5_.jpg */; };
		4561014C134A69D0007ADE0E /* M_94_20Statue_20of_20Liberty6_.jpg in Resources */ = {isa = PBXBuildFile; fileRef = 4561010A134A69D0007ADE0E /* M_94_20Statue_20of_20Liberty6_.jpg */; };
		4561014D134A69D0007ADE0E /* M_94_20Statue_20of_20Liberty7_.jpg in Resources */ = {isa = PBXBuildFile; fileRef = 4561010B134A69D0007ADE0E /* M_94_20Statue_20of_20Liberty7_.jpg */; };
		4561014E134A69D0007ADE0E /* M_94_20Statue_20of_20Liberty8_.jpg in Resources */ = {isa = PBXBuildFile; fileRef = 4561010C134A69D0007ADE0E /* M_94_20Statue_20of_20Liberty8_.jpg */; };
		4561014F134A69D0007ADE0E /* M_94_20Statue_20of_20Liberty9_.jpg in Resources */ = {isa = PBXBuildFile; fileRef = 4561010D134A69D0007ADE0E /* M_94_20Statue_20of_20Liberty9_.jpg */; };
		45610150134A69D0007ADE0E /* Material1.jpg in Resources */ = {isa = PBXBuildFile; fileRef = 4561010E134A69D0007ADE0E /* Material1.jpg */; };
		45610151134A69D0007ADE0E /* Material2.jpg in Resources */ = {isa = PBXBuildFile; fileRef = 4561010F134A69D0007ADE0E /* Material2.jpg */; };
		45610152134A69D0007ADE0E /* Statue_thumb.jpg in Resources */ = {isa = PBXBuildFile; fileRef = 45610110134A69D0007ADE0E /* Statue_thumb.jpg */; };
		4578017B1342B95600ACEEE4 /* CCamera.m in Sources */ = {isa = PBXBuildFile; fileRef = 4578017A1342B95600ACEEE4 /* CCamera.m */; };
		45781C59130AFE1E00B57285 /* UIKit.framework in Frameworks */ = {isa = PBXBuildFile; fileRef = 45781C58130AFE1E00B57285 /* UIKit.framework */; };
		45781C5B130AFE1E00B57285 /* Foundation.framework in Frameworks */ = {isa = PBXBuildFile; fileRef = 45781C5A130AFE1E00B57285 /* Foundation.framework */; };
		45781C5D130AFE1E00B57285 /* CoreGraphics.framework in Frameworks */ = {isa = PBXBuildFile; fileRef = 45781C5C130AFE1E00B57285 /* CoreGraphics.framework */; };
		457C030D133D57A20001A967 /* CGeometry.m in Sources */ = {isa = PBXBuildFile; fileRef = 457C02B3133D57A20001A967 /* CGeometry.m */; };
		457C030E133D57A20001A967 /* CMaterial.m in Sources */ = {isa = PBXBuildFile; fileRef = 457C02B5133D57A20001A967 /* CMaterial.m */; };
		457C030F133D57A20001A967 /* CMesh.m in Sources */ = {isa = PBXBuildFile; fileRef = 457C02B7133D57A20001A967 /* CMesh.m */; };
		457C0310133D57A20001A967 /* CMeshLoader.m in Sources */ = {isa = PBXBuildFile; fileRef = 457C02B9133D57A20001A967 /* CMeshLoader.m */; };
		457C0311133D57A20001A967 /* COBJRenderer.m in Sources */ = {isa = PBXBuildFile; fileRef = 457C02BB133D57A20001A967 /* COBJRenderer.m */; };
		457C0312133D57A20001A967 /* CArcBall.m in Sources */ = {isa = PBXBuildFile; fileRef = 457C02BE133D57A20001A967 /* CArcBall.m */; };
		457C0313133D57A20001A967 /* CBlockRenderer.m in Sources */ = {isa = PBXBuildFile; fileRef = 457C02C0133D57A20001A967 /* CBlockRenderer.m */; };
		457C0314133D57A20001A967 /* CFrameBuffer.m in Sources */ = {isa = PBXBuildFile; fileRef = 457C02C2133D57A20001A967 /* CFrameBuffer.m */; };
		457C0315133D57A20001A967 /* CMutableVertexBuffer.m in Sources */ = {isa = PBXBuildFile; fileRef = 457C02C4133D57A20001A967 /* CMutableVertexBuffer.m */; };
		457C0316133D57A20001A967 /* Color_OpenGLExtensions.m in Sources */ = {isa = PBXBuildFile; fileRef = 457C02C7133D57A20001A967 /* Color_OpenGLExtensions.m */; };
		457C0317133D57A20001A967 /* Color_PropertyListRepresentation.m in Sources */ = {isa = PBXBuildFile; fileRef = 457C02C9133D57A20001A967 /* Color_PropertyListRepresentation.m */; };
		457C0318133D57A20001A967 /* COpenGLAssetLibrary.m in Sources */ = {isa = PBXBuildFile; fileRef = 457C02CB133D57A20001A967 /* COpenGLAssetLibrary.m */; };
		457C0319133D57A20001A967 /* CProgram.m in Sources */ = {isa = PBXBuildFile; fileRef = 457C02CD133D57A20001A967 /* CProgram.m */; };
		457C031A133D57A20001A967 /* CRenderBuffer.m in Sources */ = {isa = PBXBuildFile; fileRef = 457C02CF133D57A20001A967 /* CRenderBuffer.m */; };
		457C031B133D57A20001A967 /* CRenderer.m in Sources */ = {isa = PBXBuildFile; fileRef = 457C02D1133D57A20001A967 /* CRenderer.m */; };
		457C031C133D57A20001A967 /* CRenderer_Extensions.m in Sources */ = {isa = PBXBuildFile; fileRef = 457C02D3133D57A20001A967 /* CRenderer_Extensions.m */; };
		457C031D133D57A20001A967 /* CShader.m in Sources */ = {isa = PBXBuildFile; fileRef = 457C02D5133D57A20001A967 /* CShader.m */; };
		457C031E133D57A20001A967 /* CTexture.m in Sources */ = {isa = PBXBuildFile; fileRef = 457C02D7133D57A20001A967 /* CTexture.m */; };
		457C0321133D57A20001A967 /* CVertexArrayBuffer.m in Sources */ = {isa = PBXBuildFile; fileRef = 457C02DD133D57A20001A967 /* CVertexArrayBuffer.m */; };
		457C0322133D57A20001A967 /* CVertexBuffer.m in Sources */ = {isa = PBXBuildFile; fileRef = 457C02DF133D57A20001A967 /* CVertexBuffer.m */; };
		457C0323133D57A20001A967 /* CVertexBuffer_FactoryExtensions.m in Sources */ = {isa = PBXBuildFile; fileRef = 457C02E1133D57A20001A967 /* CVertexBuffer_FactoryExtensions.m */; };
		457C0324133D57A20001A967 /* CVertexBuffer_PropertyListRepresentation.m in Sources */ = {isa = PBXBuildFile; fileRef = 457C02E3133D57A20001A967 /* CVertexBuffer_PropertyListRepresentation.m */; };
		457C0325133D57A20001A967 /* CVertexBufferReference.m in Sources */ = {isa = PBXBuildFile; fileRef = 457C02E5133D57A20001A967 /* CVertexBufferReference.m */; };
		457C0327133D57A20001A967 /* CInteractiveRendererView.m in Sources */ = {isa = PBXBuildFile; fileRef = 457C02EA133D57A20001A967 /* CInteractiveRendererView.m */; };
		457C0329133D57A20001A967 /* CRendererView.m in Sources */ = {isa = PBXBuildFile; fileRef = 457C02EE133D57A20001A967 /* CRendererView.m */; };
		457C032A133D57A20001A967 /* Matrix.m in Sources */ = {isa = PBXBuildFile; fileRef = 457C02F0133D57A20001A967 /* Matrix.m */; };
		457C032B133D57A20001A967 /* OpenGLTypes.m in Sources */ = {isa = PBXBuildFile; fileRef = 457C02F3133D57A20001A967 /* OpenGLTypes.m */; };
		457C0330133D57A20001A967 /* Quaternion.m in Sources */ = {isa = PBXBuildFile; fileRef = 457C02FE133D57A20001A967 /* Quaternion.m */; };
		457C0331133D57A20001A967 /* Flat.fsh in Resources */ = {isa = PBXBuildFile; fileRef = 457C0300133D57A20001A967 /* Flat.fsh */; };
		457C0332133D57A20001A967 /* Flat.vsh in Resources */ = {isa = PBXBuildFile; fileRef = 457C0301133D57A20001A967 /* Flat.vsh */; };
		457C0333133D57A20001A967 /* Flat2.fsh in Resources */ = {isa = PBXBuildFile; fileRef = 457C0302133D57A20001A967 /* Flat2.fsh */; };
		457C0334133D57A20001A967 /* Flat2.vsh in Resources */ = {isa = PBXBuildFile; fileRef = 457C0303133D57A20001A967 /* Flat2.vsh */; };
		457C0335133D57A20001A967 /* Lighting.fsh in Resources */ = {isa = PBXBuildFile; fileRef = 457C0304133D57A20001A967 /* Lighting.fsh */; };
		457C0336133D57A20001A967 /* Lighting.vsh in Resources */ = {isa = PBXBuildFile; fileRef = 457C0305133D57A20001A967 /* Lighting.vsh */; };
		457C0337133D57A20001A967 /* SimpleTexture.fsh in Resources */ = {isa = PBXBuildFile; fileRef = 457C0306133D57A20001A967 /* SimpleTexture.fsh */; };
		457C0338133D57A20001A967 /* SimpleTexture.vsh in Resources */ = {isa = PBXBuildFile; fileRef = 457C0307133D57A20001A967 /* SimpleTexture.vsh */; };
		457C0339133D57A20001A967 /* NSData_NumberExtensions.m in Sources */ = {isa = PBXBuildFile; fileRef = 457C030B133D57A20001A967 /* NSData_NumberExtensions.m */; };
		457D9C8A133D23DB00F576A3 /* UIKit.framework in Frameworks */ = {isa = PBXBuildFile; fileRef = 45781C58130AFE1E00B57285 /* UIKit.framework */; };
		457D9C8B133D23DB00F576A3 /* Foundation.framework in Frameworks */ = {isa = PBXBuildFile; fileRef = 45781C5A130AFE1E00B57285 /* Foundation.framework */; };
		457D9C8C133D23DB00F576A3 /* CoreGraphics.framework in Frameworks */ = {isa = PBXBuildFile; fileRef = 4527175A130B247700529A0C /* CoreGraphics.framework */; };
		457D9C92133D23DB00F576A3 /* InfoPlist.strings in Resources */ = {isa = PBXBuildFile; fileRef = 457D9C90133D23DB00F576A3 /* InfoPlist.strings */; };
		457D9C95133D23DB00F576A3 /* Unit_Tests.h in Resources */ = {isa = PBXBuildFile; fileRef = 457D9C94133D23DB00F576A3 /* Unit_Tests.h */; };
		457D9C97133D23DB00F576A3 /* Unit_Tests.m in Sources */ = {isa = PBXBuildFile; fileRef = 457D9C96133D23DB00F576A3 /* Unit_Tests.m */; };
		459CFBA61332E48800B16315 /* CoreMotion.framework in Frameworks */ = {isa = PBXBuildFile; fileRef = 459CFBA51332E48800B16315 /* CoreMotion.framework */; };
/* End PBXBuildFile section */

/* Begin PBXFileReference section */
		45271749130B202F00529A0C /* OpenGLES.framework */ = {isa = PBXFileReference; lastKnownFileType = wrapper.framework; name = OpenGLES.framework; path = System/Library/Frameworks/OpenGLES.framework; sourceTree = SDKROOT; };
		4527174B130B203700529A0C /* QuartzCore.framework */ = {isa = PBXFileReference; lastKnownFileType = wrapper.framework; name = QuartzCore.framework; path = System/Library/Frameworks/QuartzCore.framework; sourceTree = SDKROOT; };
		4527175A130B247700529A0C /* CoreGraphics.framework */ = {isa = PBXFileReference; lastKnownFileType = wrapper.framework; name = CoreGraphics.framework; path = System/Library/Frameworks/CoreGraphics.framework; sourceTree = SDKROOT; };
		45299663130B8D6A009FD0A3 /* CModelViewController.h */ = {isa = PBXFileReference; fileEncoding = 4; lastKnownFileType = sourcecode.c.h; path = CModelViewController.h; sourceTree = "<group>"; };
		45299664130B8D6A009FD0A3 /* CModelViewController.m */ = {isa = PBXFileReference; fileEncoding = 4; lastKnownFileType = sourcecode.c.objc; path = CModelViewController.m; sourceTree = "<group>"; };
		45299665130B8D6A009FD0A3 /* Info.plist */ = {isa = PBXFileReference; fileEncoding = 4; lastKnownFileType = text.plist.xml; path = Info.plist; sourceTree = "<group>"; };
		45299666130B8D6A009FD0A3 /* main.m */ = {isa = PBXFileReference; fileEncoding = 4; lastKnownFileType = sourcecode.c.objc; path = main.m; sourceTree = "<group>"; };
		45299667130B8D6A009FD0A3 /* MainWindow.xib */ = {isa = PBXFileReference; fileEncoding = 4; lastKnownFileType = file.xib; path = MainWindow.xib; sourceTree = "<group>"; };
		45299668130B8D6A009FD0A3 /* Prefix.pch */ = {isa = PBXFileReference; fileEncoding = 4; lastKnownFileType = sourcecode.c.h; path = Prefix.pch; sourceTree = "<group>"; };
		452C2C5F134278AC0078B2BA /* CLight.h */ = {isa = PBXFileReference; fileEncoding = 4; lastKnownFileType = sourcecode.c.h; path = CLight.h; sourceTree = "<group>"; };
		452C2C60134278AC0078B2BA /* CLight.m */ = {isa = PBXFileReference; fileEncoding = 4; lastKnownFileType = sourcecode.c.objc; path = CLight.m; sourceTree = "<group>"; };
		4541931A134BA38700B36C36 /* CLazyTexture.h */ = {isa = PBXFileReference; fileEncoding = 4; lastKnownFileType = sourcecode.c.h; path = CLazyTexture.h; sourceTree = "<group>"; };
		4541931B134BA38700B36C36 /* CLazyTexture.m */ = {isa = PBXFileReference; fileEncoding = 4; lastKnownFileType = sourcecode.c.objc; path = CLazyTexture.m; sourceTree = "<group>"; };
		456100CF134A69D0007ADE0E /* 04387091a8daeb5b1fa96cc14634f88f.vbo */ = {isa = PBXFileReference; lastKnownFileType = file; path = 04387091a8daeb5b1fa96cc14634f88f.vbo; sourceTree = "<group>"; };
		456100D0134A69D0007ADE0E /* 18671bc5af4401d946a8722edd096cca.vbo */ = {isa = PBXFileReference; lastKnownFileType = file; path = 18671bc5af4401d946a8722edd096cca.vbo; sourceTree = "<group>"; };
		456100D1134A69D0007ADE0E /* 196e1dbe8fb7e81edada4f87bcf6d9e3.vbo */ = {isa = PBXFileReference; lastKnownFileType = file; path = 196e1dbe8fb7e81edada4f87bcf6d9e3.vbo; sourceTree = "<group>"; };
		456100D2134A69D0007ADE0E /* 1b42cba67428bc208b04ab8903f2426a.vbo */ = {isa = PBXFileReference; lastKnownFileType = file; path = 1b42cba67428bc208b04ab8903f2426a.vbo; sourceTree = "<group>"; };
		456100D3134A69D0007ADE0E /* 1fd370d3df8d196fe977e986e1decfb1.vbo */ = {isa = PBXFileReference; lastKnownFileType = file; path = 1fd370d3df8d196fe977e986e1decfb1.vbo; sourceTree = "<group>"; };
		456100D4134A69D0007ADE0E /* 21341b3286ded7fc03b89d35f49156b6.vbo */ = {isa = PBXFileReference; lastKnownFileType = file; path = 21341b3286ded7fc03b89d35f49156b6.vbo; sourceTree = "<group>"; };
		456100D5134A69D0007ADE0E /* 243fb45331a9a91bd73329bd11ad9e16.vbo */ = {isa = PBXFileReference; lastKnownFileType = file; path = 243fb45331a9a91bd73329bd11ad9e16.vbo; sourceTree = "<group>"; };
		456100D6134A69D0007ADE0E /* 258eeda76682547ba5c6fc6404f1475e.vbo */ = {isa = PBXFileReference; lastKnownFileType = file; path = 258eeda76682547ba5c6fc6404f1475e.vbo; sourceTree = "<group>"; };
		456100D7134A69D0007ADE0E /* 2f2f0513607c75b98cfa217680c1536c.vbo */ = {isa = PBXFileReference; lastKnownFileType = file; path = 2f2f0513607c75b98cfa217680c1536c.vbo; sourceTree = "<group>"; };
		456100D8134A69D0007ADE0E /* 32172d5483d4bb4782d397398e14545d.vbo */ = {isa = PBXFileReference; lastKnownFileType = file; path = 32172d5483d4bb4782d397398e14545d.vbo; sourceTree = "<group>"; };
		456100D9134A69D0007ADE0E /* 3b1e08096d9fc76df572e7c44ded6994.vbo */ = {isa = PBXFileReference; lastKnownFileType = file; path = 3b1e08096d9fc76df572e7c44ded6994.vbo; sourceTree = "<group>"; };
		456100DA134A69D0007ADE0E /* 48bca8dec22e78d42bf21914103e398b.vbo */ = {isa = PBXFileReference; lastKnownFileType = file; path = 48bca8dec22e78d42bf21914103e398b.vbo; sourceTree = "<group>"; };
		456100DB134A69D0007ADE0E /* 501704de0b6a5e2a180eaca03a2f4148.vbo */ = {isa = PBXFileReference; lastKnownFileType = file; path = 501704de0b6a5e2a180eaca03a2f4148.vbo; sourceTree = "<group>"; };
		456100DC134A69D0007ADE0E /* 5523e942c7637db86fb4023923fdd23f.vbo */ = {isa = PBXFileReference; lastKnownFileType = file; path = 5523e942c7637db86fb4023923fdd23f.vbo; sourceTree = "<group>"; };
		456100DD134A69D0007ADE0E /* 599cc180e8ca79ed6ea939f26be3b570.vbo */ = {isa = PBXFileReference; lastKnownFileType = file; path = 599cc180e8ca79ed6ea939f26be3b570.vbo; sourceTree = "<group>"; };
		456100DE134A69D0007ADE0E /* 5c6afafaf55afc2bfaed86cb0ba77ff7.vbo */ = {isa = PBXFileReference; lastKnownFileType = file; path = 5c6afafaf55afc2bfaed86cb0ba77ff7.vbo; sourceTree = "<group>"; };
		456100DF134A69D0007ADE0E /* 615cf21b2414017439c26467e0f04098.vbo */ = {isa = PBXFileReference; lastKnownFileType = file; path = 615cf21b2414017439c26467e0f04098.vbo; sourceTree = "<group>"; };
		456100E0134A69D0007ADE0E /* 62e45a4db4731c18be34b3004d089c7f.vbo */ = {isa = PBXFileReference; lastKnownFileType = file; path = 62e45a4db4731c18be34b3004d089c7f.vbo; sourceTree = "<group>"; };
		456100E1134A69D0007ADE0E /* 644000a9c8a3837af41defceb43b485d.vbo */ = {isa = PBXFileReference; lastKnownFileType = file; path = 644000a9c8a3837af41defceb43b485d.vbo; sourceTree = "<group>"; };
		456100E2134A69D0007ADE0E /* 69b1d5fd555345f3e37e98dfd59fc0c0.vbo */ = {isa = PBXFileReference; lastKnownFileType = file; path = 69b1d5fd555345f3e37e98dfd59fc0c0.vbo; sourceTree = "<group>"; };
		456100E3134A69D0007ADE0E /* 7559ca19ee22de71825b39a89f951d8c.vbo */ = {isa = PBXFileReference; lastKnownFileType = file; path = 7559ca19ee22de71825b39a89f951d8c.vbo; sourceTree = "<group>"; };
		456100E4134A69D0007ADE0E /* 794af5c3792ef67972b25e4986a99b9a.vbo */ = {isa = PBXFileReference; lastKnownFileType = file; path = 794af5c3792ef67972b25e4986a99b9a.vbo; sourceTree = "<group>"; };
		456100E5134A69D0007ADE0E /* 7b9057f25eb6aa557a51ae0debdb9476.vbo */ = {isa = PBXFileReference; lastKnownFileType = file; path = 7b9057f25eb6aa557a51ae0debdb9476.vbo; sourceTree = "<group>"; };
		456100E6134A69D0007ADE0E /* 7d1d39541697a5d7fc859e31d20e6978.vbo */ = {isa = PBXFileReference; lastKnownFileType = file; path = 7d1d39541697a5d7fc859e31d20e6978.vbo; sourceTree = "<group>"; };
		456100E7134A69D0007ADE0E /* 8177e361d1376fba1a0879a9060ac9e6.vbo */ = {isa = PBXFileReference; lastKnownFileType = file; path = 8177e361d1376fba1a0879a9060ac9e6.vbo; sourceTree = "<group>"; };
		456100E8134A69D0007ADE0E /* 81f2540b896746bc46c6a80727041205.vbo */ = {isa = PBXFileReference; lastKnownFileType = file; path = 81f2540b896746bc46c6a80727041205.vbo; sourceTree = "<group>"; };
		456100E9134A69D0007ADE0E /* 86e2487be19c8c91f70aa8ceeaf6f8c8.vbo */ = {isa = PBXFileReference; lastKnownFileType = file; path = 86e2487be19c8c91f70aa8ceeaf6f8c8.vbo; sourceTree = "<group>"; };
		456100EA134A69D0007ADE0E /* 8b17e17926c53606018f383758621dde.vbo */ = {isa = PBXFileReference; lastKnownFileType = file; path = 8b17e17926c53606018f383758621dde.vbo; sourceTree = "<group>"; };
		456100EB134A69D0007ADE0E /* 92be386f230c6d8ab5fd55f673c61aed.vbo */ = {isa = PBXFileReference; lastKnownFileType = file; path = 92be386f230c6d8ab5fd55f673c61aed.vbo; sourceTree = "<group>"; };
		456100EC134A69D0007ADE0E /* 99bbdaa22486fee90b59cf68cafcf527.vbo */ = {isa = PBXFileReference; lastKnownFileType = file; path = 99bbdaa22486fee90b59cf68cafcf527.vbo; sourceTree = "<group>"; };
		456100ED134A69D0007ADE0E /* 9f36522803a57688be3afd90de2dab95.vbo */ = {isa = PBXFileReference; lastKnownFileType = file; path = 9f36522803a57688be3afd90de2dab95.vbo; sourceTree = "<group>"; };
		456100EE134A69D0007ADE0E /* _Gray6_.jpg */ = {isa = PBXFileReference; lastKnownFileType = image.jpeg; path = _Gray6_.jpg; sourceTree = "<group>"; };
		456100EF134A69D0007ADE0E /* ad13de58f282776db98670a58e9b78e3.vbo */ = {isa = PBXFileReference; lastKnownFileType = file; path = ad13de58f282776db98670a58e9b78e3.vbo; sourceTree = "<group>"; };
		456100F0134A69D0007ADE0E /* afac4a594f37a3a654ad28674205e9c7.vbo */ = {isa = PBXFileReference; lastKnownFileType = file; path = afac4a594f37a3a654ad28674205e9c7.vbo; sourceTree = "<group>"; };
		456100F1134A69D0007ADE0E /* be962e3e3c88881bab75ce2ab8f0849a.vbo */ = {isa = PBXFileReference; lastKnownFileType = file; path = be962e3e3c88881bab75ce2ab8f0849a.vbo; sourceTree = "<group>"; };
		456100F2134A69D0007ADE0E /* Color_H10.jpg */ = {isa = PBXFileReference; lastKnownFileType = image.jpeg; path = Color_H10.jpg; sourceTree = "<group>"; };
		456100F3134A69D0007ADE0E /* d27120eb84d46982330982ca8533e4ac.vbo */ = {isa = PBXFileReference; lastKnownFileType = file; path = d27120eb84d46982330982ca8533e4ac.vbo; sourceTree = "<group>"; };
		456100F4134A69D0007ADE0E /* e3e3eb53f3087b0c41a0788e03731d38.vbo */ = {isa = PBXFileReference; lastKnownFileType = file; path = e3e3eb53f3087b0c41a0788e03731d38.vbo; sourceTree = "<group>"; };
		456100F5134A69D0007ADE0E /* e47802a82521c00a56800aba33a4ec23.vbo */ = {isa = PBXFileReference; lastKnownFileType = file; path = e47802a82521c00a56800aba33a4ec23.vbo; sourceTree = "<group>"; };
		456100F6134A69D0007ADE0E /* e9783140d1dd47b2a9fb5e619d0fe18c.vbo */ = {isa = PBXFileReference; lastKnownFileType = file; path = e9783140d1dd47b2a9fb5e619d0fe18c.vbo; sourceTree = "<group>"; };
		456100F7134A69D0007ADE0E /* ea8dfe5b7b7e17ab493beed2a0887bd3.vbo */ = {isa = PBXFileReference; lastKnownFileType = file; path = ea8dfe5b7b7e17ab493beed2a0887bd3.vbo; sourceTree = "<group>"; };
		456100F8134A69D0007ADE0E /* fcaffb580be9ce2ea89687caebad2f2d.vbo */ = {isa = PBXFileReference; lastKnownFileType = file; path = fcaffb580be9ce2ea89687caebad2f2d.vbo; sourceTree = "<group>"; };
		456100F9134A69D0007ADE0E /* Google_Earth_Snapshot1.jpg */ = {isa = PBXFileReference; lastKnownFileType = image.jpeg; path = Google_Earth_Snapshot1.jpg; sourceTree = "<group>"; };
		456100FA134A69D0007ADE0E /* Liberty.model.plist */ = {isa = PBXFileReference; fileEncoding = 4; lastKnownFileType = text.plist.xml; path = Liberty.model.plist; sourceTree = "<group>"; };
		456100FB134A69D0007ADE0E /* M_94_20Statue_20of_20Liberty.jpg */ = {isa = PBXFileReference; lastKnownFileType = image.jpeg; path = M_94_20Statue_20of_20Liberty.jpg; sourceTree = "<group>"; };
		456100FC134A69D0007ADE0E /* M_94_20Statue_20of_20Liberty10_.jpg */ = {isa = PBXFileReference; lastKnownFileType = image.jpeg; path = M_94_20Statue_20of_20Liberty10_.jpg; sourceTree = "<group>"; };
		456100FD134A69D0007ADE0E /* M_94_20Statue_20of_20Liberty11_.jpg */ = {isa = PBXFileReference; lastKnownFileType = image.jpeg; path = M_94_20Statue_20of_20Liberty11_.jpg; sourceTree = "<group>"; };
		456100FE134A69D0007ADE0E /* M_94_20Statue_20of_20Liberty12_.jpg */ = {isa = PBXFileReference; lastKnownFileType = image.jpeg; path = M_94_20Statue_20of_20Liberty12_.jpg; sourceTree = "<group>"; };
		456100FF134A69D0007ADE0E /* M_94_20Statue_20of_20Liberty13_.jpg */ = {isa = PBXFileReference; lastKnownFileType = image.jpeg; path = M_94_20Statue_20of_20Liberty13_.jpg; sourceTree = "<group>"; };
		45610100134A69D0007ADE0E /* M_94_20Statue_20of_20Liberty14_.jpg */ = {isa = PBXFileReference; lastKnownFileType = image.jpeg; path = M_94_20Statue_20of_20Liberty14_.jpg; sourceTree = "<group>"; };
		45610101134A69D0007ADE0E /* M_94_20Statue_20of_20Liberty15_.jpg */ = {isa = PBXFileReference; lastKnownFileType = image.jpeg; path = M_94_20Statue_20of_20Liberty15_.jpg; sourceTree = "<group>"; };
		45610102134A69D0007ADE0E /* M_94_20Statue_20of_20Liberty16_.jpg */ = {isa = PBXFileReference; lastKnownFileType = image.jpeg; path = M_94_20Statue_20of_20Liberty16_.jpg; sourceTree = "<group>"; };
		45610103134A69D0007ADE0E /* M_94_20Statue_20of_20Liberty17_.jpg */ = {isa = PBXFileReference; lastKnownFileType = image.jpeg; path = M_94_20Statue_20of_20Liberty17_.jpg; sourceTree = "<group>"; };
		45610104134A69D0007ADE0E /* M_94_20Statue_20of_20Liberty18_.jpg */ = {isa = PBXFileReference; lastKnownFileType = image.jpeg; path = M_94_20Statue_20of_20Liberty18_.jpg; sourceTree = "<group>"; };
		45610105134A69D0007ADE0E /* M_94_20Statue_20of_20Liberty1_.jpg */ = {isa = PBXFileReference; lastKnownFileType = image.jpeg; path = M_94_20Statue_20of_20Liberty1_.jpg; sourceTree = "<group>"; };
		45610106134A69D0007ADE0E /* M_94_20Statue_20of_20Liberty2_.jpg */ = {isa = PBXFileReference; lastKnownFileType = image.jpeg; path = M_94_20Statue_20of_20Liberty2_.jpg; sourceTree = "<group>"; };
		45610107134A69D0007ADE0E /* M_94_20Statue_20of_20Liberty3_.jpg */ = {isa = PBXFileReference; lastKnownFileType = image.jpeg; path = M_94_20Statue_20of_20Liberty3_.jpg; sourceTree = "<group>"; };
		45610108134A69D0007ADE0E /* M_94_20Statue_20of_20Liberty4_.jpg */ = {isa = PBXFileReference; lastKnownFileType = image.jpeg; path = M_94_20Statue_20of_20Liberty4_.jpg; sourceTree = "<group>"; };
		45610109134A69D0007ADE0E /* M_94_20Statue_20of_20Liberty5_.jpg */ = {isa = PBXFileReference; lastKnownFileType = image.jpeg; path = M_94_20Statue_20of_20Liberty5_.jpg; sourceTree = "<group>"; };
		4561010A134A69D0007ADE0E /* M_94_20Statue_20of_20Liberty6_.jpg */ = {isa = PBXFileReference; lastKnownFileType = image.jpeg; path = M_94_20Statue_20of_20Liberty6_.jpg; sourceTree = "<group>"; };
		4561010B134A69D0007ADE0E /* M_94_20Statue_20of_20Liberty7_.jpg */ = {isa = PBXFileReference; lastKnownFileType = image.jpeg; path = M_94_20Statue_20of_20Liberty7_.jpg; sourceTree = "<group>"; };
		4561010C134A69D0007ADE0E /* M_94_20Statue_20of_20Liberty8_.jpg */ = {isa = PBXFileReference; lastKnownFileType = image.jpeg; path = M_94_20Statue_20of_20Liberty8_.jpg; sourceTree = "<group>"; };
		4561010D134A69D0007ADE0E /* M_94_20Statue_20of_20Liberty9_.jpg */ = {isa = PBXFileReference; lastKnownFileType = image.jpeg; path = M_94_20Statue_20of_20Liberty9_.jpg; sourceTree = "<group>"; };
		4561010E134A69D0007ADE0E /* Material1.jpg */ = {isa = PBXFileReference; lastKnownFileType = image.jpeg; path = Material1.jpg; sourceTree = "<group>"; };
		4561010F134A69D0007ADE0E /* Material2.jpg */ = {isa = PBXFileReference; lastKnownFileType = image.jpeg; path = Material2.jpg; sourceTree = "<group>"; };
		45610110134A69D0007ADE0E /* Statue_thumb.jpg */ = {isa = PBXFileReference; lastKnownFileType = image.jpeg; path = Statue_thumb.jpg; sourceTree = "<group>"; };
		457801791342B95600ACEEE4 /* CCamera.h */ = {isa = PBXFileReference; fileEncoding = 4; lastKnownFileType = sourcecode.c.h; path = CCamera.h; sourceTree = "<group>"; };
		4578017A1342B95600ACEEE4 /* CCamera.m */ = {isa = PBXFileReference; fileEncoding = 4; lastKnownFileType = sourcecode.c.objc; path = CCamera.m; sourceTree = "<group>"; };
		45781C54130AFE1E00B57285 /* ModelViewer.app */ = {isa = PBXFileReference; explicitFileType = wrapper.application; includeInIndex = 0; path = ModelViewer.app; sourceTree = BUILT_PRODUCTS_DIR; };
		45781C58130AFE1E00B57285 /* UIKit.framework */ = {isa = PBXFileReference; lastKnownFileType = wrapper.framework; name = UIKit.framework; path = System/Library/Frameworks/UIKit.framework; sourceTree = SDKROOT; };
		45781C5A130AFE1E00B57285 /* Foundation.framework */ = {isa = PBXFileReference; lastKnownFileType = wrapper.framework; name = Foundation.framework; path = System/Library/Frameworks/Foundation.framework; sourceTree = SDKROOT; };
		45781C5C130AFE1E00B57285 /* CoreGraphics.framework */ = {isa = PBXFileReference; lastKnownFileType = wrapper.framework; name = CoreGraphics.framework; path = System/Library/Frameworks/CoreGraphics.framework; sourceTree = SDKROOT; };
		457C02B2133D57A20001A967 /* CGeometry.h */ = {isa = PBXFileReference; fileEncoding = 4; lastKnownFileType = sourcecode.c.h; path = CGeometry.h; sourceTree = "<group>"; };
		457C02B3133D57A20001A967 /* CGeometry.m */ = {isa = PBXFileReference; fileEncoding = 4; lastKnownFileType = sourcecode.c.objc; path = CGeometry.m; sourceTree = "<group>"; };
		457C02B4133D57A20001A967 /* CMaterial.h */ = {isa = PBXFileReference; fileEncoding = 4; lastKnownFileType = sourcecode.c.h; path = CMaterial.h; sourceTree = "<group>"; };
		457C02B5133D57A20001A967 /* CMaterial.m */ = {isa = PBXFileReference; fileEncoding = 4; lastKnownFileType = sourcecode.c.objc; path = CMaterial.m; sourceTree = "<group>"; };
		457C02B6133D57A20001A967 /* CMesh.h */ = {isa = PBXFileReference; fileEncoding = 4; lastKnownFileType = sourcecode.c.h; path = CMesh.h; sourceTree = "<group>"; };
		457C02B7133D57A20001A967 /* CMesh.m */ = {isa = PBXFileReference; fileEncoding = 4; lastKnownFileType = sourcecode.c.objc; path = CMesh.m; sourceTree = "<group>"; };
		457C02B8133D57A20001A967 /* CMeshLoader.h */ = {isa = PBXFileReference; fileEncoding = 4; lastKnownFileType = sourcecode.c.h; path = CMeshLoader.h; sourceTree = "<group>"; };
		457C02B9133D57A20001A967 /* CMeshLoader.m */ = {isa = PBXFileReference; fileEncoding = 4; lastKnownFileType = sourcecode.c.objc; path = CMeshLoader.m; sourceTree = "<group>"; };
		457C02BA133D57A20001A967 /* COBJRenderer.h */ = {isa = PBXFileReference; fileEncoding = 4; lastKnownFileType = sourcecode.c.h; path = COBJRenderer.h; sourceTree = "<group>"; };
		457C02BB133D57A20001A967 /* COBJRenderer.m */ = {isa = PBXFileReference; fileEncoding = 4; lastKnownFileType = sourcecode.c.objc; path = COBJRenderer.m; sourceTree = "<group>"; };
		457C02BD133D57A20001A967 /* CArcBall.h */ = {isa = PBXFileReference; fileEncoding = 4; lastKnownFileType = sourcecode.c.h; path = CArcBall.h; sourceTree = "<group>"; };
		457C02BE133D57A20001A967 /* CArcBall.m */ = {isa = PBXFileReference; fileEncoding = 4; lastKnownFileType = sourcecode.c.objc; path = CArcBall.m; sourceTree = "<group>"; };
		457C02BF133D57A20001A967 /* CBlockRenderer.h */ = {isa = PBXFileReference; fileEncoding = 4; lastKnownFileType = sourcecode.c.h; path = CBlockRenderer.h; sourceTree = "<group>"; };
		457C02C0133D57A20001A967 /* CBlockRenderer.m */ = {isa = PBXFileReference; fileEncoding = 4; lastKnownFileType = sourcecode.c.objc; path = CBlockRenderer.m; sourceTree = "<group>"; };
		457C02C1133D57A20001A967 /* CFrameBuffer.h */ = {isa = PBXFileReference; fileEncoding = 4; lastKnownFileType = sourcecode.c.h; path = CFrameBuffer.h; sourceTree = "<group>"; };
		457C02C2133D57A20001A967 /* CFrameBuffer.m */ = {isa = PBXFileReference; fileEncoding = 4; lastKnownFileType = sourcecode.c.objc; path = CFrameBuffer.m; sourceTree = "<group>"; };
		457C02C3133D57A20001A967 /* CMutableVertexBuffer.h */ = {isa = PBXFileReference; fileEncoding = 4; lastKnownFileType = sourcecode.c.h; path = CMutableVertexBuffer.h; sourceTree = "<group>"; };
		457C02C4133D57A20001A967 /* CMutableVertexBuffer.m */ = {isa = PBXFileReference; fileEncoding = 4; lastKnownFileType = sourcecode.c.objc; path = CMutableVertexBuffer.m; sourceTree = "<group>"; };
		457C02C6133D57A20001A967 /* Color_OpenGLExtensions.h */ = {isa = PBXFileReference; fileEncoding = 4; lastKnownFileType = sourcecode.c.h; path = Color_OpenGLExtensions.h; sourceTree = "<group>"; };
		457C02C7133D57A20001A967 /* Color_OpenGLExtensions.m */ = {isa = PBXFileReference; fileEncoding = 4; lastKnownFileType = sourcecode.c.objc; path = Color_OpenGLExtensions.m; sourceTree = "<group>"; };
		457C02C8133D57A20001A967 /* Color_PropertyListRepresentation.h */ = {isa = PBXFileReference; fileEncoding = 4; lastKnownFileType = sourcecode.c.h; path = Color_PropertyListRepresentation.h; sourceTree = "<group>"; };
		457C02C9133D57A20001A967 /* Color_PropertyListRepresentation.m */ = {isa = PBXFileReference; fileEncoding = 4; lastKnownFileType = sourcecode.c.objc; path = Color_PropertyListRepresentation.m; sourceTree = "<group>"; };
		457C02CA133D57A20001A967 /* COpenGLAssetLibrary.h */ = {isa = PBXFileReference; fileEncoding = 4; lastKnownFileType = sourcecode.c.h; path = COpenGLAssetLibrary.h; sourceTree = "<group>"; };
		457C02CB133D57A20001A967 /* COpenGLAssetLibrary.m */ = {isa = PBXFileReference; fileEncoding = 4; lastKnownFileType = sourcecode.c.objc; path = COpenGLAssetLibrary.m; sourceTree = "<group>"; };
		457C02CC133D57A20001A967 /* CProgram.h */ = {isa = PBXFileReference; fileEncoding = 4; lastKnownFileType = sourcecode.c.h; path = CProgram.h; sourceTree = "<group>"; };
		457C02CD133D57A20001A967 /* CProgram.m */ = {isa = PBXFileReference; fileEncoding = 4; lastKnownFileType = sourcecode.c.objc; path = CProgram.m; sourceTree = "<group>"; };
		457C02CE133D57A20001A967 /* CRenderBuffer.h */ = {isa = PBXFileReference; fileEncoding = 4; lastKnownFileType = sourcecode.c.h; path = CRenderBuffer.h; sourceTree = "<group>"; };
		457C02CF133D57A20001A967 /* CRenderBuffer.m */ = {isa = PBXFileReference; fileEncoding = 4; lastKnownFileType = sourcecode.c.objc; path = CRenderBuffer.m; sourceTree = "<group>"; };
		457C02D0133D57A20001A967 /* CRenderer.h */ = {isa = PBXFileReference; fileEncoding = 4; lastKnownFileType = sourcecode.c.h; path = CRenderer.h; sourceTree = "<group>"; };
		457C02D1133D57A20001A967 /* CRenderer.m */ = {isa = PBXFileReference; fileEncoding = 4; lastKnownFileType = sourcecode.c.objc; path = CRenderer.m; sourceTree = "<group>"; };
		457C02D2133D57A20001A967 /* CRenderer_Extensions.h */ = {isa = PBXFileReference; fileEncoding = 4; lastKnownFileType = sourcecode.c.h; path = CRenderer_Extensions.h; sourceTree = "<group>"; };
		457C02D3133D57A20001A967 /* CRenderer_Extensions.m */ = {isa = PBXFileReference; fileEncoding = 4; lastKnownFileType = sourcecode.c.objc; path = CRenderer_Extensions.m; sourceTree = "<group>"; };
		457C02D4133D57A20001A967 /* CShader.h */ = {isa = PBXFileReference; fileEncoding = 4; lastKnownFileType = sourcecode.c.h; path = CShader.h; sourceTree = "<group>"; };
		457C02D5133D57A20001A967 /* CShader.m */ = {isa = PBXFileReference; fileEncoding = 4; lastKnownFileType = sourcecode.c.objc; path = CShader.m; sourceTree = "<group>"; };
		457C02D6133D57A20001A967 /* CTexture.h */ = {isa = PBXFileReference; fileEncoding = 4; lastKnownFileType = sourcecode.c.h; path = CTexture.h; sourceTree = "<group>"; };
		457C02D7133D57A20001A967 /* CTexture.m */ = {isa = PBXFileReference; fileEncoding = 4; lastKnownFileType = sourcecode.c.objc; path = CTexture.m; sourceTree = "<group>"; };
		457C02DC133D57A20001A967 /* CVertexArrayBuffer.h */ = {isa = PBXFileReference; fileEncoding = 4; lastKnownFileType = sourcecode.c.h; path = CVertexArrayBuffer.h; sourceTree = "<group>"; };
		457C02DD133D57A20001A967 /* CVertexArrayBuffer.m */ = {isa = PBXFileReference; fileEncoding = 4; lastKnownFileType = sourcecode.c.objc; path = CVertexArrayBuffer.m; sourceTree = "<group>"; };
		457C02DE133D57A20001A967 /* CVertexBuffer.h */ = {isa = PBXFileReference; fileEncoding = 4; lastKnownFileType = sourcecode.c.h; path = CVertexBuffer.h; sourceTree = "<group>"; };
		457C02DF133D57A20001A967 /* CVertexBuffer.m */ = {isa = PBXFileReference; fileEncoding = 4; lastKnownFileType = sourcecode.c.objc; path = CVertexBuffer.m; sourceTree = "<group>"; };
		457C02E0133D57A20001A967 /* CVertexBuffer_FactoryExtensions.h */ = {isa = PBXFileReference; fileEncoding = 4; lastKnownFileType = sourcecode.c.h; path = CVertexBuffer_FactoryExtensions.h; sourceTree = "<group>"; };
		457C02E1133D57A20001A967 /* CVertexBuffer_FactoryExtensions.m */ = {isa = PBXFileReference; fileEncoding = 4; lastKnownFileType = sourcecode.c.objc; path = CVertexBuffer_FactoryExtensions.m; sourceTree = "<group>"; };
		457C02E2133D57A20001A967 /* CVertexBuffer_PropertyListRepresentation.h */ = {isa = PBXFileReference; fileEncoding = 4; lastKnownFileType = sourcecode.c.h; path = CVertexBuffer_PropertyListRepresentation.h; sourceTree = "<group>"; };
		457C02E3133D57A20001A967 /* CVertexBuffer_PropertyListRepresentation.m */ = {isa = PBXFileReference; fileEncoding = 4; lastKnownFileType = sourcecode.c.objc; path = CVertexBuffer_PropertyListRepresentation.m; sourceTree = "<group>"; };
		457C02E4133D57A20001A967 /* CVertexBufferReference.h */ = {isa = PBXFileReference; fileEncoding = 4; lastKnownFileType = sourcecode.c.h; path = CVertexBufferReference.h; sourceTree = "<group>"; };
		457C02E5133D57A20001A967 /* CVertexBufferReference.m */ = {isa = PBXFileReference; fileEncoding = 4; lastKnownFileType = sourcecode.c.objc; path = CVertexBufferReference.m; sourceTree = "<group>"; };
		457C02E9133D57A20001A967 /* CInteractiveRendererView.h */ = {isa = PBXFileReference; fileEncoding = 4; lastKnownFileType = sourcecode.c.h; path = CInteractiveRendererView.h; sourceTree = "<group>"; };
		457C02EA133D57A20001A967 /* CInteractiveRendererView.m */ = {isa = PBXFileReference; fileEncoding = 4; lastKnownFileType = sourcecode.c.objc; path = CInteractiveRendererView.m; sourceTree = "<group>"; };
		457C02ED133D57A20001A967 /* CRendererView.h */ = {isa = PBXFileReference; fileEncoding = 4; lastKnownFileType = sourcecode.c.h; path = CRendererView.h; sourceTree = "<group>"; };
		457C02EE133D57A20001A967 /* CRendererView.m */ = {isa = PBXFileReference; fileEncoding = 4; lastKnownFileType = sourcecode.c.objc; path = CRendererView.m; sourceTree = "<group>"; };
		457C02EF133D57A20001A967 /* Matrix.h */ = {isa = PBXFileReference; fileEncoding = 4; lastKnownFileType = sourcecode.c.h; path = Matrix.h; sourceTree = "<group>"; };
		457C02F0133D57A20001A967 /* Matrix.m */ = {isa = PBXFileReference; fileEncoding = 4; lastKnownFileType = sourcecode.c.objc; path = Matrix.m; sourceTree = "<group>"; };
		457C02F1133D57A20001A967 /* OpenGLIncludes.h */ = {isa = PBXFileReference; fileEncoding = 4; lastKnownFileType = sourcecode.c.h; path = OpenGLIncludes.h; sourceTree = "<group>"; };
		457C02F2133D57A20001A967 /* OpenGLTypes.h */ = {isa = PBXFileReference; fileEncoding = 4; lastKnownFileType = sourcecode.c.h; path = OpenGLTypes.h; sourceTree = "<group>"; };
		457C02F3133D57A20001A967 /* OpenGLTypes.m */ = {isa = PBXFileReference; fileEncoding = 4; lastKnownFileType = sourcecode.c.objc; path = OpenGLTypes.m; sourceTree = "<group>"; };
		457C02FD133D57A20001A967 /* Quaternion.h */ = {isa = PBXFileReference; fileEncoding = 4; lastKnownFileType = sourcecode.c.h; path = Quaternion.h; sourceTree = "<group>"; };
		457C02FE133D57A20001A967 /* Quaternion.m */ = {isa = PBXFileReference; fileEncoding = 4; lastKnownFileType = sourcecode.c.objc; path = Quaternion.m; sourceTree = "<group>"; };
		457C0300133D57A20001A967 /* Flat.fsh */ = {isa = PBXFileReference; fileEncoding = 4; lastKnownFileType = sourcecode.glsl; path = Flat.fsh; sourceTree = "<group>"; };
		457C0301133D57A20001A967 /* Flat.vsh */ = {isa = PBXFileReference; fileEncoding = 4; lastKnownFileType = sourcecode.glsl; path = Flat.vsh; sourceTree = "<group>"; };
		457C0302133D57A20001A967 /* Flat2.fsh */ = {isa = PBXFileReference; fileEncoding = 4; lastKnownFileType = sourcecode.glsl; path = Flat2.fsh; sourceTree = "<group>"; };
		457C0303133D57A20001A967 /* Flat2.vsh */ = {isa = PBXFileReference; fileEncoding = 4; lastKnownFileType = sourcecode.glsl; path = Flat2.vsh; sourceTree = "<group>"; };
		457C0304133D57A20001A967 /* Lighting.fsh */ = {isa = PBXFileReference; fileEncoding = 4; lastKnownFileType = sourcecode.glsl; path = Lighting.fsh; sourceTree = "<group>"; };
		457C0305133D57A20001A967 /* Lighting.vsh */ = {isa = PBXFileReference; fileEncoding = 4; lastKnownFileType = sourcecode.glsl; path = Lighting.vsh; sourceTree = "<group>"; };
		457C0306133D57A20001A967 /* SimpleTexture.fsh */ = {isa = PBXFileReference; fileEncoding = 4; lastKnownFileType = sourcecode.glsl; path = SimpleTexture.fsh; sourceTree = "<group>"; };
		457C0307133D57A20001A967 /* SimpleTexture.vsh */ = {isa = PBXFileReference; fileEncoding = 4; lastKnownFileType = sourcecode.glsl; path = SimpleTexture.vsh; sourceTree = "<group>"; };
		457C0309133D57A20001A967 /* CPropertyListRepresentation.h */ = {isa = PBXFileReference; fileEncoding = 4; lastKnownFileType = sourcecode.c.h; path = CPropertyListRepresentation.h; sourceTree = "<group>"; };
		457C030A133D57A20001A967 /* NSData_NumberExtensions.h */ = {isa = PBXFileReference; fileEncoding = 4; lastKnownFileType = sourcecode.c.h; path = NSData_NumberExtensions.h; sourceTree = "<group>"; };
		457C030B133D57A20001A967 /* NSData_NumberExtensions.m */ = {isa = PBXFileReference; fileEncoding = 4; lastKnownFileType = sourcecode.c.objc; path = NSData_NumberExtensions.m; sourceTree = "<group>"; };
		457D9C89133D23DB00F576A3 /* Unit Tests.octest */ = {isa = PBXFileReference; explicitFileType = wrapper.cfbundle; includeInIndex = 0; path = "Unit Tests.octest"; sourceTree = BUILT_PRODUCTS_DIR; };
		457D9C8F133D23DB00F576A3 /* Unit Tests-Info.plist */ = {isa = PBXFileReference; lastKnownFileType = text.plist.xml; path = "Unit Tests-Info.plist"; sourceTree = "<group>"; };
		457D9C91133D23DB00F576A3 /* en */ = {isa = PBXFileReference; lastKnownFileType = text.plist.strings; name = en; path = en.lproj/InfoPlist.strings; sourceTree = "<group>"; };
		457D9C93133D23DB00F576A3 /* Unit Tests-Prefix.pch */ = {isa = PBXFileReference; lastKnownFileType = sourcecode.c.h; path = "Unit Tests-Prefix.pch"; sourceTree = "<group>"; };
		457D9C94133D23DB00F576A3 /* Unit_Tests.h */ = {isa = PBXFileReference; lastKnownFileType = sourcecode.c.h; path = Unit_Tests.h; sourceTree = "<group>"; };
		457D9C96133D23DB00F576A3 /* Unit_Tests.m */ = {isa = PBXFileReference; lastKnownFileType = sourcecode.c.objc; path = Unit_Tests.m; sourceTree = "<group>"; };
		459CFBA51332E48800B16315 /* CoreMotion.framework */ = {isa = PBXFileReference; lastKnownFileType = wrapper.framework; name = CoreMotion.framework; path = System/Library/Frameworks/CoreMotion.framework; sourceTree = SDKROOT; };
/* End PBXFileReference section */

/* Begin PBXFrameworksBuildPhase section */
		45781C51130AFE1E00B57285 /* Frameworks */ = {
			isa = PBXFrameworksBuildPhase;
			buildActionMask = 2147483647;
			files = (
				459CFBA61332E48800B16315 /* CoreMotion.framework in Frameworks */,
				45781C5D130AFE1E00B57285 /* CoreGraphics.framework in Frameworks */,
				4527174C130B203700529A0C /* QuartzCore.framework in Frameworks */,
				4527174A130B202F00529A0C /* OpenGLES.framework in Frameworks */,
				45781C59130AFE1E00B57285 /* UIKit.framework in Frameworks */,
				45781C5B130AFE1E00B57285 /* Foundation.framework in Frameworks */,
			);
			runOnlyForDeploymentPostprocessing = 0;
		};
		457D9C85133D23DB00F576A3 /* Frameworks */ = {
			isa = PBXFrameworksBuildPhase;
			buildActionMask = 2147483647;
			files = (
				457D9C8A133D23DB00F576A3 /* UIKit.framework in Frameworks */,
				457D9C8B133D23DB00F576A3 /* Foundation.framework in Frameworks */,
				457D9C8C133D23DB00F576A3 /* CoreGraphics.framework in Frameworks */,
			);
			runOnlyForDeploymentPostprocessing = 0;
		};
/* End PBXFrameworksBuildPhase section */

/* Begin PBXGroup section */
		45299662130B8D6A009FD0A3 /* SimpleTest */ = {
			isa = PBXGroup;
			children = (
				45299663130B8D6A009FD0A3 /* CModelViewController.h */,
				45299664130B8D6A009FD0A3 /* CModelViewController.m */,
				45299665130B8D6A009FD0A3 /* Info.plist */,
				45299666130B8D6A009FD0A3 /* main.m */,
				45299667130B8D6A009FD0A3 /* MainWindow.xib */,
				45299668130B8D6A009FD0A3 /* Prefix.pch */,
				456100CE134A69D0007ADE0E /* Liberty */,
				45F9EA2A13301D37005DF7A8 /* Samples */,
			);
			name = SimpleTest;
			sourceTree = "<group>";
		};
		456100CE134A69D0007ADE0E /* Liberty */ = {
			isa = PBXGroup;
			children = (
				456100CF134A69D0007ADE0E /* 04387091a8daeb5b1fa96cc14634f88f.vbo */,
				456100D0134A69D0007ADE0E /* 18671bc5af4401d946a8722edd096cca.vbo */,
				456100D1134A69D0007ADE0E /* 196e1dbe8fb7e81edada4f87bcf6d9e3.vbo */,
				456100D2134A69D0007ADE0E /* 1b42cba67428bc208b04ab8903f2426a.vbo */,
				456100D3134A69D0007ADE0E /* 1fd370d3df8d196fe977e986e1decfb1.vbo */,
				456100D4134A69D0007ADE0E /* 21341b3286ded7fc03b89d35f49156b6.vbo */,
				456100D5134A69D0007ADE0E /* 243fb45331a9a91bd73329bd11ad9e16.vbo */,
				456100D6134A69D0007ADE0E /* 258eeda76682547ba5c6fc6404f1475e.vbo */,
				456100D7134A69D0007ADE0E /* 2f2f0513607c75b98cfa217680c1536c.vbo */,
				456100D8134A69D0007ADE0E /* 32172d5483d4bb4782d397398e14545d.vbo */,
				456100D9134A69D0007ADE0E /* 3b1e08096d9fc76df572e7c44ded6994.vbo */,
				456100DA134A69D0007ADE0E /* 48bca8dec22e78d42bf21914103e398b.vbo */,
				456100DB134A69D0007ADE0E /* 501704de0b6a5e2a180eaca03a2f4148.vbo */,
				456100DC134A69D0007ADE0E /* 5523e942c7637db86fb4023923fdd23f.vbo */,
				456100DD134A69D0007ADE0E /* 599cc180e8ca79ed6ea939f26be3b570.vbo */,
				456100DE134A69D0007ADE0E /* 5c6afafaf55afc2bfaed86cb0ba77ff7.vbo */,
				456100DF134A69D0007ADE0E /* 615cf21b2414017439c26467e0f04098.vbo */,
				456100E0134A69D0007ADE0E /* 62e45a4db4731c18be34b3004d089c7f.vbo */,
				456100E1134A69D0007ADE0E /* 644000a9c8a3837af41defceb43b485d.vbo */,
				456100E2134A69D0007ADE0E /* 69b1d5fd555345f3e37e98dfd59fc0c0.vbo */,
				456100E3134A69D0007ADE0E /* 7559ca19ee22de71825b39a89f951d8c.vbo */,
				456100E4134A69D0007ADE0E /* 794af5c3792ef67972b25e4986a99b9a.vbo */,
				456100E5134A69D0007ADE0E /* 7b9057f25eb6aa557a51ae0debdb9476.vbo */,
				456100E6134A69D0007ADE0E /* 7d1d39541697a5d7fc859e31d20e6978.vbo */,
				456100E7134A69D0007ADE0E /* 8177e361d1376fba1a0879a9060ac9e6.vbo */,
				456100E8134A69D0007ADE0E /* 81f2540b896746bc46c6a80727041205.vbo */,
				456100E9134A69D0007ADE0E /* 86e2487be19c8c91f70aa8ceeaf6f8c8.vbo */,
				456100EA134A69D0007ADE0E /* 8b17e17926c53606018f383758621dde.vbo */,
				456100EB134A69D0007ADE0E /* 92be386f230c6d8ab5fd55f673c61aed.vbo */,
				456100EC134A69D0007ADE0E /* 99bbdaa22486fee90b59cf68cafcf527.vbo */,
				456100ED134A69D0007ADE0E /* 9f36522803a57688be3afd90de2dab95.vbo */,
				456100EE134A69D0007ADE0E /* _Gray6_.jpg */,
				456100EF134A69D0007ADE0E /* ad13de58f282776db98670a58e9b78e3.vbo */,
				456100F0134A69D0007ADE0E /* afac4a594f37a3a654ad28674205e9c7.vbo */,
				456100F1134A69D0007ADE0E /* be962e3e3c88881bab75ce2ab8f0849a.vbo */,
				456100F2134A69D0007ADE0E /* Color_H10.jpg */,
				456100F3134A69D0007ADE0E /* d27120eb84d46982330982ca8533e4ac.vbo */,
				456100F4134A69D0007ADE0E /* e3e3eb53f3087b0c41a0788e03731d38.vbo */,
				456100F5134A69D0007ADE0E /* e47802a82521c00a56800aba33a4ec23.vbo */,
				456100F6134A69D0007ADE0E /* e9783140d1dd47b2a9fb5e619d0fe18c.vbo */,
				456100F7134A69D0007ADE0E /* ea8dfe5b7b7e17ab493beed2a0887bd3.vbo */,
				456100F8134A69D0007ADE0E /* fcaffb580be9ce2ea89687caebad2f2d.vbo */,
				456100F9134A69D0007ADE0E /* Google_Earth_Snapshot1.jpg */,
				456100FA134A69D0007ADE0E /* Liberty.model.plist */,
				456100FB134A69D0007ADE0E /* M_94_20Statue_20of_20Liberty.jpg */,
				456100FC134A69D0007ADE0E /* M_94_20Statue_20of_20Liberty10_.jpg */,
				456100FD134A69D0007ADE0E /* M_94_20Statue_20of_20Liberty11_.jpg */,
				456100FE134A69D0007ADE0E /* M_94_20Statue_20of_20Liberty12_.jpg */,
				456100FF134A69D0007ADE0E /* M_94_20Statue_20of_20Liberty13_.jpg */,
				45610100134A69D0007ADE0E /* M_94_20Statue_20of_20Liberty14_.jpg */,
				45610101134A69D0007ADE0E /* M_94_20Statue_20of_20Liberty15_.jpg */,
				45610102134A69D0007ADE0E /* M_94_20Statue_20of_20Liberty16_.jpg */,
				45610103134A69D0007ADE0E /* M_94_20Statue_20of_20Liberty17_.jpg */,
				45610104134A69D0007ADE0E /* M_94_20Statue_20of_20Liberty18_.jpg */,
				45610105134A69D0007ADE0E /* M_94_20Statue_20of_20Liberty1_.jpg */,
				45610106134A69D0007ADE0E /* M_94_20Statue_20of_20Liberty2_.jpg */,
				45610107134A69D0007ADE0E /* M_94_20Statue_20of_20Liberty3_.jpg */,
				45610108134A69D0007ADE0E /* M_94_20Statue_20of_20Liberty4_.jpg */,
				45610109134A69D0007ADE0E /* M_94_20Statue_20of_20Liberty5_.jpg */,
				4561010A134A69D0007ADE0E /* M_94_20Statue_20of_20Liberty6_.jpg */,
				4561010B134A69D0007ADE0E /* M_94_20Statue_20of_20Liberty7_.jpg */,
				4561010C134A69D0007ADE0E /* M_94_20Statue_20of_20Liberty8_.jpg */,
				4561010D134A69D0007ADE0E /* M_94_20Statue_20of_20Liberty9_.jpg */,
				4561010E134A69D0007ADE0E /* Material1.jpg */,
				4561010F134A69D0007ADE0E /* Material2.jpg */,
				45610110134A69D0007ADE0E /* Statue_thumb.jpg */,
			);
			path = Liberty;
			sourceTree = "<group>";
		};
		45781C49130AFE1E00B57285 = {
			isa = PBXGroup;
			children = (
				45299662130B8D6A009FD0A3 /* SimpleTest */,
				457C02AD133D57A20001A967 /* Source */,
				457D9C8D133D23DB00F576A3 /* Unit Tests */,
				45781C57130AFE1E00B57285 /* Frameworks */,
				45781C55130AFE1E00B57285 /* Products */,
			);
			sourceTree = "<group>";
		};
		45781C55130AFE1E00B57285 /* Products */ = {
			isa = PBXGroup;
			children = (
				45781C54130AFE1E00B57285 /* ModelViewer.app */,
				457D9C89133D23DB00F576A3 /* Unit Tests.octest */,
			);
			name = Products;
			sourceTree = "<group>";
		};
		45781C57130AFE1E00B57285 /* Frameworks */ = {
			isa = PBXGroup;
			children = (
				459CFBA51332E48800B16315 /* CoreMotion.framework */,
				4527175A130B247700529A0C /* CoreGraphics.framework */,
				4527174B130B203700529A0C /* QuartzCore.framework */,
				45271749130B202F00529A0C /* OpenGLES.framework */,
				45781C58130AFE1E00B57285 /* UIKit.framework */,
				45781C5A130AFE1E00B57285 /* Foundation.framework */,
				45781C5C130AFE1E00B57285 /* CoreGraphics.framework */,
			);
			name = Frameworks;
			sourceTree = "<group>";
		};
		457C02AD133D57A20001A967 /* Source */ = {
			isa = PBXGroup;
			children = (
				457C02B1133D57A20001A967 /* Mesh */,
				457C02BC133D57A20001A967 /* OpenGL */,
				457C02FF133D57A20001A967 /* Shaders */,
				457C0308133D57A20001A967 /* Support */,
			);
			name = Source;
			path = ../../Source;
			sourceTree = "<group>";
		};
		457C02B1133D57A20001A967 /* Mesh */ = {
			isa = PBXGroup;
			children = (
				457C02B2133D57A20001A967 /* CGeometry.h */,
				457C02B3133D57A20001A967 /* CGeometry.m */,
				457C02B4133D57A20001A967 /* CMaterial.h */,
				457C02B5133D57A20001A967 /* CMaterial.m */,
				457C02B6133D57A20001A967 /* CMesh.h */,
				457C02B7133D57A20001A967 /* CMesh.m */,
				457C02B8133D57A20001A967 /* CMeshLoader.h */,
				457C02B9133D57A20001A967 /* CMeshLoader.m */,
				457C02BA133D57A20001A967 /* COBJRenderer.h */,
				457C02BB133D57A20001A967 /* COBJRenderer.m */,
			);
			path = Mesh;
			sourceTree = "<group>";
		};
		457C02BC133D57A20001A967 /* OpenGL */ = {
			isa = PBXGroup;
			children = (
				457C02BD133D57A20001A967 /* CArcBall.h */,
				457C02BE133D57A20001A967 /* CArcBall.m */,
				457C02BF133D57A20001A967 /* CBlockRenderer.h */,
				457C02C0133D57A20001A967 /* CBlockRenderer.m */,
				457C02C1133D57A20001A967 /* CFrameBuffer.h */,
				457C02C2133D57A20001A967 /* CFrameBuffer.m */,
				452C2C5F134278AC0078B2BA /* CLight.h */,
				452C2C60134278AC0078B2BA /* CLight.m */,
				457C02C3133D57A20001A967 /* CMutableVertexBuffer.h */,
				457C02C4133D57A20001A967 /* CMutableVertexBuffer.m */,
				457C02C5133D57A20001A967 /* Common */,
				457C02CA133D57A20001A967 /* COpenGLAssetLibrary.h */,
				457C02CB133D57A20001A967 /* COpenGLAssetLibrary.m */,
				457C02CC133D57A20001A967 /* CProgram.h */,
				457C02CD133D57A20001A967 /* CProgram.m */,
				457C02CE133D57A20001A967 /* CRenderBuffer.h */,
				457C02CF133D57A20001A967 /* CRenderBuffer.m */,
				457C02D0133D57A20001A967 /* CRenderer.h */,
				457C02D1133D57A20001A967 /* CRenderer.m */,
				457C02D2133D57A20001A967 /* CRenderer_Extensions.h */,
				457C02D3133D57A20001A967 /* CRenderer_Extensions.m */,
				457C02D4133D57A20001A967 /* CShader.h */,
				457C02D5133D57A20001A967 /* CShader.m */,
				457C02D6133D57A20001A967 /* CTexture.h */,
				457C02D7133D57A20001A967 /* CTexture.m */,
				457C02DC133D57A20001A967 /* CVertexArrayBuffer.h */,
				457C02DD133D57A20001A967 /* CVertexArrayBuffer.m */,
				457C02DE133D57A20001A967 /* CVertexBuffer.h */,
				457C02DF133D57A20001A967 /* CVertexBuffer.m */,
				457C02E0133D57A20001A967 /* CVertexBuffer_FactoryExtensions.h */,
				457C02E1133D57A20001A967 /* CVertexBuffer_FactoryExtensions.m */,
				457C02E2133D57A20001A967 /* CVertexBuffer_PropertyListRepresentation.h */,
				457C02E3133D57A20001A967 /* CVertexBuffer_PropertyListRepresentation.m */,
				457C02E4133D57A20001A967 /* CVertexBufferReference.h */,
				457C02E5133D57A20001A967 /* CVertexBufferReference.m */,
				457801791342B95600ACEEE4 /* CCamera.h */,
				4578017A1342B95600ACEEE4 /* CCamera.m */,
				4541931A134BA38700B36C36 /* CLazyTexture.h */,
				4541931B134BA38700B36C36 /* CLazyTexture.m */,
				457C02E6133D57A20001A967 /* iOS */,
				457C02EF133D57A20001A967 /* Matrix.h */,
				457C02F0133D57A20001A967 /* Matrix.m */,
				457C02F1133D57A20001A967 /* OpenGLIncludes.h */,
				457C02F2133D57A20001A967 /* OpenGLTypes.h */,
				457C02F3133D57A20001A967 /* OpenGLTypes.m */,
				457C02FD133D57A20001A967 /* Quaternion.h */,
				457C02FE133D57A20001A967 /* Quaternion.m */,
			);
			path = OpenGL;
			sourceTree = "<group>";
		};
		457C02C5133D57A20001A967 /* Common */ = {
			isa = PBXGroup;
			children = (
				457C02C6133D57A20001A967 /* Color_OpenGLExtensions.h */,
				457C02C7133D57A20001A967 /* Color_OpenGLExtensions.m */,
				457C02C8133D57A20001A967 /* Color_PropertyListRepresentation.h */,
				457C02C9133D57A20001A967 /* Color_PropertyListRepresentation.m */,
			);
			path = Common;
			sourceTree = "<group>";
		};
		457C02E6133D57A20001A967 /* iOS */ = {
			isa = PBXGroup;
			children = (
				457C02E9133D57A20001A967 /* CInteractiveRendererView.h */,
				457C02EA133D57A20001A967 /* CInteractiveRendererView.m */,
				457C02ED133D57A20001A967 /* CRendererView.h */,
				457C02EE133D57A20001A967 /* CRendererView.m */,
			);
			path = iOS;
			sourceTree = "<group>";
		};
		457C02FF133D57A20001A967 /* Shaders */ = {
			isa = PBXGroup;
			children = (
				457C0300133D57A20001A967 /* Flat.fsh */,
				457C0301133D57A20001A967 /* Flat.vsh */,
				457C0302133D57A20001A967 /* Flat2.fsh */,
				457C0303133D57A20001A967 /* Flat2.vsh */,
				457C0304133D57A20001A967 /* Lighting.fsh */,
				457C0305133D57A20001A967 /* Lighting.vsh */,
				457C0306133D57A20001A967 /* SimpleTexture.fsh */,
				457C0307133D57A20001A967 /* SimpleTexture.vsh */,
			);
			path = Shaders;
			sourceTree = "<group>";
		};
		457C0308133D57A20001A967 /* Support */ = {
			isa = PBXGroup;
			children = (
				457C0309133D57A20001A967 /* CPropertyListRepresentation.h */,
				457C030A133D57A20001A967 /* NSData_NumberExtensions.h */,
				457C030B133D57A20001A967 /* NSData_NumberExtensions.m */,
			);
			path = Support;
			sourceTree = "<group>";
		};
		457D9C8D133D23DB00F576A3 /* Unit Tests */ = {
			isa = PBXGroup;
			children = (
				457D9C94133D23DB00F576A3 /* Unit_Tests.h */,
				457D9C96133D23DB00F576A3 /* Unit_Tests.m */,
				457D9C8E133D23DB00F576A3 /* Supporting Files */,
			);
			path = "Unit Tests";
			sourceTree = "<group>";
		};
		457D9C8E133D23DB00F576A3 /* Supporting Files */ = {
			isa = PBXGroup;
			children = (
				457D9C8F133D23DB00F576A3 /* Unit Tests-Info.plist */,
				457D9C90133D23DB00F576A3 /* InfoPlist.strings */,
				457D9C93133D23DB00F576A3 /* Unit Tests-Prefix.pch */,
			);
			name = "Supporting Files";
			sourceTree = "<group>";
		};
		45F9EA2A13301D37005DF7A8 /* Samples */ = {
			isa = PBXGroup;
			children = (
			);
			path = Samples;
			sourceTree = SOURCE_ROOT;
		};
/* End PBXGroup section */

/* Begin PBXNativeTarget section */
		45781C53130AFE1E00B57285 /* ModelViewer */ = {
			isa = PBXNativeTarget;
			buildConfigurationList = 45781C75130AFE1E00B57285 /* Build configuration list for PBXNativeTarget "ModelViewer" */;
			buildPhases = (
				45781C50130AFE1E00B57285 /* Sources */,
				45781C51130AFE1E00B57285 /* Frameworks */,
				45781C52130AFE1E00B57285 /* Resources */,
			);
			buildRules = (
			);
			dependencies = (
			);
			name = ModelViewer;
			productName = SketchTest;
			productReference = 45781C54130AFE1E00B57285 /* ModelViewer.app */;
			productType = "com.apple.product-type.application";
		};
		457D9C88133D23DB00F576A3 /* Unit Tests */ = {
			isa = PBXNativeTarget;
			buildConfigurationList = 457D9C9A133D23DB00F576A3 /* Build configuration list for PBXNativeTarget "Unit Tests" */;
			buildPhases = (
				457D9C84133D23DB00F576A3 /* Sources */,
				457D9C85133D23DB00F576A3 /* Frameworks */,
				457D9C86133D23DB00F576A3 /* Resources */,
				457D9C87133D23DB00F576A3 /* ShellScript */,
			);
			buildRules = (
			);
			dependencies = (
			);
			name = "Unit Tests";
			productName = "Unit Tests";
			productReference = 457D9C89133D23DB00F576A3 /* Unit Tests.octest */;
			productType = "com.apple.product-type.bundle";
		};
/* End PBXNativeTarget section */

/* Begin PBXProject section */
		45781C4B130AFE1E00B57285 /* Project object */ = {
			isa = PBXProject;
			attributes = {
				ORGANIZATIONNAME = toxicsoftware.com;
			};
			buildConfigurationList = 45781C4E130AFE1E00B57285 /* Build configuration list for PBXProject "ModelViewer_iOS" */;
			compatibilityVersion = "Xcode 3.2";
			developmentRegion = English;
			hasScannedForEncodings = 0;
			knownRegions = (
				en,
			);
			mainGroup = 45781C49130AFE1E00B57285;
			productRefGroup = 45781C55130AFE1E00B57285 /* Products */;
			projectDirPath = "";
			projectRoot = "";
			targets = (
				45781C53130AFE1E00B57285 /* ModelViewer */,
				457D9C88133D23DB00F576A3 /* Unit Tests */,
			);
		};
/* End PBXProject section */

/* Begin PBXResourcesBuildPhase section */
		45781C52130AFE1E00B57285 /* Resources */ = {
			isa = PBXResourcesBuildPhase;
			buildActionMask = 2147483647;
			files = (
				457C0331133D57A20001A967 /* Flat.fsh in Resources */,
				457C0332133D57A20001A967 /* Flat.vsh in Resources */,
				457C0333133D57A20001A967 /* Flat2.fsh in Resources */,
				457C0334133D57A20001A967 /* Flat2.vsh in Resources */,
				457C0335133D57A20001A967 /* Lighting.fsh in Resources */,
				457C0336133D57A20001A967 /* Lighting.vsh in Resources */,
				457C0337133D57A20001A967 /* SimpleTexture.fsh in Resources */,
				457C0338133D57A20001A967 /* SimpleTexture.vsh in Resources */,
				4529966F130B8D6A009FD0A3 /* MainWindow.xib in Resources */,
				45610111134A69D0007ADE0E /* 04387091a8daeb5b1fa96cc14634f88f.vbo in Resources */,
				45610112134A69D0007ADE0E /* 18671bc5af4401d946a8722edd096cca.vbo in Resources */,
				45610113134A69D0007ADE0E /* 196e1dbe8fb7e81edada4f87bcf6d9e3.vbo in Resources */,
				45610114134A69D0007ADE0E /* 1b42cba67428bc208b04ab8903f2426a.vbo in Resources */,
				45610115134A69D0007ADE0E /* 1fd370d3df8d196fe977e986e1decfb1.vbo in Resources */,
				45610116134A69D0007ADE0E /* 21341b3286ded7fc03b89d35f49156b6.vbo in Resources */,
				45610117134A69D0007ADE0E /* 243fb45331a9a91bd73329bd11ad9e16.vbo in Resources */,
				45610118134A69D0007ADE0E /* 258eeda76682547ba5c6fc6404f1475e.vbo in Resources */,
				45610119134A69D0007ADE0E /* 2f2f0513607c75b98cfa217680c1536c.vbo in Resources */,
				4561011A134A69D0007ADE0E /* 32172d5483d4bb4782d397398e14545d.vbo in Resources */,
				4561011B134A69D0007ADE0E /* 3b1e08096d9fc76df572e7c44ded6994.vbo in Resources */,
				4561011C134A69D0007ADE0E /* 48bca8dec22e78d42bf21914103e398b.vbo in Resources */,
				4561011D134A69D0007ADE0E /* 501704de0b6a5e2a180eaca03a2f4148.vbo in Resources */,
				4561011E134A69D0007ADE0E /* 5523e942c7637db86fb4023923fdd23f.vbo in Resources */,
				4561011F134A69D0007ADE0E /* 599cc180e8ca79ed6ea939f26be3b570.vbo in Resources */,
				45610120134A69D0007ADE0E /* 5c6afafaf55afc2bfaed86cb0ba77ff7.vbo in Resources */,
				45610121134A69D0007ADE0E /* 615cf21b2414017439c26467e0f04098.vbo in Resources */,
				45610122134A69D0007ADE0E /* 62e45a4db4731c18be34b3004d089c7f.vbo in Resources */,
				45610123134A69D0007ADE0E /* 644000a9c8a3837af41defceb43b485d.vbo in Resources */,
				45610124134A69D0007ADE0E /* 69b1d5fd555345f3e37e98dfd59fc0c0.vbo in Resources */,
				45610125134A69D0007ADE0E /* 7559ca19ee22de71825b39a89f951d8c.vbo in Resources */,
				45610126134A69D0007ADE0E /* 794af5c3792ef67972b25e4986a99b9a.vbo in Resources */,
				45610127134A69D0007ADE0E /* 7b9057f25eb6aa557a51ae0debdb9476.vbo in Resources */,
				45610128134A69D0007ADE0E /* 7d1d39541697a5d7fc859e31d20e6978.vbo in Resources */,
				45610129134A69D0007ADE0E /* 8177e361d1376fba1a0879a9060ac9e6.vbo in Resources */,
				4561012A134A69D0007ADE0E /* 81f2540b896746bc46c6a80727041205.vbo in Resources */,
				4561012B134A69D0007ADE0E /* 86e2487be19c8c91f70aa8ceeaf6f8c8.vbo in Resources */,
				4561012C134A69D0007ADE0E /* 8b17e17926c53606018f383758621dde.vbo in Resources */,
				4561012D134A69D0007ADE0E /* 92be386f230c6d8ab5fd55f673c61aed.vbo in Resources */,
				4561012E134A69D0007ADE0E /* 99bbdaa22486fee90b59cf68cafcf527.vbo in Resources */,
				4561012F134A69D0007ADE0E /* 9f36522803a57688be3afd90de2dab95.vbo in Resources */,
				45610130134A69D0007ADE0E /* _Gray6_.jpg in Resources */,
				45610131134A69D0007ADE0E /* ad13de58f282776db98670a58e9b78e3.vbo in Resources */,
				45610132134A69D0007ADE0E /* afac4a594f37a3a654ad28674205e9c7.vbo in Resources */,
				45610133134A69D0007ADE0E /* be962e3e3c88881bab75ce2ab8f0849a.vbo in Resources */,
				45610134134A69D0007ADE0E /* Color_H10.jpg in Resources */,
				45610135134A69D0007ADE0E /* d27120eb84d46982330982ca8533e4ac.vbo in Resources */,
				45610136134A69D0007ADE0E /* e3e3eb53f3087b0c41a0788e03731d38.vbo in Resources */,
				45610137134A69D0007ADE0E /* e47802a82521c00a56800aba33a4ec23.vbo in Resources */,
				45610138134A69D0007ADE0E /* e9783140d1dd47b2a9fb5e619d0fe18c.vbo in Resources */,
				45610139134A69D0007ADE0E /* ea8dfe5b7b7e17ab493beed2a0887bd3.vbo in Resources */,
				4561013A134A69D0007ADE0E /* fcaffb580be9ce2ea89687caebad2f2d.vbo in Resources */,
				4561013B134A69D0007ADE0E /* Google_Earth_Snapshot1.jpg in Resources */,
				4561013C134A69D0007ADE0E /* Liberty.model.plist in Resources */,
				4561013D134A69D0007ADE0E /* M_94_20Statue_20of_20Liberty.jpg in Resources */,
				4561013E134A69D0007ADE0E /* M_94_20Statue_20of_20Liberty10_.jpg in Resources */,
				4561013F134A69D0007ADE0E /* M_94_20Statue_20of_20Liberty11_.jpg in Resources */,
				45610140134A69D0007ADE0E /* M_94_20Statue_20of_20Liberty12_.jpg in Resources */,
				45610141134A69D0007ADE0E /* M_94_20Statue_20of_20Liberty13_.jpg in Resources */,
				45610142134A69D0007ADE0E /* M_94_20Statue_20of_20Liberty14_.jpg in Resources */,
				45610143134A69D0007ADE0E /* M_94_20Statue_20of_20Liberty15_.jpg in Resources */,
				45610144134A69D0007ADE0E /* M_94_20Statue_20of_20Liberty16_.jpg in Resources */,
				45610145134A69D0007ADE0E /* M_94_20Statue_20of_20Liberty17_.jpg in Resources */,
				45610146134A69D0007ADE0E /* M_94_20Statue_20of_20Liberty18_.jpg in Resources */,
				45610147134A69D0007ADE0E /* M_94_20Statue_20of_20Liberty1_.jpg in Resources */,
				45610148134A69D0007ADE0E /* M_94_20Statue_20of_20Liberty2_.jpg in Resources */,
				45610149134A69D0007ADE0E /* M_94_20Statue_20of_20Liberty3_.jpg in Resources */,
				4561014A134A69D0007ADE0E /* M_94_20Statue_20of_20Liberty4_.jpg in Resources */,
				4561014B134A69D0007ADE0E /* M_94_20Statue_20of_20Liberty5_.jpg in Resources */,
				4561014C134A69D0007ADE0E /* M_94_20Statue_20of_20Liberty6_.jpg in Resources */,
				4561014D134A69D0007ADE0E /* M_94_20Statue_20of_20Liberty7_.jpg in Resources */,
				4561014E134A69D0007ADE0E /* M_94_20Statue_20of_20Liberty8_.jpg in Resources */,
				4561014F134A69D0007ADE0E /* M_94_20Statue_20of_20Liberty9_.jpg in Resources */,
				45610150134A69D0007ADE0E /* Material1.jpg in Resources */,
				45610151134A69D0007ADE0E /* Material2.jpg in Resources */,
				45610152134A69D0007ADE0E /* Statue_thumb.jpg in Resources */,
			);
			runOnlyForDeploymentPostprocessing = 0;
		};
		457D9C86133D23DB00F576A3 /* Resources */ = {
			isa = PBXResourcesBuildPhase;
			buildActionMask = 2147483647;
			files = (
				457D9C92133D23DB00F576A3 /* InfoPlist.strings in Resources */,
				457D9C95133D23DB00F576A3 /* Unit_Tests.h in Resources */,
			);
			runOnlyForDeploymentPostprocessing = 0;
		};
/* End PBXResourcesBuildPhase section */

/* Begin PBXShellScriptBuildPhase section */
		457D9C87133D23DB00F576A3 /* ShellScript */ = {
			isa = PBXShellScriptBuildPhase;
			buildActionMask = 2147483647;
			files = (
			);
			inputPaths = (
			);
			outputPaths = (
			);
			runOnlyForDeploymentPostprocessing = 0;
			shellPath = /bin/sh;
			shellScript = "# Run the unit tests in this test bundle.\n\"${SYSTEM_DEVELOPER_DIR}/Tools/RunUnitTests\"\n";
		};
/* End PBXShellScriptBuildPhase section */

/* Begin PBXSourcesBuildPhase section */
		45781C50130AFE1E00B57285 /* Sources */ = {
			isa = PBXSourcesBuildPhase;
			buildActionMask = 2147483647;
			files = (
				4529966C130B8D6A009FD0A3 /* CModelViewController.m in Sources */,
				4529966E130B8D6A009FD0A3 /* main.m in Sources */,
				457C030D133D57A20001A967 /* CGeometry.m in Sources */,
				457C030E133D57A20001A967 /* CMaterial.m in Sources */,
				457C030F133D57A20001A967 /* CMesh.m in Sources */,
				457C0310133D57A20001A967 /* CMeshLoader.m in Sources */,
				457C0311133D57A20001A967 /* COBJRenderer.m in Sources */,
				457C0312133D57A20001A967 /* CArcBall.m in Sources */,
				457C0313133D57A20001A967 /* CBlockRenderer.m in Sources */,
				457C0314133D57A20001A967 /* CFrameBuffer.m in Sources */,
				457C0315133D57A20001A967 /* CMutableVertexBuffer.m in Sources */,
				457C0316133D57A20001A967 /* Color_OpenGLExtensions.m in Sources */,
				457C0317133D57A20001A967 /* Color_PropertyListRepresentation.m in Sources */,
				457C0318133D57A20001A967 /* COpenGLAssetLibrary.m in Sources */,
				457C0319133D57A20001A967 /* CProgram.m in Sources */,
				457C031A133D57A20001A967 /* CRenderBuffer.m in Sources */,
				457C031B133D57A20001A967 /* CRenderer.m in Sources */,
				457C031C133D57A20001A967 /* CRenderer_Extensions.m in Sources */,
				457C031D133D57A20001A967 /* CShader.m in Sources */,
				457C031E133D57A20001A967 /* CTexture.m in Sources */,
				457C0321133D57A20001A967 /* CVertexArrayBuffer.m in Sources */,
				457C0322133D57A20001A967 /* CVertexBuffer.m in Sources */,
				457C0323133D57A20001A967 /* CVertexBuffer_FactoryExtensions.m in Sources */,
				457C0324133D57A20001A967 /* CVertexBuffer_PropertyListRepresentation.m in Sources */,
				457C0325133D57A20001A967 /* CVertexBufferReference.m in Sources */,
				457C0327133D57A20001A967 /* CInteractiveRendererView.m in Sources */,
				457C0329133D57A20001A967 /* CRendererView.m in Sources */,
				457C032A133D57A20001A967 /* Matrix.m in Sources */,
				457C032B133D57A20001A967 /* OpenGLTypes.m in Sources */,
				457C0330133D57A20001A967 /* Quaternion.m in Sources */,
				457C0339133D57A20001A967 /* NSData_NumberExtensions.m in Sources */,
				452C2C61134278AC0078B2BA /* CLight.m in Sources */,
				4578017B1342B95600ACEEE4 /* CCamera.m in Sources */,
				4541931C134BA38700B36C36 /* CLazyTexture.m in Sources */,
			);
			runOnlyForDeploymentPostprocessing = 0;
		};
		457D9C84133D23DB00F576A3 /* Sources */ = {
			isa = PBXSourcesBuildPhase;
			buildActionMask = 2147483647;
			files = (
				457D9C97133D23DB00F576A3 /* Unit_Tests.m in Sources */,
			);
			runOnlyForDeploymentPostprocessing = 0;
		};
/* End PBXSourcesBuildPhase section */

/* Begin PBXVariantGroup section */
		457D9C90133D23DB00F576A3 /* InfoPlist.strings */ = {
			isa = PBXVariantGroup;
			children = (
				457D9C91133D23DB00F576A3 /* en */,
			);
			name = InfoPlist.strings;
			sourceTree = "<group>";
		};
/* End PBXVariantGroup section */

/* Begin XCBuildConfiguration section */
		45781C73130AFE1E00B57285 /* Debug */ = {
			isa = XCBuildConfiguration;
			buildSettings = {
				ARCHS = "$(ARCHS_UNIVERSAL_IPHONE_OS)";
				"CODE_SIGN_IDENTITY[sdk=iphoneos*]" = "iPhone Developer";
				GCC_C_LANGUAGE_STANDARD = gnu99;
				GCC_OPTIMIZATION_LEVEL = 0;
				GCC_PREPROCESSOR_DEFINITIONS = DEBUG;
				GCC_VERSION = com.apple.compilers.llvmgcc42;
				GCC_WARN_ABOUT_RETURN_TYPE = YES;
				GCC_WARN_UNUSED_VARIABLE = YES;
				IPHONEOS_DEPLOYMENT_TARGET = 4.2;
				SDKROOT = iphoneos;
				TARGETED_DEVICE_FAMILY = 2;
			};
			name = Debug;
		};
		45781C74130AFE1E00B57285 /* Release */ = {
			isa = XCBuildConfiguration;
			buildSettings = {
				ARCHS = "$(ARCHS_UNIVERSAL_IPHONE_OS)";
				"CODE_SIGN_IDENTITY[sdk=iphoneos*]" = "iPhone Developer";
				GCC_C_LANGUAGE_STANDARD = gnu99;
				GCC_VERSION = com.apple.compilers.llvmgcc42;
				GCC_WARN_ABOUT_RETURN_TYPE = YES;
				GCC_WARN_UNUSED_VARIABLE = YES;
				IPHONEOS_DEPLOYMENT_TARGET = 4.2;
				OTHER_CFLAGS = "-DNS_BLOCK_ASSERTIONS=1";
				SDKROOT = iphoneos;
				TARGETED_DEVICE_FAMILY = 2;
			};
			name = Release;
		};
		45781C76130AFE1E00B57285 /* Debug */ = {
			isa = XCBuildConfiguration;
			buildSettings = {
				ALWAYS_SEARCH_USER_PATHS = NO;
				COPY_PHASE_STRIP = NO;
				GCC_DYNAMIC_NO_PIC = NO;
				GCC_PRECOMPILE_PREFIX_HEADER = YES;
				GCC_PREFIX_HEADER = Prefix.pch;
				GCC_VERSION = com.apple.compilers.llvm.clang.1_0;
				GCC_WARN_64_TO_32_BIT_CONVERSION = YES;
				GCC_WARN_ABOUT_MISSING_FIELD_INITIALIZERS = NO;
				GCC_WARN_ABOUT_MISSING_NEWLINE = YES;
				GCC_WARN_ABOUT_MISSING_PROTOTYPES = YES;
				GCC_WARN_INITIALIZER_NOT_FULLY_BRACKETED = NO;
				GCC_WARN_MULTIPLE_DEFINITION_TYPES_FOR_SELECTOR = NO;
				GCC_WARN_SIGN_COMPARE = YES;
				GCC_WARN_STRICT_SELECTOR_MATCH = YES;
				GCC_WARN_UNDECLARED_SELECTOR = YES;
				GCC_WARN_UNINITIALIZED_AUTOS = YES;
				GCC_WARN_UNUSED_FUNCTION = YES;
				GCC_WARN_UNUSED_LABEL = YES;
				GCC_WARN_UNUSED_PARAMETER = YES;
				INFOPLIST_FILE = Info.plist;
				INSTALL_PATH = "$(LOCAL_APPS_DIR)";
				OTHER_CFLAGS = "-DDEBUG=1";
				PRODUCT_NAME = "$(TARGET_NAME)";
				RUN_CLANG_STATIC_ANALYZER = YES;
				WRAPPER_EXTENSION = app;
			};
			name = Debug;
		};
		45781C77130AFE1E00B57285 /* Release */ = {
			isa = XCBuildConfiguration;
			buildSettings = {
				ALWAYS_SEARCH_USER_PATHS = NO;
				COPY_PHASE_STRIP = YES;
				GCC_PRECOMPILE_PREFIX_HEADER = YES;
				GCC_PREFIX_HEADER = Prefix.pch;
				GCC_VERSION = com.apple.compilers.llvm.clang.1_0;
				GCC_WARN_64_TO_32_BIT_CONVERSION = YES;
				GCC_WARN_ABOUT_MISSING_FIELD_INITIALIZERS = NO;
				GCC_WARN_ABOUT_MISSING_NEWLINE = YES;
				GCC_WARN_ABOUT_MISSING_PROTOTYPES = YES;
				GCC_WARN_INITIALIZER_NOT_FULLY_BRACKETED = NO;
				GCC_WARN_MULTIPLE_DEFINITION_TYPES_FOR_SELECTOR = NO;
				GCC_WARN_SIGN_COMPARE = YES;
				GCC_WARN_STRICT_SELECTOR_MATCH = YES;
				GCC_WARN_UNDECLARED_SELECTOR = YES;
				GCC_WARN_UNINITIALIZED_AUTOS = YES;
				GCC_WARN_UNUSED_FUNCTION = YES;
				GCC_WARN_UNUSED_LABEL = YES;
				GCC_WARN_UNUSED_PARAMETER = YES;
				INFOPLIST_FILE = Info.plist;
				INSTALL_PATH = "$(LOCAL_APPS_DIR)";
				PRODUCT_NAME = "$(TARGET_NAME)";
				RUN_CLANG_STATIC_ANALYZER = YES;
				VALIDATE_PRODUCT = YES;
				WRAPPER_EXTENSION = app;
			};
			name = Release;
		};
		457D9C98133D23DB00F576A3 /* Debug */ = {
			isa = XCBuildConfiguration;
			buildSettings = {
				ALWAYS_SEARCH_USER_PATHS = NO;
				ARCHS = "$(ARCHS_STANDARD_32_BIT)";
				FRAMEWORK_SEARCH_PATHS = (
					"$(SDKROOT)/Developer/Library/Frameworks",
					"$(DEVELOPER_LIBRARY_DIR)/Frameworks",
				);
				GCC_PRECOMPILE_PREFIX_HEADER = YES;
				GCC_PREFIX_HEADER = "Unit Tests/Unit Tests-Prefix.pch";
				GCC_SYMBOLS_PRIVATE_EXTERN = NO;
				INFOPLIST_FILE = "Unit Tests/Unit Tests-Info.plist";
				IPHONEOS_DEPLOYMENT_TARGET = 4.3;
				OTHER_LDFLAGS = (
					"-framework",
					SenTestingKit,
				);
				PRODUCT_NAME = "$(TARGET_NAME)";
				WRAPPER_EXTENSION = octest;
			};
			name = Debug;
		};
		457D9C99133D23DB00F576A3 /* Release */ = {
			isa = XCBuildConfiguration;
			buildSettings = {
				ALWAYS_SEARCH_USER_PATHS = NO;
				ARCHS = "$(ARCHS_STANDARD_32_BIT)";
				FRAMEWORK_SEARCH_PATHS = (
					"$(SDKROOT)/Developer/Library/Frameworks",
					"$(DEVELOPER_LIBRARY_DIR)/Frameworks",
				);
				GCC_PRECOMPILE_PREFIX_HEADER = YES;
				GCC_PREFIX_HEADER = "Unit Tests/Unit Tests-Prefix.pch";
				INFOPLIST_FILE = "Unit Tests/Unit Tests-Info.plist";
				IPHONEOS_DEPLOYMENT_TARGET = 4.3;
				OTHER_LDFLAGS = (
					"-framework",
					SenTestingKit,
				);
				PRODUCT_NAME = "$(TARGET_NAME)";
				WRAPPER_EXTENSION = octest;
			};
			name = Release;
		};
/* End XCBuildConfiguration section */

/* Begin XCConfigurationList section */
		45781C4E130AFE1E00B57285 /* Build configuration list for PBXProject "ModelViewer_iOS" */ = {
			isa = XCConfigurationList;
			buildConfigurations = (
				45781C73130AFE1E00B57285 /* Debug */,
				45781C74130AFE1E00B57285 /* Release */,
			);
			defaultConfigurationIsVisible = 0;
			defaultConfigurationName = Release;
		};
		45781C75130AFE1E00B57285 /* Build configuration list for PBXNativeTarget "ModelViewer" */ = {
			isa = XCConfigurationList;
			buildConfigurations = (
				45781C76130AFE1E00B57285 /* Debug */,
				45781C77130AFE1E00B57285 /* Release */,
			);
			defaultConfigurationIsVisible = 0;
			defaultConfigurationName = Release;
		};
		457D9C9A133D23DB00F576A3 /* Build configuration list for PBXNativeTarget "Unit Tests" */ = {
			isa = XCConfigurationList;
			buildConfigurations = (
				457D9C98133D23DB00F576A3 /* Debug */,
				457D9C99133D23DB00F576A3 /* Release */,
			);
			defaultConfigurationIsVisible = 0;
			defaultConfigurationName = Release;
		};
/* End XCConfigurationList section */
	};
	rootObject = 45781C4B130AFE1E00B57285 /* Project object */;
}
