// !$*UTF8*$!
{
	archiveVersion = 1;
	classes = {
	};
	objectVersion = 46;
	objects = {

/* Begin PBXBuildFile section */
		4527174A130B202F00529A0C /* OpenGLES.framework in Frameworks */ = {isa = PBXBuildFile; fileRef = 45271749130B202F00529A0C /* OpenGLES.framework */; };
		4527174C130B203700529A0C /* QuartzCore.framework in Frameworks */ = {isa = PBXBuildFile; fileRef = 4527174B130B203700529A0C /* QuartzCore.framework */; };
		4527175F130B27D700529A0C /* Brick.png in Resources */ = {isa = PBXBuildFile; fileRef = 4527175B130B27D600529A0C /* Brick.png */; };
		4529966C130B8D6A009FD0A3 /* CModelViewController.m in Sources */ = {isa = PBXBuildFile; fileRef = 45299664130B8D6A009FD0A3 /* CModelViewController.m */; };
		4529966E130B8D6A009FD0A3 /* main.m in Sources */ = {isa = PBXBuildFile; fileRef = 45299666130B8D6A009FD0A3 /* main.m */; };
		4529966F130B8D6A009FD0A3 /* MainWindow.xib in Resources */ = {isa = PBXBuildFile; fileRef = 45299667130B8D6A009FD0A3 /* MainWindow.xib */; };
		4537C19D1332985900DE1A0A /* CMesh.m in Sources */ = {isa = PBXBuildFile; fileRef = 4537C19C1332985900DE1A0A /* CMesh.m */; };
		4537C1A0133298C100DE1A0A /* CMeshLoader.m in Sources */ = {isa = PBXBuildFile; fileRef = 4537C19F133298C000DE1A0A /* CMeshLoader.m */; };
		4537C2171332B6A900DE1A0A /* SimpleTexture.fsh in Resources */ = {isa = PBXBuildFile; fileRef = 4537C2151332B6A900DE1A0A /* SimpleTexture.fsh */; };
		4537C2181332B6A900DE1A0A /* SimpleTexture.vsh in Resources */ = {isa = PBXBuildFile; fileRef = 4537C2161332B6A900DE1A0A /* SimpleTexture.vsh */; };
		4537C2371332CCA900DE1A0A /* 0628d4305ef71de954ca2884014ef582.vbo in Resources */ = {isa = PBXBuildFile; fileRef = 4537C22D1332CCA900DE1A0A /* 0628d4305ef71de954ca2884014ef582.vbo */; };
		4537C2381332CCA900DE1A0A /* 36d303c4c2bcf0f28d45bf2b059db91b.vbo in Resources */ = {isa = PBXBuildFile; fileRef = 4537C22E1332CCA900DE1A0A /* 36d303c4c2bcf0f28d45bf2b059db91b.vbo */; };
		4537C2391332CCA900DE1A0A /* 4c60901c22e234db775ff48e63094985.vbo in Resources */ = {isa = PBXBuildFile; fileRef = 4537C22F1332CCA900DE1A0A /* 4c60901c22e234db775ff48e63094985.vbo */; };
		4537C23A1332CCA900DE1A0A /* 6b47ea2cc9b68d9a102d760f37e895ef.vbo in Resources */ = {isa = PBXBuildFile; fileRef = 4537C2301332CCA900DE1A0A /* 6b47ea2cc9b68d9a102d760f37e895ef.vbo */; };
		4537C23B1332CCA900DE1A0A /* 87465a31d831d5f719e4175a136988c3.vbo in Resources */ = {isa = PBXBuildFile; fileRef = 4537C2311332CCA900DE1A0A /* 87465a31d831d5f719e4175a136988c3.vbo */; };
		4537C23C1332CCA900DE1A0A /* ba6e65e0d0a864d3fff6688dad9f8c10.vbo in Resources */ = {isa = PBXBuildFile; fileRef = 4537C2321332CCA900DE1A0A /* ba6e65e0d0a864d3fff6688dad9f8c10.vbo */; };
		4537C23D1332CCA900DE1A0A /* d8823661598803804bc5cec69a468cda.vbo in Resources */ = {isa = PBXBuildFile; fileRef = 4537C2331332CCA900DE1A0A /* d8823661598803804bc5cec69a468cda.vbo */; };
		4537C23E1332CCA900DE1A0A /* eb55d9a8d75a67d5db2ca0b365a2e51b.vbo in Resources */ = {isa = PBXBuildFile; fileRef = 4537C2341332CCA900DE1A0A /* eb55d9a8d75a67d5db2ca0b365a2e51b.vbo */; };
		4537C23F1332CCA900DE1A0A /* f463fb69546ffaf9a1180ec879a06e52.vbo in Resources */ = {isa = PBXBuildFile; fileRef = 4537C2351332CCA900DE1A0A /* f463fb69546ffaf9a1180ec879a06e52.vbo */; };
		4537C2401332CCA900DE1A0A /* TIE_INTERCEPTOR.plist in Resources */ = {isa = PBXBuildFile; fileRef = 4537C2361332CCA900DE1A0A /* TIE_INTERCEPTOR.plist */; };
		4537C2431332CCE100DE1A0A /* CMaterial.m in Sources */ = {isa = PBXBuildFile; fileRef = 4537C2421332CCDD00DE1A0A /* CMaterial.m */; };
		4537C2451332CF3E00DE1A0A /* _Gainsboro_.jpg in Resources */ = {isa = PBXBuildFile; fileRef = 4537C2441332CF3E00DE1A0A /* _Gainsboro_.jpg */; };
		453FBD9A13331C4F00381AB6 /* 831d02874faef2b89f1083bd5380f240.vbo in Resources */ = {isa = PBXBuildFile; fileRef = 453FBD9813331C4F00381AB6 /* 831d02874faef2b89f1083bd5380f240.vbo */; };
		453FBD9B13331C4F00381AB6 /* utah_teapot_hires.plist in Resources */ = {isa = PBXBuildFile; fileRef = 453FBD9913331C4F00381AB6 /* utah_teapot_hires.plist */; };
		45434BAB1328142700A353EC /* CScene.m in Sources */ = {isa = PBXBuildFile; fileRef = 45434B9E1328142700A353EC /* CScene.m */; };
		45434BAC1328142700A353EC /* CSceneGeometry.m in Sources */ = {isa = PBXBuildFile; fileRef = 45434BA01328142700A353EC /* CSceneGeometry.m */; };
		45434BAD1328142700A353EC /* CSceneGeometry_ConvenienceExtensions.m in Sources */ = {isa = PBXBuildFile; fileRef = 45434BA21328142700A353EC /* CSceneGeometry_ConvenienceExtensions.m */; };
		45434BAE1328142700A353EC /* CSceneGeometryBrush.m in Sources */ = {isa = PBXBuildFile; fileRef = 45434BA41328142700A353EC /* CSceneGeometryBrush.m */; };
		45434BAF1328142700A353EC /* CSceneGraphRenderer.m in Sources */ = {isa = PBXBuildFile; fileRef = 45434BA61328142700A353EC /* CSceneGraphRenderer.m */; };
		45434BB01328142700A353EC /* CSceneNode.m in Sources */ = {isa = PBXBuildFile; fileRef = 45434BA81328142700A353EC /* CSceneNode.m */; };
		45434BB11328142700A353EC /* CSceneStyle.m in Sources */ = {isa = PBXBuildFile; fileRef = 45434BAA1328142700A353EC /* CSceneStyle.m */; };
		45434BBD13281C1A00A353EC /* CModelLoader.m in Sources */ = {isa = PBXBuildFile; fileRef = 45434BBC13281C1A00A353EC /* CModelLoader.m */; };
		45781C59130AFE1E00B57285 /* UIKit.framework in Frameworks */ = {isa = PBXBuildFile; fileRef = 45781C58130AFE1E00B57285 /* UIKit.framework */; };
		45781C5B130AFE1E00B57285 /* Foundation.framework in Frameworks */ = {isa = PBXBuildFile; fileRef = 45781C5A130AFE1E00B57285 /* Foundation.framework */; };
		45781C5D130AFE1E00B57285 /* CoreGraphics.framework in Frameworks */ = {isa = PBXBuildFile; fileRef = 45781C5C130AFE1E00B57285 /* CoreGraphics.framework */; };
		457DA865132ED6F400D321F8 /* CLibrary.m in Sources */ = {isa = PBXBuildFile; fileRef = 457DA864132ED6F400D321F8 /* CLibrary.m */; };
		4592084213280E2400B561F4 /* CBlockRenderer.m in Sources */ = {isa = PBXBuildFile; fileRef = 459207F713280E2400B561F4 /* CBlockRenderer.m */; };
		4592084313280E2400B561F4 /* CFrameBuffer.m in Sources */ = {isa = PBXBuildFile; fileRef = 459207F913280E2400B561F4 /* CFrameBuffer.m */; };
		4592084413280E2400B561F4 /* CMutableVertexBuffer.m in Sources */ = {isa = PBXBuildFile; fileRef = 459207FB13280E2400B561F4 /* CMutableVertexBuffer.m */; };
		4592084513280E2400B561F4 /* CProgram.m in Sources */ = {isa = PBXBuildFile; fileRef = 459207FD13280E2400B561F4 /* CProgram.m */; };
		4592084613280E2400B561F4 /* CProgram_ConvenienceExtensions.m in Sources */ = {isa = PBXBuildFile; fileRef = 459207FF13280E2400B561F4 /* CProgram_ConvenienceExtensions.m */; };
		4592084713280E2400B561F4 /* CRenderBuffer.m in Sources */ = {isa = PBXBuildFile; fileRef = 4592080113280E2400B561F4 /* CRenderBuffer.m */; };
		4592084813280E2400B561F4 /* CRenderer.m in Sources */ = {isa = PBXBuildFile; fileRef = 4592080313280E2400B561F4 /* CRenderer.m */; };
		4592084913280E2400B561F4 /* CShader.m in Sources */ = {isa = PBXBuildFile; fileRef = 4592080513280E2400B561F4 /* CShader.m */; };
		4592084A13280E2400B561F4 /* CTexture.m in Sources */ = {isa = PBXBuildFile; fileRef = 4592080713280E2400B561F4 /* CTexture.m */; };
		4592084B13280E2400B561F4 /* CTexture_TilingExtension.m in Sources */ = {isa = PBXBuildFile; fileRef = 4592080913280E2400B561F4 /* CTexture_TilingExtension.m */; };
		4592084C13280E2400B561F4 /* CTextureLoader.m in Sources */ = {isa = PBXBuildFile; fileRef = 4592080B13280E2400B561F4 /* CTextureLoader.m */; };
		4592084D13280E2400B561F4 /* CVertexBuffer.m in Sources */ = {isa = PBXBuildFile; fileRef = 4592080D13280E2400B561F4 /* CVertexBuffer.m */; };
		4592084E13280E2400B561F4 /* CVertexBuffer_FactoryExtensions.m in Sources */ = {isa = PBXBuildFile; fileRef = 4592080F13280E2400B561F4 /* CVertexBuffer_FactoryExtensions.m */; };
		4592084F13280E2400B561F4 /* CVertexBufferReference.m in Sources */ = {isa = PBXBuildFile; fileRef = 4592081113280E2400B561F4 /* CVertexBufferReference.m */; };
		4592085013280E2400B561F4 /* CImageTextureLoader.m in Sources */ = {isa = PBXBuildFile; fileRef = 4592081413280E2400B561F4 /* CImageTextureLoader.m */; };
		4592085113280E2400B561F4 /* CPVRTextureLoader.m in Sources */ = {isa = PBXBuildFile; fileRef = 4592081613280E2400B561F4 /* CPVRTextureLoader.m */; };
		4592085213280E2400B561F4 /* CRendererView.m in Sources */ = {isa = PBXBuildFile; fileRef = 4592081813280E2400B561F4 /* CRendererView.m */; };
		4592085313280E2400B561F4 /* UIColor_OpenGLExtensions.m in Sources */ = {isa = PBXBuildFile; fileRef = 4592081A13280E2400B561F4 /* UIColor_OpenGLExtensions.m */; };
		4592085413280E2400B561F4 /* OpenGLTypes.m in Sources */ = {isa = PBXBuildFile; fileRef = 4592081D13280E2400B561F4 /* OpenGLTypes.m */; };
		4592086213280E2400B561F4 /* Flat.fsh in Resources */ = {isa = PBXBuildFile; fileRef = 4592083913280E2400B561F4 /* Flat.fsh */; };
		4592086313280E2400B561F4 /* Flat.vsh in Resources */ = {isa = PBXBuildFile; fileRef = 4592083A13280E2400B561F4 /* Flat.vsh */; };
		459CFBA61332E48800B16315 /* CoreMotion.framework in Frameworks */ = {isa = PBXBuildFile; fileRef = 459CFBA51332E48800B16315 /* CoreMotion.framework */; };
		459CFBAA1332E79000B16315 /* CRenderer_Extensions.m in Sources */ = {isa = PBXBuildFile; fileRef = 459CFBA91332E78F00B16315 /* CRenderer_Extensions.m */; };
		459CFBAD1332E9AB00B16315 /* Flat2.fsh in Resources */ = {isa = PBXBuildFile; fileRef = 459CFBAB1332E9AB00B16315 /* Flat2.fsh */; };
		459CFBAE1332E9AB00B16315 /* Flat2.vsh in Resources */ = {isa = PBXBuildFile; fileRef = 459CFBAC1332E9AB00B16315 /* Flat2.vsh */; };
		45BF339813285FF80096D2D4 /* CInteractiveRendererView.m in Sources */ = {isa = PBXBuildFile; fileRef = 45BF339713285FF80096D2D4 /* CInteractiveRendererView.m */; };
		45BF339F1328661C0096D2D4 /* CArcBall.m in Sources */ = {isa = PBXBuildFile; fileRef = 45BF339E132866190096D2D4 /* CArcBall.m */; };
		45BFEA60132957DB00B6C3D8 /* Quaternion.m in Sources */ = {isa = PBXBuildFile; fileRef = 45BFEA5F132957DB00B6C3D8 /* Quaternion.m */; };
		45BFEA64132965ED00B6C3D8 /* Matrix.m in Sources */ = {isa = PBXBuildFile; fileRef = 45BFEA63132965ED00B6C3D8 /* Matrix.m */; };
		45E1712213318E2000ECA02A /* COBJRenderer.m in Sources */ = {isa = PBXBuildFile; fileRef = 45E1712113318E2000ECA02A /* COBJRenderer.m */; };
		45E9B15A13332764000212E8 /* AccelerometerFilter.m in Sources */ = {isa = PBXBuildFile; fileRef = 45E9B15913332764000212E8 /* AccelerometerFilter.m */; };
		45F259A81333308C0017E74D /* 0b703a902d943cd5aee65566450fb678.vbo in Resources */ = {isa = PBXBuildFile; fileRef = 45F259741333308C0017E74D /* 0b703a902d943cd5aee65566450fb678.vbo */; };
		45F259A91333308C0017E74D /* 2c03150febf6b8fc88d1b70ded473087.vbo in Resources */ = {isa = PBXBuildFile; fileRef = 45F259751333308C0017E74D /* 2c03150febf6b8fc88d1b70ded473087.vbo */; };
		45F259AA1333308C0017E74D /* 3022a385f4e1ef00290c07af8e524bd3.vbo in Resources */ = {isa = PBXBuildFile; fileRef = 45F259761333308C0017E74D /* 3022a385f4e1ef00290c07af8e524bd3.vbo */; };
		45F259AB1333308C0017E74D /* 321432037272557a70afebf938de1297.vbo in Resources */ = {isa = PBXBuildFile; fileRef = 45F259771333308C0017E74D /* 321432037272557a70afebf938de1297.vbo */; };
		45F259AC1333308C0017E74D /* 3b128e3091c4e86e2719e6290bee6f47.vbo in Resources */ = {isa = PBXBuildFile; fileRef = 45F259781333308C0017E74D /* 3b128e3091c4e86e2719e6290bee6f47.vbo */; };
		45F259AD1333308C0017E74D /* 410c444206893916f495cfe4778984b6.vbo in Resources */ = {isa = PBXBuildFile; fileRef = 45F259791333308C0017E74D /* 410c444206893916f495cfe4778984b6.vbo */; };
		45F259AE1333308C0017E74D /* 4990d76102d119b34860044d84d2a04c.vbo in Resources */ = {isa = PBXBuildFile; fileRef = 45F2597A1333308C0017E74D /* 4990d76102d119b34860044d84d2a04c.vbo */; };
		45F259AF1333308C0017E74D /* 4b99fde1dfb1c28d59d758bd4d0bd004.vbo in Resources */ = {isa = PBXBuildFile; fileRef = 45F2597B1333308C0017E74D /* 4b99fde1dfb1c28d59d758bd4d0bd004.vbo */; };
		45F259B01333308C0017E74D /* 4f4f44e130a2d3f7f2d60ccdcbaad9c1.vbo in Resources */ = {isa = PBXBuildFile; fileRef = 45F2597C1333308C0017E74D /* 4f4f44e130a2d3f7f2d60ccdcbaad9c1.vbo */; };
		45F259B11333308C0017E74D /* 4f9d4dd55dab3310020ccb6c412a46a8.vbo in Resources */ = {isa = PBXBuildFile; fileRef = 45F2597D1333308C0017E74D /* 4f9d4dd55dab3310020ccb6c412a46a8.vbo */; };
		45F259B21333308C0017E74D /* 54e609133d61f596977e7dfcd072de52.vbo in Resources */ = {isa = PBXBuildFile; fileRef = 45F2597E1333308C0017E74D /* 54e609133d61f596977e7dfcd072de52.vbo */; };
		45F259B31333308C0017E74D /* 6c541d34e7cde14a71544a0b408ae75d.vbo in Resources */ = {isa = PBXBuildFile; fileRef = 45F2597F1333308C0017E74D /* 6c541d34e7cde14a71544a0b408ae75d.vbo */; };
		45F259B41333308C0017E74D /* 6ce48efb5b9ce104af8b1d7c8a25d3d0.vbo in Resources */ = {isa = PBXBuildFile; fileRef = 45F259801333308C0017E74D /* 6ce48efb5b9ce104af8b1d7c8a25d3d0.vbo */; };
		45F259B51333308C0017E74D /* 7c054eede78ea950ae9bf846e3c7b1fd.vbo in Resources */ = {isa = PBXBuildFile; fileRef = 45F259811333308C0017E74D /* 7c054eede78ea950ae9bf846e3c7b1fd.vbo */; };
		45F259B61333308C0017E74D /* 7d697e76d39a847c93e3c97912f44f10.vbo in Resources */ = {isa = PBXBuildFile; fileRef = 45F259821333308C0017E74D /* 7d697e76d39a847c93e3c97912f44f10.vbo */; };
		45F259B71333308C0017E74D /* 967792ae21815e3f16b9f483a061e471.vbo in Resources */ = {isa = PBXBuildFile; fileRef = 45F259831333308C0017E74D /* 967792ae21815e3f16b9f483a061e471.vbo */; };
		45F259B81333308C0017E74D /* 9c39c2f632fe9f13830925ec213a1121.vbo in Resources */ = {isa = PBXBuildFile; fileRef = 45F259841333308C0017E74D /* 9c39c2f632fe9f13830925ec213a1121.vbo */; };
		45F259B91333308C0017E74D /* _Gray6_.jpg in Resources */ = {isa = PBXBuildFile; fileRef = 45F259851333308C0017E74D /* _Gray6_.jpg */; };
		45F259BA1333308C0017E74D /* a5626a2863d2d718e1c2de43615a1bea.vbo in Resources */ = {isa = PBXBuildFile; fileRef = 45F259861333308C0017E74D /* a5626a2863d2d718e1c2de43615a1bea.vbo */; };
		45F259BB1333308C0017E74D /* ab7356152912de87c8a7e4632a5a4900.vbo in Resources */ = {isa = PBXBuildFile; fileRef = 45F259871333308C0017E74D /* ab7356152912de87c8a7e4632a5a4900.vbo */; };
		45F259BC1333308C0017E74D /* bc679230baae5bdad42eaa116485799d.vbo in Resources */ = {isa = PBXBuildFile; fileRef = 45F259881333308C0017E74D /* bc679230baae5bdad42eaa116485799d.vbo */; };
		45F259BD1333308C0017E74D /* cc40fd24f70b340f76d2344edb4c08e1.vbo in Resources */ = {isa = PBXBuildFile; fileRef = 45F259891333308C0017E74D /* cc40fd24f70b340f76d2344edb4c08e1.vbo */; };
		45F259BE1333308C0017E74D /* Color_H10.jpg in Resources */ = {isa = PBXBuildFile; fileRef = 45F2598A1333308C0017E74D /* Color_H10.jpg */; };
		45F259BF1333308C0017E74D /* d11a07416dde56258aed702c6687b7ff.vbo in Resources */ = {isa = PBXBuildFile; fileRef = 45F2598B1333308C0017E74D /* d11a07416dde56258aed702c6687b7ff.vbo */; };
		45F259C01333308C0017E74D /* da164641e241b67770837a2159c13682.vbo in Resources */ = {isa = PBXBuildFile; fileRef = 45F2598C1333308C0017E74D /* da164641e241b67770837a2159c13682.vbo */; };
		45F259C11333308C0017E74D /* e3fa462dd947180e9913f558bfec9ac1.vbo in Resources */ = {isa = PBXBuildFile; fileRef = 45F2598D1333308C0017E74D /* e3fa462dd947180e9913f558bfec9ac1.vbo */; };
		45F259C21333308C0017E74D /* ec8079f1bca8bc9508fff4c3c4be5ee3.vbo in Resources */ = {isa = PBXBuildFile; fileRef = 45F2598E1333308C0017E74D /* ec8079f1bca8bc9508fff4c3c4be5ee3.vbo */; };
		45F259C31333308C0017E74D /* f838827f388cd792184e98cafc205f11.vbo in Resources */ = {isa = PBXBuildFile; fileRef = 45F2598F1333308C0017E74D /* f838827f388cd792184e98cafc205f11.vbo */; };
		45F259C41333308C0017E74D /* Google_Earth_Snapshot1.jpg in Resources */ = {isa = PBXBuildFile; fileRef = 45F259901333308C0017E74D /* Google_Earth_Snapshot1.jpg */; };
		45F259C51333308C0017E74D /* Liberty.plist in Resources */ = {isa = PBXBuildFile; fileRef = 45F259911333308C0017E74D /* Liberty.plist */; };
		45F259C61333308C0017E74D /* M_94_20Statue_20of_20Liberty.jpg in Resources */ = {isa = PBXBuildFile; fileRef = 45F259921333308C0017E74D /* M_94_20Statue_20of_20Liberty.jpg */; };
		45F259C71333308C0017E74D /* M_94_20Statue_20of_20Liberty10_.jpg in Resources */ = {isa = PBXBuildFile; fileRef = 45F259931333308C0017E74D /* M_94_20Statue_20of_20Liberty10_.jpg */; };
		45F259C81333308C0017E74D /* M_94_20Statue_20of_20Liberty11_.jpg in Resources */ = {isa = PBXBuildFile; fileRef = 45F259941333308C0017E74D /* M_94_20Statue_20of_20Liberty11_.jpg */; };
		45F259C91333308C0017E74D /* M_94_20Statue_20of_20Liberty12_.jpg in Resources */ = {isa = PBXBuildFile; fileRef = 45F259951333308C0017E74D /* M_94_20Statue_20of_20Liberty12_.jpg */; };
		45F259CA1333308C0017E74D /* M_94_20Statue_20of_20Liberty13_.jpg in Resources */ = {isa = PBXBuildFile; fileRef = 45F259961333308C0017E74D /* M_94_20Statue_20of_20Liberty13_.jpg */; };
		45F259CB1333308C0017E74D /* M_94_20Statue_20of_20Liberty14_.jpg in Resources */ = {isa = PBXBuildFile; fileRef = 45F259971333308C0017E74D /* M_94_20Statue_20of_20Liberty14_.jpg */; };
		45F259CC1333308C0017E74D /* M_94_20Statue_20of_20Liberty15_.jpg in Resources */ = {isa = PBXBuildFile; fileRef = 45F259981333308C0017E74D /* M_94_20Statue_20of_20Liberty15_.jpg */; };
		45F259CD1333308C0017E74D /* M_94_20Statue_20of_20Liberty16_.jpg in Resources */ = {isa = PBXBuildFile; fileRef = 45F259991333308C0017E74D /* M_94_20Statue_20of_20Liberty16_.jpg */; };
		45F259CE1333308C0017E74D /* M_94_20Statue_20of_20Liberty17_.jpg in Resources */ = {isa = PBXBuildFile; fileRef = 45F2599A1333308C0017E74D /* M_94_20Statue_20of_20Liberty17_.jpg */; };
		45F259CF1333308C0017E74D /* M_94_20Statue_20of_20Liberty18_.jpg in Resources */ = {isa = PBXBuildFile; fileRef = 45F2599B1333308C0017E74D /* M_94_20Statue_20of_20Liberty18_.jpg */; };
		45F259D01333308C0017E74D /* M_94_20Statue_20of_20Liberty1_.jpg in Resources */ = {isa = PBXBuildFile; fileRef = 45F2599C1333308C0017E74D /* M_94_20Statue_20of_20Liberty1_.jpg */; };
		45F259D11333308C0017E74D /* M_94_20Statue_20of_20Liberty2_.jpg in Resources */ = {isa = PBXBuildFile; fileRef = 45F2599D1333308C0017E74D /* M_94_20Statue_20of_20Liberty2_.jpg */; };
		45F259D21333308C0017E74D /* M_94_20Statue_20of_20Liberty3_.jpg in Resources */ = {isa = PBXBuildFile; fileRef = 45F2599E1333308C0017E74D /* M_94_20Statue_20of_20Liberty3_.jpg */; };
		45F259D31333308C0017E74D /* M_94_20Statue_20of_20Liberty4_.jpg in Resources */ = {isa = PBXBuildFile; fileRef = 45F2599F1333308C0017E74D /* M_94_20Statue_20of_20Liberty4_.jpg */; };
		45F259D41333308C0017E74D /* M_94_20Statue_20of_20Liberty5_.jpg in Resources */ = {isa = PBXBuildFile; fileRef = 45F259A01333308C0017E74D /* M_94_20Statue_20of_20Liberty5_.jpg */; };
		45F259D51333308C0017E74D /* M_94_20Statue_20of_20Liberty6_.jpg in Resources */ = {isa = PBXBuildFile; fileRef = 45F259A11333308C0017E74D /* M_94_20Statue_20of_20Liberty6_.jpg */; };
		45F259D61333308C0017E74D /* M_94_20Statue_20of_20Liberty7_.jpg in Resources */ = {isa = PBXBuildFile; fileRef = 45F259A21333308C0017E74D /* M_94_20Statue_20of_20Liberty7_.jpg */; };
		45F259D71333308C0017E74D /* M_94_20Statue_20of_20Liberty8_.jpg in Resources */ = {isa = PBXBuildFile; fileRef = 45F259A31333308C0017E74D /* M_94_20Statue_20of_20Liberty8_.jpg */; };
		45F259D81333308C0017E74D /* M_94_20Statue_20of_20Liberty9_.jpg in Resources */ = {isa = PBXBuildFile; fileRef = 45F259A41333308C0017E74D /* M_94_20Statue_20of_20Liberty9_.jpg */; };
		45F259D91333308C0017E74D /* Material1.jpg in Resources */ = {isa = PBXBuildFile; fileRef = 45F259A51333308C0017E74D /* Material1.jpg */; };
		45F259DA1333308C0017E74D /* Material2.jpg in Resources */ = {isa = PBXBuildFile; fileRef = 45F259A61333308C0017E74D /* Material2.jpg */; };
		45F259DB1333308C0017E74D /* Statue_thumb.jpg in Resources */ = {isa = PBXBuildFile; fileRef = 45F259A71333308C0017E74D /* Statue_thumb.jpg */; };
		45F9EE5313301D8B005DF7A8 /* CTestRenderer.m in Sources */ = {isa = PBXBuildFile; fileRef = 45F9EE5013301D8B005DF7A8 /* CTestRenderer.m */; };
		45F9EE5413301D8B005DF7A8 /* CTestSceneRenderer.m in Sources */ = {isa = PBXBuildFile; fileRef = 45F9EE5213301D8B005DF7A8 /* CTestSceneRenderer.m */; };
/* End PBXBuildFile section */

/* Begin PBXFileReference section */
		45271749130B202F00529A0C /* OpenGLES.framework */ = {isa = PBXFileReference; lastKnownFileType = wrapper.framework; name = OpenGLES.framework; path = System/Library/Frameworks/OpenGLES.framework; sourceTree = SDKROOT; };
		4527174B130B203700529A0C /* QuartzCore.framework */ = {isa = PBXFileReference; lastKnownFileType = wrapper.framework; name = QuartzCore.framework; path = System/Library/Frameworks/QuartzCore.framework; sourceTree = SDKROOT; };
		4527175A130B247700529A0C /* CoreGraphics.framework */ = {isa = PBXFileReference; lastKnownFileType = wrapper.framework; name = CoreGraphics.framework; path = System/Library/Frameworks/CoreGraphics.framework; sourceTree = SDKROOT; };
		4527175B130B27D600529A0C /* Brick.png */ = {isa = PBXFileReference; lastKnownFileType = image.png; name = Brick.png; path = ../Brick.png; sourceTree = "<group>"; };
		45299663130B8D6A009FD0A3 /* CModelViewController.h */ = {isa = PBXFileReference; fileEncoding = 4; lastKnownFileType = sourcecode.c.h; path = CModelViewController.h; sourceTree = "<group>"; };
		45299664130B8D6A009FD0A3 /* CModelViewController.m */ = {isa = PBXFileReference; fileEncoding = 4; lastKnownFileType = sourcecode.c.objc; path = CModelViewController.m; sourceTree = "<group>"; };
		45299665130B8D6A009FD0A3 /* Info.plist */ = {isa = PBXFileReference; fileEncoding = 4; lastKnownFileType = text.plist.xml; path = Info.plist; sourceTree = "<group>"; };
		45299666130B8D6A009FD0A3 /* main.m */ = {isa = PBXFileReference; fileEncoding = 4; lastKnownFileType = sourcecode.c.objc; path = main.m; sourceTree = "<group>"; };
		45299667130B8D6A009FD0A3 /* MainWindow.xib */ = {isa = PBXFileReference; fileEncoding = 4; lastKnownFileType = file.xib; path = MainWindow.xib; sourceTree = "<group>"; };
		45299668130B8D6A009FD0A3 /* Prefix.pch */ = {isa = PBXFileReference; fileEncoding = 4; lastKnownFileType = sourcecode.c.h; path = Prefix.pch; sourceTree = "<group>"; };
		4537C19B1332985900DE1A0A /* CMesh.h */ = {isa = PBXFileReference; fileEncoding = 4; lastKnownFileType = sourcecode.c.h; path = CMesh.h; sourceTree = "<group>"; };
		4537C19C1332985900DE1A0A /* CMesh.m */ = {isa = PBXFileReference; fileEncoding = 4; lastKnownFileType = sourcecode.c.objc; path = CMesh.m; sourceTree = "<group>"; };
		4537C19E133298C000DE1A0A /* CMeshLoader.h */ = {isa = PBXFileReference; fileEncoding = 4; lastKnownFileType = sourcecode.c.h; path = CMeshLoader.h; sourceTree = "<group>"; };
		4537C19F133298C000DE1A0A /* CMeshLoader.m */ = {isa = PBXFileReference; fileEncoding = 4; lastKnownFileType = sourcecode.c.objc; path = CMeshLoader.m; sourceTree = "<group>"; };
		4537C2151332B6A900DE1A0A /* SimpleTexture.fsh */ = {isa = PBXFileReference; fileEncoding = 4; lastKnownFileType = sourcecode.glsl; path = SimpleTexture.fsh; sourceTree = "<group>"; };
		4537C2161332B6A900DE1A0A /* SimpleTexture.vsh */ = {isa = PBXFileReference; fileEncoding = 4; lastKnownFileType = sourcecode.glsl; path = SimpleTexture.vsh; sourceTree = "<group>"; };
		4537C22D1332CCA900DE1A0A /* 0628d4305ef71de954ca2884014ef582.vbo */ = {isa = PBXFileReference; lastKnownFileType = file; path = 0628d4305ef71de954ca2884014ef582.vbo; sourceTree = "<group>"; };
		4537C22E1332CCA900DE1A0A /* 36d303c4c2bcf0f28d45bf2b059db91b.vbo */ = {isa = PBXFileReference; lastKnownFileType = file; path = 36d303c4c2bcf0f28d45bf2b059db91b.vbo; sourceTree = "<group>"; };
		4537C22F1332CCA900DE1A0A /* 4c60901c22e234db775ff48e63094985.vbo */ = {isa = PBXFileReference; lastKnownFileType = file; path = 4c60901c22e234db775ff48e63094985.vbo; sourceTree = "<group>"; };
		4537C2301332CCA900DE1A0A /* 6b47ea2cc9b68d9a102d760f37e895ef.vbo */ = {isa = PBXFileReference; lastKnownFileType = file; path = 6b47ea2cc9b68d9a102d760f37e895ef.vbo; sourceTree = "<group>"; };
		4537C2311332CCA900DE1A0A /* 87465a31d831d5f719e4175a136988c3.vbo */ = {isa = PBXFileReference; lastKnownFileType = file; path = 87465a31d831d5f719e4175a136988c3.vbo; sourceTree = "<group>"; };
		4537C2321332CCA900DE1A0A /* ba6e65e0d0a864d3fff6688dad9f8c10.vbo */ = {isa = PBXFileReference; lastKnownFileType = file; path = ba6e65e0d0a864d3fff6688dad9f8c10.vbo; sourceTree = "<group>"; };
		4537C2331332CCA900DE1A0A /* d8823661598803804bc5cec69a468cda.vbo */ = {isa = PBXFileReference; lastKnownFileType = file; path = d8823661598803804bc5cec69a468cda.vbo; sourceTree = "<group>"; };
		4537C2341332CCA900DE1A0A /* eb55d9a8d75a67d5db2ca0b365a2e51b.vbo */ = {isa = PBXFileReference; lastKnownFileType = file; path = eb55d9a8d75a67d5db2ca0b365a2e51b.vbo; sourceTree = "<group>"; };
		4537C2351332CCA900DE1A0A /* f463fb69546ffaf9a1180ec879a06e52.vbo */ = {isa = PBXFileReference; lastKnownFileType = file; path = f463fb69546ffaf9a1180ec879a06e52.vbo; sourceTree = "<group>"; };
		4537C2361332CCA900DE1A0A /* TIE_INTERCEPTOR.plist */ = {isa = PBXFileReference; fileEncoding = 4; lastKnownFileType = text.plist.xml; path = TIE_INTERCEPTOR.plist; sourceTree = "<group>"; };
		4537C2411332CCD900DE1A0A /* CMaterial.h */ = {isa = PBXFileReference; fileEncoding = 4; lastKnownFileType = sourcecode.c.h; path = CMaterial.h; sourceTree = "<group>"; };
		4537C2421332CCDD00DE1A0A /* CMaterial.m */ = {isa = PBXFileReference; fileEncoding = 4; lastKnownFileType = sourcecode.c.objc; path = CMaterial.m; sourceTree = "<group>"; };
		4537C2441332CF3E00DE1A0A /* _Gainsboro_.jpg */ = {isa = PBXFileReference; lastKnownFileType = image.jpeg; name = _Gainsboro_.jpg; path = ../../Input/TIE_INTERCEPTOR/TIE_INTERCEPTOR/_Gainsboro_.jpg; sourceTree = "<group>"; };
		453FBD9813331C4F00381AB6 /* 831d02874faef2b89f1083bd5380f240.vbo */ = {isa = PBXFileReference; lastKnownFileType = file; path = 831d02874faef2b89f1083bd5380f240.vbo; sourceTree = "<group>"; };
		453FBD9913331C4F00381AB6 /* utah_teapot_hires.plist */ = {isa = PBXFileReference; fileEncoding = 4; lastKnownFileType = text.plist.xml; path = utah_teapot_hires.plist; sourceTree = "<group>"; };
		45434B9D1328142700A353EC /* CScene.h */ = {isa = PBXFileReference; fileEncoding = 4; lastKnownFileType = sourcecode.c.h; path = CScene.h; sourceTree = "<group>"; };
		45434B9E1328142700A353EC /* CScene.m */ = {isa = PBXFileReference; fileEncoding = 4; lastKnownFileType = sourcecode.c.objc; path = CScene.m; sourceTree = "<group>"; };
		45434B9F1328142700A353EC /* CSceneGeometry.h */ = {isa = PBXFileReference; fileEncoding = 4; lastKnownFileType = sourcecode.c.h; path = CSceneGeometry.h; sourceTree = "<group>"; };
		45434BA01328142700A353EC /* CSceneGeometry.m */ = {isa = PBXFileReference; fileEncoding = 4; lastKnownFileType = sourcecode.c.objc; path = CSceneGeometry.m; sourceTree = "<group>"; };
		45434BA11328142700A353EC /* CSceneGeometry_ConvenienceExtensions.h */ = {isa = PBXFileReference; fileEncoding = 4; lastKnownFileType = sourcecode.c.h; path = CSceneGeometry_ConvenienceExtensions.h; sourceTree = "<group>"; };
		45434BA21328142700A353EC /* CSceneGeometry_ConvenienceExtensions.m */ = {isa = PBXFileReference; fileEncoding = 4; lastKnownFileType = sourcecode.c.objc; path = CSceneGeometry_ConvenienceExtensions.m; sourceTree = "<group>"; };
		45434BA31328142700A353EC /* CSceneGeometryBrush.h */ = {isa = PBXFileReference; fileEncoding = 4; lastKnownFileType = sourcecode.c.h; path = CSceneGeometryBrush.h; sourceTree = "<group>"; };
		45434BA41328142700A353EC /* CSceneGeometryBrush.m */ = {isa = PBXFileReference; fileEncoding = 4; lastKnownFileType = sourcecode.c.objc; path = CSceneGeometryBrush.m; sourceTree = "<group>"; };
		45434BA51328142700A353EC /* CSceneGraphRenderer.h */ = {isa = PBXFileReference; fileEncoding = 4; lastKnownFileType = sourcecode.c.h; path = CSceneGraphRenderer.h; sourceTree = "<group>"; };
		45434BA61328142700A353EC /* CSceneGraphRenderer.m */ = {isa = PBXFileReference; fileEncoding = 4; lastKnownFileType = sourcecode.c.objc; path = CSceneGraphRenderer.m; sourceTree = "<group>"; };
		45434BA71328142700A353EC /* CSceneNode.h */ = {isa = PBXFileReference; fileEncoding = 4; lastKnownFileType = sourcecode.c.h; path = CSceneNode.h; sourceTree = "<group>"; };
		45434BA81328142700A353EC /* CSceneNode.m */ = {isa = PBXFileReference; fileEncoding = 4; lastKnownFileType = sourcecode.c.objc; path = CSceneNode.m; sourceTree = "<group>"; };
		45434BA91328142700A353EC /* CSceneStyle.h */ = {isa = PBXFileReference; fileEncoding = 4; lastKnownFileType = sourcecode.c.h; path = CSceneStyle.h; sourceTree = "<group>"; };
		45434BAA1328142700A353EC /* CSceneStyle.m */ = {isa = PBXFileReference; fileEncoding = 4; lastKnownFileType = sourcecode.c.objc; path = CSceneStyle.m; sourceTree = "<group>"; };
		45434BBB13281C1A00A353EC /* CModelLoader.h */ = {isa = PBXFileReference; fileEncoding = 4; lastKnownFileType = sourcecode.c.h; path = CModelLoader.h; sourceTree = "<group>"; };
		45434BBC13281C1A00A353EC /* CModelLoader.m */ = {isa = PBXFileReference; fileEncoding = 4; lastKnownFileType = sourcecode.c.objc; path = CModelLoader.m; sourceTree = "<group>"; };
		45781C54130AFE1E00B57285 /* ModelViewer.app */ = {isa = PBXFileReference; explicitFileType = wrapper.application; includeInIndex = 0; path = ModelViewer.app; sourceTree = BUILT_PRODUCTS_DIR; };
		45781C58130AFE1E00B57285 /* UIKit.framework */ = {isa = PBXFileReference; lastKnownFileType = wrapper.framework; name = UIKit.framework; path = System/Library/Frameworks/UIKit.framework; sourceTree = SDKROOT; };
		45781C5A130AFE1E00B57285 /* Foundation.framework */ = {isa = PBXFileReference; lastKnownFileType = wrapper.framework; name = Foundation.framework; path = System/Library/Frameworks/Foundation.framework; sourceTree = SDKROOT; };
		45781C5C130AFE1E00B57285 /* CoreGraphics.framework */ = {isa = PBXFileReference; lastKnownFileType = wrapper.framework; name = CoreGraphics.framework; path = System/Library/Frameworks/CoreGraphics.framework; sourceTree = SDKROOT; };
		457DA863132ED6F400D321F8 /* CLibrary.h */ = {isa = PBXFileReference; fileEncoding = 4; lastKnownFileType = sourcecode.c.h; path = CLibrary.h; sourceTree = "<group>"; };
		457DA864132ED6F400D321F8 /* CLibrary.m */ = {isa = PBXFileReference; fileEncoding = 4; lastKnownFileType = sourcecode.c.objc; path = CLibrary.m; sourceTree = "<group>"; };
		459207F613280E2400B561F4 /* CBlockRenderer.h */ = {isa = PBXFileReference; fileEncoding = 4; lastKnownFileType = sourcecode.c.h; path = CBlockRenderer.h; sourceTree = "<group>"; };
		459207F713280E2400B561F4 /* CBlockRenderer.m */ = {isa = PBXFileReference; fileEncoding = 4; lastKnownFileType = sourcecode.c.objc; path = CBlockRenderer.m; sourceTree = "<group>"; };
		459207F813280E2400B561F4 /* CFrameBuffer.h */ = {isa = PBXFileReference; fileEncoding = 4; lastKnownFileType = sourcecode.c.h; path = CFrameBuffer.h; sourceTree = "<group>"; };
		459207F913280E2400B561F4 /* CFrameBuffer.m */ = {isa = PBXFileReference; fileEncoding = 4; lastKnownFileType = sourcecode.c.objc; path = CFrameBuffer.m; sourceTree = "<group>"; };
		459207FA13280E2400B561F4 /* CMutableVertexBuffer.h */ = {isa = PBXFileReference; fileEncoding = 4; lastKnownFileType = sourcecode.c.h; path = CMutableVertexBuffer.h; sourceTree = "<group>"; };
		459207FB13280E2400B561F4 /* CMutableVertexBuffer.m */ = {isa = PBXFileReference; fileEncoding = 4; lastKnownFileType = sourcecode.c.objc; path = CMutableVertexBuffer.m; sourceTree = "<group>"; };
		459207FC13280E2400B561F4 /* CProgram.h */ = {isa = PBXFileReference; fileEncoding = 4; lastKnownFileType = sourcecode.c.h; path = CProgram.h; sourceTree = "<group>"; };
		459207FD13280E2400B561F4 /* CProgram.m */ = {isa = PBXFileReference; fileEncoding = 4; lastKnownFileType = sourcecode.c.objc; path = CProgram.m; sourceTree = "<group>"; };
		459207FE13280E2400B561F4 /* CProgram_ConvenienceExtensions.h */ = {isa = PBXFileReference; fileEncoding = 4; lastKnownFileType = sourcecode.c.h; path = CProgram_ConvenienceExtensions.h; sourceTree = "<group>"; };
		459207FF13280E2400B561F4 /* CProgram_ConvenienceExtensions.m */ = {isa = PBXFileReference; fileEncoding = 4; lastKnownFileType = sourcecode.c.objc; path = CProgram_ConvenienceExtensions.m; sourceTree = "<group>"; };
		4592080013280E2400B561F4 /* CRenderBuffer.h */ = {isa = PBXFileReference; fileEncoding = 4; lastKnownFileType = sourcecode.c.h; path = CRenderBuffer.h; sourceTree = "<group>"; };
		4592080113280E2400B561F4 /* CRenderBuffer.m */ = {isa = PBXFileReference; fileEncoding = 4; lastKnownFileType = sourcecode.c.objc; path = CRenderBuffer.m; sourceTree = "<group>"; };
		4592080213280E2400B561F4 /* CRenderer.h */ = {isa = PBXFileReference; fileEncoding = 4; lastKnownFileType = sourcecode.c.h; path = CRenderer.h; sourceTree = "<group>"; };
		4592080313280E2400B561F4 /* CRenderer.m */ = {isa = PBXFileReference; fileEncoding = 4; lastKnownFileType = sourcecode.c.objc; path = CRenderer.m; sourceTree = "<group>"; };
		4592080413280E2400B561F4 /* CShader.h */ = {isa = PBXFileReference; fileEncoding = 4; lastKnownFileType = sourcecode.c.h; path = CShader.h; sourceTree = "<group>"; };
		4592080513280E2400B561F4 /* CShader.m */ = {isa = PBXFileReference; fileEncoding = 4; lastKnownFileType = sourcecode.c.objc; path = CShader.m; sourceTree = "<group>"; };
		4592080613280E2400B561F4 /* CTexture.h */ = {isa = PBXFileReference; fileEncoding = 4; lastKnownFileType = sourcecode.c.h; path = CTexture.h; sourceTree = "<group>"; };
		4592080713280E2400B561F4 /* CTexture.m */ = {isa = PBXFileReference; fileEncoding = 4; lastKnownFileType = sourcecode.c.objc; path = CTexture.m; sourceTree = "<group>"; };
		4592080813280E2400B561F4 /* CTexture_TilingExtension.h */ = {isa = PBXFileReference; fileEncoding = 4; lastKnownFileType = sourcecode.c.h; path = CTexture_TilingExtension.h; sourceTree = "<group>"; };
		4592080913280E2400B561F4 /* CTexture_TilingExtension.m */ = {isa = PBXFileReference; fileEncoding = 4; lastKnownFileType = sourcecode.c.objc; path = CTexture_TilingExtension.m; sourceTree = "<group>"; };
		4592080A13280E2400B561F4 /* CTextureLoader.h */ = {isa = PBXFileReference; fileEncoding = 4; lastKnownFileType = sourcecode.c.h; path = CTextureLoader.h; sourceTree = "<group>"; };
		4592080B13280E2400B561F4 /* CTextureLoader.m */ = {isa = PBXFileReference; fileEncoding = 4; lastKnownFileType = sourcecode.c.objc; path = CTextureLoader.m; sourceTree = "<group>"; };
		4592080C13280E2400B561F4 /* CVertexBuffer.h */ = {isa = PBXFileReference; fileEncoding = 4; lastKnownFileType = sourcecode.c.h; path = CVertexBuffer.h; sourceTree = "<group>"; };
		4592080D13280E2400B561F4 /* CVertexBuffer.m */ = {isa = PBXFileReference; fileEncoding = 4; lastKnownFileType = sourcecode.c.objc; path = CVertexBuffer.m; sourceTree = "<group>"; };
		4592080E13280E2400B561F4 /* CVertexBuffer_FactoryExtensions.h */ = {isa = PBXFileReference; fileEncoding = 4; lastKnownFileType = sourcecode.c.h; path = CVertexBuffer_FactoryExtensions.h; sourceTree = "<group>"; };
		4592080F13280E2400B561F4 /* CVertexBuffer_FactoryExtensions.m */ = {isa = PBXFileReference; fileEncoding = 4; lastKnownFileType = sourcecode.c.objc; path = CVertexBuffer_FactoryExtensions.m; sourceTree = "<group>"; };
		4592081013280E2400B561F4 /* CVertexBufferReference.h */ = {isa = PBXFileReference; fileEncoding = 4; lastKnownFileType = sourcecode.c.h; path = CVertexBufferReference.h; sourceTree = "<group>"; };
		4592081113280E2400B561F4 /* CVertexBufferReference.m */ = {isa = PBXFileReference; fileEncoding = 4; lastKnownFileType = sourcecode.c.objc; path = CVertexBufferReference.m; sourceTree = "<group>"; };
		4592081313280E2400B561F4 /* CImageTextureLoader.h */ = {isa = PBXFileReference; fileEncoding = 4; lastKnownFileType = sourcecode.c.h; path = CImageTextureLoader.h; sourceTree = "<group>"; };
		4592081413280E2400B561F4 /* CImageTextureLoader.m */ = {isa = PBXFileReference; fileEncoding = 4; lastKnownFileType = sourcecode.c.objc; path = CImageTextureLoader.m; sourceTree = "<group>"; };
		4592081513280E2400B561F4 /* CPVRTextureLoader.h */ = {isa = PBXFileReference; fileEncoding = 4; lastKnownFileType = sourcecode.c.h; path = CPVRTextureLoader.h; sourceTree = "<group>"; };
		4592081613280E2400B561F4 /* CPVRTextureLoader.m */ = {isa = PBXFileReference; fileEncoding = 4; lastKnownFileType = sourcecode.c.objc; path = CPVRTextureLoader.m; sourceTree = "<group>"; };
		4592081713280E2400B561F4 /* CRendererView.h */ = {isa = PBXFileReference; fileEncoding = 4; lastKnownFileType = sourcecode.c.h; path = CRendererView.h; sourceTree = "<group>"; };
		4592081813280E2400B561F4 /* CRendererView.m */ = {isa = PBXFileReference; fileEncoding = 4; lastKnownFileType = sourcecode.c.objc; path = CRendererView.m; sourceTree = "<group>"; };
		4592081913280E2400B561F4 /* UIColor_OpenGLExtensions.h */ = {isa = PBXFileReference; fileEncoding = 4; lastKnownFileType = sourcecode.c.h; path = UIColor_OpenGLExtensions.h; sourceTree = "<group>"; };
		4592081A13280E2400B561F4 /* UIColor_OpenGLExtensions.m */ = {isa = PBXFileReference; fileEncoding = 4; lastKnownFileType = sourcecode.c.objc; path = UIColor_OpenGLExtensions.m; sourceTree = "<group>"; };
		4592081B13280E2400B561F4 /* OpenGLIncludes.h */ = {isa = PBXFileReference; fileEncoding = 4; lastKnownFileType = sourcecode.c.h; path = OpenGLIncludes.h; sourceTree = "<group>"; };
		4592081C13280E2400B561F4 /* OpenGLTypes.h */ = {isa = PBXFileReference; fileEncoding = 4; lastKnownFileType = sourcecode.c.h; path = OpenGLTypes.h; sourceTree = "<group>"; };
		4592081D13280E2400B561F4 /* OpenGLTypes.m */ = {isa = PBXFileReference; fileEncoding = 4; lastKnownFileType = sourcecode.c.objc; path = OpenGLTypes.m; sourceTree = "<group>"; };
		4592083913280E2400B561F4 /* Flat.fsh */ = {isa = PBXFileReference; fileEncoding = 4; lastKnownFileType = sourcecode.glsl; path = Flat.fsh; sourceTree = "<group>"; };
		4592083A13280E2400B561F4 /* Flat.vsh */ = {isa = PBXFileReference; fileEncoding = 4; lastKnownFileType = sourcecode.glsl; path = Flat.vsh; sourceTree = "<group>"; };
		459CFBA51332E48800B16315 /* CoreMotion.framework */ = {isa = PBXFileReference; lastKnownFileType = wrapper.framework; name = CoreMotion.framework; path = System/Library/Frameworks/CoreMotion.framework; sourceTree = SDKROOT; };
		459CFBA81332E78F00B16315 /* CRenderer_Extensions.h */ = {isa = PBXFileReference; fileEncoding = 4; lastKnownFileType = sourcecode.c.h; path = CRenderer_Extensions.h; sourceTree = "<group>"; };
		459CFBA91332E78F00B16315 /* CRenderer_Extensions.m */ = {isa = PBXFileReference; fileEncoding = 4; lastKnownFileType = sourcecode.c.objc; path = CRenderer_Extensions.m; sourceTree = "<group>"; };
		459CFBAB1332E9AB00B16315 /* Flat2.fsh */ = {isa = PBXFileReference; fileEncoding = 4; lastKnownFileType = sourcecode.glsl; path = Flat2.fsh; sourceTree = "<group>"; };
		459CFBAC1332E9AB00B16315 /* Flat2.vsh */ = {isa = PBXFileReference; fileEncoding = 4; lastKnownFileType = sourcecode.glsl; path = Flat2.vsh; sourceTree = "<group>"; };
		45BF339613285FF80096D2D4 /* CInteractiveRendererView.h */ = {isa = PBXFileReference; fileEncoding = 4; lastKnownFileType = sourcecode.c.h; path = CInteractiveRendererView.h; sourceTree = "<group>"; };
		45BF339713285FF80096D2D4 /* CInteractiveRendererView.m */ = {isa = PBXFileReference; fileEncoding = 4; lastKnownFileType = sourcecode.c.objc; path = CInteractiveRendererView.m; sourceTree = "<group>"; };
		45BF339D132866170096D2D4 /* CArcBall.h */ = {isa = PBXFileReference; fileEncoding = 4; lastKnownFileType = sourcecode.c.h; path = CArcBall.h; sourceTree = "<group>"; };
		45BF339E132866190096D2D4 /* CArcBall.m */ = {isa = PBXFileReference; fileEncoding = 4; lastKnownFileType = sourcecode.c.objc; path = CArcBall.m; sourceTree = "<group>"; };
		45BFEA5E132957DA00B6C3D8 /* Quaternion.h */ = {isa = PBXFileReference; fileEncoding = 4; lastKnownFileType = sourcecode.c.h; path = Quaternion.h; sourceTree = "<group>"; };
		45BFEA5F132957DB00B6C3D8 /* Quaternion.m */ = {isa = PBXFileReference; fileEncoding = 4; lastKnownFileType = sourcecode.c.objc; path = Quaternion.m; sourceTree = "<group>"; };
		45BFEA62132965ED00B6C3D8 /* Matrix.h */ = {isa = PBXFileReference; fileEncoding = 4; lastKnownFileType = sourcecode.c.h; path = Matrix.h; sourceTree = "<group>"; };
		45BFEA63132965ED00B6C3D8 /* Matrix.m */ = {isa = PBXFileReference; fileEncoding = 4; lastKnownFileType = sourcecode.c.objc; path = Matrix.m; sourceTree = "<group>"; };
		45E1712013318E2000ECA02A /* COBJRenderer.h */ = {isa = PBXFileReference; fileEncoding = 4; lastKnownFileType = sourcecode.c.h; path = COBJRenderer.h; sourceTree = "<group>"; };
		45E1712113318E2000ECA02A /* COBJRenderer.m */ = {isa = PBXFileReference; fileEncoding = 4; lastKnownFileType = sourcecode.c.objc; path = COBJRenderer.m; sourceTree = "<group>"; };
		45E9B15813332764000212E8 /* AccelerometerFilter.h */ = {isa = PBXFileReference; fileEncoding = 4; lastKnownFileType = sourcecode.c.h; path = AccelerometerFilter.h; sourceTree = "<group>"; };
		45E9B15913332764000212E8 /* AccelerometerFilter.m */ = {isa = PBXFileReference; fileEncoding = 4; lastKnownFileType = sourcecode.c.objc; path = AccelerometerFilter.m; sourceTree = "<group>"; };
		45F259741333308C0017E74D /* 0b703a902d943cd5aee65566450fb678.vbo */ = {isa = PBXFileReference; lastKnownFileType = file; path = 0b703a902d943cd5aee65566450fb678.vbo; sourceTree = "<group>"; };
		45F259751333308C0017E74D /* 2c03150febf6b8fc88d1b70ded473087.vbo */ = {isa = PBXFileReference; lastKnownFileType = file; path = 2c03150febf6b8fc88d1b70ded473087.vbo; sourceTree = "<group>"; };
		45F259761333308C0017E74D /* 3022a385f4e1ef00290c07af8e524bd3.vbo */ = {isa = PBXFileReference; lastKnownFileType = file; path = 3022a385f4e1ef00290c07af8e524bd3.vbo; sourceTree = "<group>"; };
		45F259771333308C0017E74D /* 321432037272557a70afebf938de1297.vbo */ = {isa = PBXFileReference; lastKnownFileType = file; path = 321432037272557a70afebf938de1297.vbo; sourceTree = "<group>"; };
		45F259781333308C0017E74D /* 3b128e3091c4e86e2719e6290bee6f47.vbo */ = {isa = PBXFileReference; lastKnownFileType = file; path = 3b128e3091c4e86e2719e6290bee6f47.vbo; sourceTree = "<group>"; };
		45F259791333308C0017E74D /* 410c444206893916f495cfe4778984b6.vbo */ = {isa = PBXFileReference; lastKnownFileType = file; path = 410c444206893916f495cfe4778984b6.vbo; sourceTree = "<group>"; };
		45F2597A1333308C0017E74D /* 4990d76102d119b34860044d84d2a04c.vbo */ = {isa = PBXFileReference; lastKnownFileType = file; path = 4990d76102d119b34860044d84d2a04c.vbo; sourceTree = "<group>"; };
		45F2597B1333308C0017E74D /* 4b99fde1dfb1c28d59d758bd4d0bd004.vbo */ = {isa = PBXFileReference; lastKnownFileType = file; path = 4b99fde1dfb1c28d59d758bd4d0bd004.vbo; sourceTree = "<group>"; };
		45F2597C1333308C0017E74D /* 4f4f44e130a2d3f7f2d60ccdcbaad9c1.vbo */ = {isa = PBXFileReference; lastKnownFileType = file; path = 4f4f44e130a2d3f7f2d60ccdcbaad9c1.vbo; sourceTree = "<group>"; };
		45F2597D1333308C0017E74D /* 4f9d4dd55dab3310020ccb6c412a46a8.vbo */ = {isa = PBXFileReference; lastKnownFileType = file; path = 4f9d4dd55dab3310020ccb6c412a46a8.vbo; sourceTree = "<group>"; };
		45F2597E1333308C0017E74D /* 54e609133d61f596977e7dfcd072de52.vbo */ = {isa = PBXFileReference; lastKnownFileType = file; path = 54e609133d61f596977e7dfcd072de52.vbo; sourceTree = "<group>"; };
		45F2597F1333308C0017E74D /* 6c541d34e7cde14a71544a0b408ae75d.vbo */ = {isa = PBXFileReference; lastKnownFileType = file; path = 6c541d34e7cde14a71544a0b408ae75d.vbo; sourceTree = "<group>"; };
		45F259801333308C0017E74D /* 6ce48efb5b9ce104af8b1d7c8a25d3d0.vbo */ = {isa = PBXFileReference; lastKnownFileType = file; path = 6ce48efb5b9ce104af8b1d7c8a25d3d0.vbo; sourceTree = "<group>"; };
		45F259811333308C0017E74D /* 7c054eede78ea950ae9bf846e3c7b1fd.vbo */ = {isa = PBXFileReference; lastKnownFileType = file; path = 7c054eede78ea950ae9bf846e3c7b1fd.vbo; sourceTree = "<group>"; };
		45F259821333308C0017E74D /* 7d697e76d39a847c93e3c97912f44f10.vbo */ = {isa = PBXFileReference; lastKnownFileType = file; path = 7d697e76d39a847c93e3c97912f44f10.vbo; sourceTree = "<group>"; };
		45F259831333308C0017E74D /* 967792ae21815e3f16b9f483a061e471.vbo */ = {isa = PBXFileReference; lastKnownFileType = file; path = 967792ae21815e3f16b9f483a061e471.vbo; sourceTree = "<group>"; };
		45F259841333308C0017E74D /* 9c39c2f632fe9f13830925ec213a1121.vbo */ = {isa = PBXFileReference; lastKnownFileType = file; path = 9c39c2f632fe9f13830925ec213a1121.vbo; sourceTree = "<group>"; };
		45F259851333308C0017E74D /* _Gray6_.jpg */ = {isa = PBXFileReference; lastKnownFileType = image.jpeg; path = _Gray6_.jpg; sourceTree = "<group>"; };
		45F259861333308C0017E74D /* a5626a2863d2d718e1c2de43615a1bea.vbo */ = {isa = PBXFileReference; lastKnownFileType = file; path = a5626a2863d2d718e1c2de43615a1bea.vbo; sourceTree = "<group>"; };
		45F259871333308C0017E74D /* ab7356152912de87c8a7e4632a5a4900.vbo */ = {isa = PBXFileReference; lastKnownFileType = file; path = ab7356152912de87c8a7e4632a5a4900.vbo; sourceTree = "<group>"; };
		45F259881333308C0017E74D /* bc679230baae5bdad42eaa116485799d.vbo */ = {isa = PBXFileReference; lastKnownFileType = file; path = bc679230baae5bdad42eaa116485799d.vbo; sourceTree = "<group>"; };
		45F259891333308C0017E74D /* cc40fd24f70b340f76d2344edb4c08e1.vbo */ = {isa = PBXFileReference; lastKnownFileType = file; path = cc40fd24f70b340f76d2344edb4c08e1.vbo; sourceTree = "<group>"; };
		45F2598A1333308C0017E74D /* Color_H10.jpg */ = {isa = PBXFileReference; lastKnownFileType = image.jpeg; path = Color_H10.jpg; sourceTree = "<group>"; };
		45F2598B1333308C0017E74D /* d11a07416dde56258aed702c6687b7ff.vbo */ = {isa = PBXFileReference; lastKnownFileType = file; path = d11a07416dde56258aed702c6687b7ff.vbo; sourceTree = "<group>"; };
		45F2598C1333308C0017E74D /* da164641e241b67770837a2159c13682.vbo */ = {isa = PBXFileReference; lastKnownFileType = file; path = da164641e241b67770837a2159c13682.vbo; sourceTree = "<group>"; };
		45F2598D1333308C0017E74D /* e3fa462dd947180e9913f558bfec9ac1.vbo */ = {isa = PBXFileReference; lastKnownFileType = file; path = e3fa462dd947180e9913f558bfec9ac1.vbo; sourceTree = "<group>"; };
		45F2598E1333308C0017E74D /* ec8079f1bca8bc9508fff4c3c4be5ee3.vbo */ = {isa = PBXFileReference; lastKnownFileType = file; path = ec8079f1bca8bc9508fff4c3c4be5ee3.vbo; sourceTree = "<group>"; };
		45F2598F1333308C0017E74D /* f838827f388cd792184e98cafc205f11.vbo */ = {isa = PBXFileReference; lastKnownFileType = file; path = f838827f388cd792184e98cafc205f11.vbo; sourceTree = "<group>"; };
		45F259901333308C0017E74D /* Google_Earth_Snapshot1.jpg */ = {isa = PBXFileReference; lastKnownFileType = image.jpeg; path = Google_Earth_Snapshot1.jpg; sourceTree = "<group>"; };
		45F259911333308C0017E74D /* Liberty.plist */ = {isa = PBXFileReference; fileEncoding = 4; lastKnownFileType = text.plist.xml; path = Liberty.plist; sourceTree = "<group>"; };
		45F259921333308C0017E74D /* M_94_20Statue_20of_20Liberty.jpg */ = {isa = PBXFileReference; lastKnownFileType = image.jpeg; path = M_94_20Statue_20of_20Liberty.jpg; sourceTree = "<group>"; };
		45F259931333308C0017E74D /* M_94_20Statue_20of_20Liberty10_.jpg */ = {isa = PBXFileReference; lastKnownFileType = image.jpeg; path = M_94_20Statue_20of_20Liberty10_.jpg; sourceTree = "<group>"; };
		45F259941333308C0017E74D /* M_94_20Statue_20of_20Liberty11_.jpg */ = {isa = PBXFileReference; lastKnownFileType = image.jpeg; path = M_94_20Statue_20of_20Liberty11_.jpg; sourceTree = "<group>"; };
		45F259951333308C0017E74D /* M_94_20Statue_20of_20Liberty12_.jpg */ = {isa = PBXFileReference; lastKnownFileType = image.jpeg; path = M_94_20Statue_20of_20Liberty12_.jpg; sourceTree = "<group>"; };
		45F259961333308C0017E74D /* M_94_20Statue_20of_20Liberty13_.jpg */ = {isa = PBXFileReference; lastKnownFileType = image.jpeg; path = M_94_20Statue_20of_20Liberty13_.jpg; sourceTree = "<group>"; };
		45F259971333308C0017E74D /* M_94_20Statue_20of_20Liberty14_.jpg */ = {isa = PBXFileReference; lastKnownFileType = image.jpeg; path = M_94_20Statue_20of_20Liberty14_.jpg; sourceTree = "<group>"; };
		45F259981333308C0017E74D /* M_94_20Statue_20of_20Liberty15_.jpg */ = {isa = PBXFileReference; lastKnownFileType = image.jpeg; path = M_94_20Statue_20of_20Liberty15_.jpg; sourceTree = "<group>"; };
		45F259991333308C0017E74D /* M_94_20Statue_20of_20Liberty16_.jpg */ = {isa = PBXFileReference; lastKnownFileType = image.jpeg; path = M_94_20Statue_20of_20Liberty16_.jpg; sourceTree = "<group>"; };
		45F2599A1333308C0017E74D /* M_94_20Statue_20of_20Liberty17_.jpg */ = {isa = PBXFileReference; lastKnownFileType = image.jpeg; path = M_94_20Statue_20of_20Liberty17_.jpg; sourceTree = "<group>"; };
		45F2599B1333308C0017E74D /* M_94_20Statue_20of_20Liberty18_.jpg */ = {isa = PBXFileReference; lastKnownFileType = image.jpeg; path = M_94_20Statue_20of_20Liberty18_.jpg; sourceTree = "<group>"; };
		45F2599C1333308C0017E74D /* M_94_20Statue_20of_20Liberty1_.jpg */ = {isa = PBXFileReference; lastKnownFileType = image.jpeg; path = M_94_20Statue_20of_20Liberty1_.jpg; sourceTree = "<group>"; };
		45F2599D1333308C0017E74D /* M_94_20Statue_20of_20Liberty2_.jpg */ = {isa = PBXFileReference; lastKnownFileType = image.jpeg; path = M_94_20Statue_20of_20Liberty2_.jpg; sourceTree = "<group>"; };
		45F2599E1333308C0017E74D /* M_94_20Statue_20of_20Liberty3_.jpg */ = {isa = PBXFileReference; lastKnownFileType = image.jpeg; path = M_94_20Statue_20of_20Liberty3_.jpg; sourceTree = "<group>"; };
		45F2599F1333308C0017E74D /* M_94_20Statue_20of_20Liberty4_.jpg */ = {isa = PBXFileReference; lastKnownFileType = image.jpeg; path = M_94_20Statue_20of_20Liberty4_.jpg; sourceTree = "<group>"; };
		45F259A01333308C0017E74D /* M_94_20Statue_20of_20Liberty5_.jpg */ = {isa = PBXFileReference; lastKnownFileType = image.jpeg; path = M_94_20Statue_20of_20Liberty5_.jpg; sourceTree = "<group>"; };
		45F259A11333308C0017E74D /* M_94_20Statue_20of_20Liberty6_.jpg */ = {isa = PBXFileReference; lastKnownFileType = image.jpeg; path = M_94_20Statue_20of_20Liberty6_.jpg; sourceTree = "<group>"; };
		45F259A21333308C0017E74D /* M_94_20Statue_20of_20Liberty7_.jpg */ = {isa = PBXFileReference; lastKnownFileType = image.jpeg; path = M_94_20Statue_20of_20Liberty7_.jpg; sourceTree = "<group>"; };
		45F259A31333308C0017E74D /* M_94_20Statue_20of_20Liberty8_.jpg */ = {isa = PBXFileReference; lastKnownFileType = image.jpeg; path = M_94_20Statue_20of_20Liberty8_.jpg; sourceTree = "<group>"; };
		45F259A41333308C0017E74D /* M_94_20Statue_20of_20Liberty9_.jpg */ = {isa = PBXFileReference; lastKnownFileType = image.jpeg; path = M_94_20Statue_20of_20Liberty9_.jpg; sourceTree = "<group>"; };
		45F259A51333308C0017E74D /* Material1.jpg */ = {isa = PBXFileReference; lastKnownFileType = image.jpeg; path = Material1.jpg; sourceTree = "<group>"; };
		45F259A61333308C0017E74D /* Material2.jpg */ = {isa = PBXFileReference; lastKnownFileType = image.jpeg; path = Material2.jpg; sourceTree = "<group>"; };
		45F259A71333308C0017E74D /* Statue_thumb.jpg */ = {isa = PBXFileReference; lastKnownFileType = image.jpeg; path = Statue_thumb.jpg; sourceTree = "<group>"; };
		45F9EE4F13301D8B005DF7A8 /* CTestRenderer.h */ = {isa = PBXFileReference; fileEncoding = 4; lastKnownFileType = sourcecode.c.h; path = CTestRenderer.h; sourceTree = "<group>"; };
		45F9EE5013301D8B005DF7A8 /* CTestRenderer.m */ = {isa = PBXFileReference; fileEncoding = 4; lastKnownFileType = sourcecode.c.objc; path = CTestRenderer.m; sourceTree = "<group>"; };
		45F9EE5113301D8B005DF7A8 /* CTestSceneRenderer.h */ = {isa = PBXFileReference; fileEncoding = 4; lastKnownFileType = sourcecode.c.h; path = CTestSceneRenderer.h; sourceTree = "<group>"; };
		45F9EE5213301D8B005DF7A8 /* CTestSceneRenderer.m */ = {isa = PBXFileReference; fileEncoding = 4; lastKnownFileType = sourcecode.c.objc; path = CTestSceneRenderer.m; sourceTree = "<group>"; };
/* End PBXFileReference section */

/* Begin PBXFrameworksBuildPhase section */
		45781C51130AFE1E00B57285 /* Frameworks */ = {
			isa = PBXFrameworksBuildPhase;
			buildActionMask = 2147483647;
			files = (
				459CFBA61332E48800B16315 /* CoreMotion.framework in Frameworks */,
				45781C5D130AFE1E00B57285 /* CoreGraphics.framework in Frameworks */,
				4527174C130B203700529A0C /* QuartzCore.framework in Frameworks */,
				4527174A130B202F00529A0C /* OpenGLES.framework in Frameworks */,
				45781C59130AFE1E00B57285 /* UIKit.framework in Frameworks */,
				45781C5B130AFE1E00B57285 /* Foundation.framework in Frameworks */,
			);
			runOnlyForDeploymentPostprocessing = 0;
		};
/* End PBXFrameworksBuildPhase section */

/* Begin PBXGroup section */
		45299662130B8D6A009FD0A3 /* SimpleTest */ = {
			isa = PBXGroup;
			children = (
				45299663130B8D6A009FD0A3 /* CModelViewController.h */,
				45299664130B8D6A009FD0A3 /* CModelViewController.m */,
				45299665130B8D6A009FD0A3 /* Info.plist */,
				45299666130B8D6A009FD0A3 /* main.m */,
				45299667130B8D6A009FD0A3 /* MainWindow.xib */,
				45299668130B8D6A009FD0A3 /* Prefix.pch */,
				45E1712013318E2000ECA02A /* COBJRenderer.h */,
				45E1712113318E2000ECA02A /* COBJRenderer.m */,
				4537C19B1332985900DE1A0A /* CMesh.h */,
				4537C19C1332985900DE1A0A /* CMesh.m */,
				4537C2411332CCD900DE1A0A /* CMaterial.h */,
				4537C2421332CCDD00DE1A0A /* CMaterial.m */,
				4537C19E133298C000DE1A0A /* CMeshLoader.h */,
				4537C19F133298C000DE1A0A /* CMeshLoader.m */,
				459CFBA81332E78F00B16315 /* CRenderer_Extensions.h */,
				459CFBA91332E78F00B16315 /* CRenderer_Extensions.m */,
				45E9B15813332764000212E8 /* AccelerometerFilter.h */,
				45E9B15913332764000212E8 /* AccelerometerFilter.m */,
				45F9EA2A13301D37005DF7A8 /* Samples */,
				45F9EE4E13301D8B005DF7A8 /* Common */,
			);
			name = SimpleTest;
			sourceTree = "<group>";
		};
		4537C22C1332CCA800DE1A0A /* TIE_INTERCEPTOR */ = {
			isa = PBXGroup;
			children = (
				4537C2441332CF3E00DE1A0A /* _Gainsboro_.jpg */,
				4537C22D1332CCA900DE1A0A /* 0628d4305ef71de954ca2884014ef582.vbo */,
				4537C22E1332CCA900DE1A0A /* 36d303c4c2bcf0f28d45bf2b059db91b.vbo */,
				4537C22F1332CCA900DE1A0A /* 4c60901c22e234db775ff48e63094985.vbo */,
				4537C2301332CCA900DE1A0A /* 6b47ea2cc9b68d9a102d760f37e895ef.vbo */,
				4537C2311332CCA900DE1A0A /* 87465a31d831d5f719e4175a136988c3.vbo */,
				4537C2321332CCA900DE1A0A /* ba6e65e0d0a864d3fff6688dad9f8c10.vbo */,
				4537C2331332CCA900DE1A0A /* d8823661598803804bc5cec69a468cda.vbo */,
				4537C2341332CCA900DE1A0A /* eb55d9a8d75a67d5db2ca0b365a2e51b.vbo */,
				4537C2351332CCA900DE1A0A /* f463fb69546ffaf9a1180ec879a06e52.vbo */,
				4537C2361332CCA900DE1A0A /* TIE_INTERCEPTOR.plist */,
			);
			name = TIE_INTERCEPTOR;
			path = ../../../OBJConverter/Output/TIE_INTERCEPTOR;
			sourceTree = "<group>";
		};
		453FBD9713331C4F00381AB6 /* utah_teapot_hires */ = {
			isa = PBXGroup;
			children = (
				453FBD9813331C4F00381AB6 /* 831d02874faef2b89f1083bd5380f240.vbo */,
				453FBD9913331C4F00381AB6 /* utah_teapot_hires.plist */,
			);
			name = utah_teapot_hires;
			path = ../../../OBJConverter/Output/utah_teapot_hires;
			sourceTree = "<group>";
		};
		45434B9C1328142700A353EC /* SceneGraph */ = {
			isa = PBXGroup;
			children = (
				45434B9D1328142700A353EC /* CScene.h */,
				45434B9E1328142700A353EC /* CScene.m */,
				45434B9F1328142700A353EC /* CSceneGeometry.h */,
				45434BA01328142700A353EC /* CSceneGeometry.m */,
				45434BA11328142700A353EC /* CSceneGeometry_ConvenienceExtensions.h */,
				45434BA21328142700A353EC /* CSceneGeometry_ConvenienceExtensions.m */,
				45434BA31328142700A353EC /* CSceneGeometryBrush.h */,
				45434BA41328142700A353EC /* CSceneGeometryBrush.m */,
				45434BA51328142700A353EC /* CSceneGraphRenderer.h */,
				45434BA61328142700A353EC /* CSceneGraphRenderer.m */,
				45434BA71328142700A353EC /* CSceneNode.h */,
				45434BA81328142700A353EC /* CSceneNode.m */,
				45434BA91328142700A353EC /* CSceneStyle.h */,
				45434BAA1328142700A353EC /* CSceneStyle.m */,
			);
			path = SceneGraph;
			sourceTree = "<group>";
		};
		45434BBA13281C0500A353EC /* ModelLoader */ = {
			isa = PBXGroup;
			children = (
				45434BBB13281C1A00A353EC /* CModelLoader.h */,
				45434BBC13281C1A00A353EC /* CModelLoader.m */,
			);
			path = ModelLoader;
			sourceTree = "<group>";
		};
		45781C49130AFE1E00B57285 = {
			isa = PBXGroup;
			children = (
				45299662130B8D6A009FD0A3 /* SimpleTest */,
				4527175B130B27D600529A0C /* Brick.png */,
				459207F113280E2400B561F4 /* Source */,
				45781C57130AFE1E00B57285 /* Frameworks */,
				45781C55130AFE1E00B57285 /* Products */,
			);
			sourceTree = "<group>";
		};
		45781C55130AFE1E00B57285 /* Products */ = {
			isa = PBXGroup;
			children = (
				45781C54130AFE1E00B57285 /* ModelViewer.app */,
			);
			name = Products;
			sourceTree = "<group>";
		};
		45781C57130AFE1E00B57285 /* Frameworks */ = {
			isa = PBXGroup;
			children = (
				459CFBA51332E48800B16315 /* CoreMotion.framework */,
				4527175A130B247700529A0C /* CoreGraphics.framework */,
				4527174B130B203700529A0C /* QuartzCore.framework */,
				45271749130B202F00529A0C /* OpenGLES.framework */,
				45781C58130AFE1E00B57285 /* UIKit.framework */,
				45781C5A130AFE1E00B57285 /* Foundation.framework */,
				45781C5C130AFE1E00B57285 /* CoreGraphics.framework */,
			);
			name = Frameworks;
			sourceTree = "<group>";
		};
		459207F113280E2400B561F4 /* Source */ = {
			isa = PBXGroup;
			children = (
				459207F513280E2400B561F4 /* OpenGL */,
				45434B9C1328142700A353EC /* SceneGraph */,
				4592083613280E2400B561F4 /* Shaders */,
				45434BBA13281C0500A353EC /* ModelLoader */,
			);
			name = Source;
			path = ../../Source;
			sourceTree = "<group>";
		};
		459207F513280E2400B561F4 /* OpenGL */ = {
			isa = PBXGroup;
			children = (
				459207F613280E2400B561F4 /* CBlockRenderer.h */,
				459207F713280E2400B561F4 /* CBlockRenderer.m */,
				459207F813280E2400B561F4 /* CFrameBuffer.h */,
				459207F913280E2400B561F4 /* CFrameBuffer.m */,
				459207FA13280E2400B561F4 /* CMutableVertexBuffer.h */,
				459207FB13280E2400B561F4 /* CMutableVertexBuffer.m */,
				459207FC13280E2400B561F4 /* CProgram.h */,
				459207FD13280E2400B561F4 /* CProgram.m */,
				459207FE13280E2400B561F4 /* CProgram_ConvenienceExtensions.h */,
				459207FF13280E2400B561F4 /* CProgram_ConvenienceExtensions.m */,
				4592080013280E2400B561F4 /* CRenderBuffer.h */,
				4592080113280E2400B561F4 /* CRenderBuffer.m */,
				4592080213280E2400B561F4 /* CRenderer.h */,
				4592080313280E2400B561F4 /* CRenderer.m */,
				4592080413280E2400B561F4 /* CShader.h */,
				4592080513280E2400B561F4 /* CShader.m */,
				4592080613280E2400B561F4 /* CTexture.h */,
				4592080713280E2400B561F4 /* CTexture.m */,
				4592080813280E2400B561F4 /* CTexture_TilingExtension.h */,
				4592080913280E2400B561F4 /* CTexture_TilingExtension.m */,
				4592080A13280E2400B561F4 /* CTextureLoader.h */,
				4592080B13280E2400B561F4 /* CTextureLoader.m */,
				457DA863132ED6F400D321F8 /* CLibrary.h */,
				457DA864132ED6F400D321F8 /* CLibrary.m */,
				4592080C13280E2400B561F4 /* CVertexBuffer.h */,
				4592080D13280E2400B561F4 /* CVertexBuffer.m */,
				4592080E13280E2400B561F4 /* CVertexBuffer_FactoryExtensions.h */,
				4592080F13280E2400B561F4 /* CVertexBuffer_FactoryExtensions.m */,
				4592081013280E2400B561F4 /* CVertexBufferReference.h */,
				4592081113280E2400B561F4 /* CVertexBufferReference.m */,
				45BF339D132866170096D2D4 /* CArcBall.h */,
				45BF339E132866190096D2D4 /* CArcBall.m */,
				45BFEA62132965ED00B6C3D8 /* Matrix.h */,
				45BFEA63132965ED00B6C3D8 /* Matrix.m */,
				45BFEA5E132957DA00B6C3D8 /* Quaternion.h */,
				45BFEA5F132957DB00B6C3D8 /* Quaternion.m */,
				4592081213280E2400B561F4 /* iOS */,
				4592081B13280E2400B561F4 /* OpenGLIncludes.h */,
				4592081C13280E2400B561F4 /* OpenGLTypes.h */,
				4592081D13280E2400B561F4 /* OpenGLTypes.m */,
			);
			path = OpenGL;
			sourceTree = "<group>";
		};
		4592081213280E2400B561F4 /* iOS */ = {
			isa = PBXGroup;
			children = (
				4592081313280E2400B561F4 /* CImageTextureLoader.h */,
				4592081413280E2400B561F4 /* CImageTextureLoader.m */,
				4592081513280E2400B561F4 /* CPVRTextureLoader.h */,
				4592081613280E2400B561F4 /* CPVRTextureLoader.m */,
				4592081713280E2400B561F4 /* CRendererView.h */,
				4592081813280E2400B561F4 /* CRendererView.m */,
				45BF339613285FF80096D2D4 /* CInteractiveRendererView.h */,
				45BF339713285FF80096D2D4 /* CInteractiveRendererView.m */,
				4592081913280E2400B561F4 /* UIColor_OpenGLExtensions.h */,
				4592081A13280E2400B561F4 /* UIColor_OpenGLExtensions.m */,
			);
			path = iOS;
			sourceTree = "<group>";
		};
		4592083613280E2400B561F4 /* Shaders */ = {
			isa = PBXGroup;
			children = (
				4537C2151332B6A900DE1A0A /* SimpleTexture.fsh */,
				4537C2161332B6A900DE1A0A /* SimpleTexture.vsh */,
				4592083913280E2400B561F4 /* Flat.fsh */,
				4592083A13280E2400B561F4 /* Flat.vsh */,
				459CFBAB1332E9AB00B16315 /* Flat2.fsh */,
				459CFBAC1332E9AB00B16315 /* Flat2.vsh */,
			);
			path = Shaders;
			sourceTree = "<group>";
		};
		45F259731333308C0017E74D /* Liberty */ = {
			isa = PBXGroup;
			children = (
				45F259741333308C0017E74D /* 0b703a902d943cd5aee65566450fb678.vbo */,
				45F259751333308C0017E74D /* 2c03150febf6b8fc88d1b70ded473087.vbo */,
				45F259761333308C0017E74D /* 3022a385f4e1ef00290c07af8e524bd3.vbo */,
				45F259771333308C0017E74D /* 321432037272557a70afebf938de1297.vbo */,
				45F259781333308C0017E74D /* 3b128e3091c4e86e2719e6290bee6f47.vbo */,
				45F259791333308C0017E74D /* 410c444206893916f495cfe4778984b6.vbo */,
				45F2597A1333308C0017E74D /* 4990d76102d119b34860044d84d2a04c.vbo */,
				45F2597B1333308C0017E74D /* 4b99fde1dfb1c28d59d758bd4d0bd004.vbo */,
				45F2597C1333308C0017E74D /* 4f4f44e130a2d3f7f2d60ccdcbaad9c1.vbo */,
				45F2597D1333308C0017E74D /* 4f9d4dd55dab3310020ccb6c412a46a8.vbo */,
				45F2597E1333308C0017E74D /* 54e609133d61f596977e7dfcd072de52.vbo */,
				45F2597F1333308C0017E74D /* 6c541d34e7cde14a71544a0b408ae75d.vbo */,
				45F259801333308C0017E74D /* 6ce48efb5b9ce104af8b1d7c8a25d3d0.vbo */,
				45F259811333308C0017E74D /* 7c054eede78ea950ae9bf846e3c7b1fd.vbo */,
				45F259821333308C0017E74D /* 7d697e76d39a847c93e3c97912f44f10.vbo */,
				45F259831333308C0017E74D /* 967792ae21815e3f16b9f483a061e471.vbo */,
				45F259841333308C0017E74D /* 9c39c2f632fe9f13830925ec213a1121.vbo */,
				45F259851333308C0017E74D /* _Gray6_.jpg */,
				45F259861333308C0017E74D /* a5626a2863d2d718e1c2de43615a1bea.vbo */,
				45F259871333308C0017E74D /* ab7356152912de87c8a7e4632a5a4900.vbo */,
				45F259881333308C0017E74D /* bc679230baae5bdad42eaa116485799d.vbo */,
				45F259891333308C0017E74D /* cc40fd24f70b340f76d2344edb4c08e1.vbo */,
				45F2598A1333308C0017E74D /* Color_H10.jpg */,
				45F2598B1333308C0017E74D /* d11a07416dde56258aed702c6687b7ff.vbo */,
				45F2598C1333308C0017E74D /* da164641e241b67770837a2159c13682.vbo */,
				45F2598D1333308C0017E74D /* e3fa462dd947180e9913f558bfec9ac1.vbo */,
				45F2598E1333308C0017E74D /* ec8079f1bca8bc9508fff4c3c4be5ee3.vbo */,
				45F2598F1333308C0017E74D /* f838827f388cd792184e98cafc205f11.vbo */,
				45F259901333308C0017E74D /* Google_Earth_Snapshot1.jpg */,
				45F259911333308C0017E74D /* Liberty.plist */,
				45F259921333308C0017E74D /* M_94_20Statue_20of_20Liberty.jpg */,
				45F259931333308C0017E74D /* M_94_20Statue_20of_20Liberty10_.jpg */,
				45F259941333308C0017E74D /* M_94_20Statue_20of_20Liberty11_.jpg */,
				45F259951333308C0017E74D /* M_94_20Statue_20of_20Liberty12_.jpg */,
				45F259961333308C0017E74D /* M_94_20Statue_20of_20Liberty13_.jpg */,
				45F259971333308C0017E74D /* M_94_20Statue_20of_20Liberty14_.jpg */,
				45F259981333308C0017E74D /* M_94_20Statue_20of_20Liberty15_.jpg */,
				45F259991333308C0017E74D /* M_94_20Statue_20of_20Liberty16_.jpg */,
				45F2599A1333308C0017E74D /* M_94_20Statue_20of_20Liberty17_.jpg */,
				45F2599B1333308C0017E74D /* M_94_20Statue_20of_20Liberty18_.jpg */,
				45F2599C1333308C0017E74D /* M_94_20Statue_20of_20Liberty1_.jpg */,
				45F2599D1333308C0017E74D /* M_94_20Statue_20of_20Liberty2_.jpg */,
				45F2599E1333308C0017E74D /* M_94_20Statue_20of_20Liberty3_.jpg */,
				45F2599F1333308C0017E74D /* M_94_20Statue_20of_20Liberty4_.jpg */,
				45F259A01333308C0017E74D /* M_94_20Statue_20of_20Liberty5_.jpg */,
				45F259A11333308C0017E74D /* M_94_20Statue_20of_20Liberty6_.jpg */,
				45F259A21333308C0017E74D /* M_94_20Statue_20of_20Liberty7_.jpg */,
				45F259A31333308C0017E74D /* M_94_20Statue_20of_20Liberty8_.jpg */,
				45F259A41333308C0017E74D /* M_94_20Statue_20of_20Liberty9_.jpg */,
				45F259A51333308C0017E74D /* Material1.jpg */,
				45F259A61333308C0017E74D /* Material2.jpg */,
				45F259A71333308C0017E74D /* Statue_thumb.jpg */,
			);
			path = Liberty;
			sourceTree = "<group>";
		};
		45F9EA2A13301D37005DF7A8 /* Samples */ = {
			isa = PBXGroup;
			children = (
				45F259731333308C0017E74D /* Liberty */,
				453FBD9713331C4F00381AB6 /* utah_teapot_hires */,
				4537C22C1332CCA800DE1A0A /* TIE_INTERCEPTOR */,
			);
			path = Samples;
			sourceTree = SOURCE_ROOT;
		};
		45F9EE4E13301D8B005DF7A8 /* Common */ = {
			isa = PBXGroup;
			children = (
				45F9EE4F13301D8B005DF7A8 /* CTestRenderer.h */,
				45F9EE5013301D8B005DF7A8 /* CTestRenderer.m */,
				45F9EE5113301D8B005DF7A8 /* CTestSceneRenderer.h */,
				45F9EE5213301D8B005DF7A8 /* CTestSceneRenderer.m */,
			);
			name = Common;
			path = ../Common;
			sourceTree = "<group>";
		};
/* End PBXGroup section */

/* Begin PBXNativeTarget section */
		45781C53130AFE1E00B57285 /* ModelViewer */ = {
			isa = PBXNativeTarget;
			buildConfigurationList = 45781C75130AFE1E00B57285 /* Build configuration list for PBXNativeTarget "ModelViewer" */;
			buildPhases = (
				45781C50130AFE1E00B57285 /* Sources */,
				45781C51130AFE1E00B57285 /* Frameworks */,
				45781C52130AFE1E00B57285 /* Resources */,
			);
			buildRules = (
			);
			dependencies = (
			);
			name = ModelViewer;
			productName = SketchTest;
			productReference = 45781C54130AFE1E00B57285 /* ModelViewer.app */;
			productType = "com.apple.product-type.application";
		};
/* End PBXNativeTarget section */

/* Begin PBXProject section */
		45781C4B130AFE1E00B57285 /* Project object */ = {
			isa = PBXProject;
			attributes = {
				ORGANIZATIONNAME = toxicsoftware.com;
			};
			buildConfigurationList = 45781C4E130AFE1E00B57285 /* Build configuration list for PBXProject "ModelViewer" */;
			compatibilityVersion = "Xcode 3.2";
			developmentRegion = English;
			hasScannedForEncodings = 0;
			knownRegions = (
				en,
			);
			mainGroup = 45781C49130AFE1E00B57285;
			productRefGroup = 45781C55130AFE1E00B57285 /* Products */;
			projectDirPath = "";
			projectRoot = "";
			targets = (
				45781C53130AFE1E00B57285 /* ModelViewer */,
			);
		};
/* End PBXProject section */

/* Begin PBXResourcesBuildPhase section */
		45781C52130AFE1E00B57285 /* Resources */ = {
			isa = PBXResourcesBuildPhase;
			buildActionMask = 2147483647;
			files = (
				459CFBAD1332E9AB00B16315 /* Flat2.fsh in Resources */,
				459CFBAE1332E9AB00B16315 /* Flat2.vsh in Resources */,
				4537C2171332B6A900DE1A0A /* SimpleTexture.fsh in Resources */,
				4537C2181332B6A900DE1A0A /* SimpleTexture.vsh in Resources */,
				4527175F130B27D700529A0C /* Brick.png in Resources */,
				4529966F130B8D6A009FD0A3 /* MainWindow.xib in Resources */,
				4592086213280E2400B561F4 /* Flat.fsh in Resources */,
				4592086313280E2400B561F4 /* Flat.vsh in Resources */,
				4537C2371332CCA900DE1A0A /* 0628d4305ef71de954ca2884014ef582.vbo in Resources */,
				4537C2381332CCA900DE1A0A /* 36d303c4c2bcf0f28d45bf2b059db91b.vbo in Resources */,
				4537C2391332CCA900DE1A0A /* 4c60901c22e234db775ff48e63094985.vbo in Resources */,
				4537C23A1332CCA900DE1A0A /* 6b47ea2cc9b68d9a102d760f37e895ef.vbo in Resources */,
				4537C23B1332CCA900DE1A0A /* 87465a31d831d5f719e4175a136988c3.vbo in Resources */,
				4537C23C1332CCA900DE1A0A /* ba6e65e0d0a864d3fff6688dad9f8c10.vbo in Resources */,
				4537C23D1332CCA900DE1A0A /* d8823661598803804bc5cec69a468cda.vbo in Resources */,
				4537C23E1332CCA900DE1A0A /* eb55d9a8d75a67d5db2ca0b365a2e51b.vbo in Resources */,
				4537C23F1332CCA900DE1A0A /* f463fb69546ffaf9a1180ec879a06e52.vbo in Resources */,
				4537C2401332CCA900DE1A0A /* TIE_INTERCEPTOR.plist in Resources */,
				4537C2451332CF3E00DE1A0A /* _Gainsboro_.jpg in Resources */,
				453FBD9A13331C4F00381AB6 /* 831d02874faef2b89f1083bd5380f240.vbo in Resources */,
				453FBD9B13331C4F00381AB6 /* utah_teapot_hires.plist in Resources */,
				45F259A81333308C0017E74D /* 0b703a902d943cd5aee65566450fb678.vbo in Resources */,
				45F259A91333308C0017E74D /* 2c03150febf6b8fc88d1b70ded473087.vbo in Resources */,
				45F259AA1333308C0017E74D /* 3022a385f4e1ef00290c07af8e524bd3.vbo in Resources */,
				45F259AB1333308C0017E74D /* 321432037272557a70afebf938de1297.vbo in Resources */,
				45F259AC1333308C0017E74D /* 3b128e3091c4e86e2719e6290bee6f47.vbo in Resources */,
				45F259AD1333308C0017E74D /* 410c444206893916f495cfe4778984b6.vbo in Resources */,
				45F259AE1333308C0017E74D /* 4990d76102d119b34860044d84d2a04c.vbo in Resources */,
				45F259AF1333308C0017E74D /* 4b99fde1dfb1c28d59d758bd4d0bd004.vbo in Resources */,
				45F259B01333308C0017E74D /* 4f4f44e130a2d3f7f2d60ccdcbaad9c1.vbo in Resources */,
				45F259B11333308C0017E74D /* 4f9d4dd55dab3310020ccb6c412a46a8.vbo in Resources */,
				45F259B21333308C0017E74D /* 54e609133d61f596977e7dfcd072de52.vbo in Resources */,
				45F259B31333308C0017E74D /* 6c541d34e7cde14a71544a0b408ae75d.vbo in Resources */,
				45F259B41333308C0017E74D /* 6ce48efb5b9ce104af8b1d7c8a25d3d0.vbo in Resources */,
				45F259B51333308C0017E74D /* 7c054eede78ea950ae9bf846e3c7b1fd.vbo in Resources */,
				45F259B61333308C0017E74D /* 7d697e76d39a847c93e3c97912f44f10.vbo in Resources */,
				45F259B71333308C0017E74D /* 967792ae21815e3f16b9f483a061e471.vbo in Resources */,
				45F259B81333308C0017E74D /* 9c39c2f632fe9f13830925ec213a1121.vbo in Resources */,
				45F259B91333308C0017E74D /* _Gray6_.jpg in Resources */,
				45F259BA1333308C0017E74D /* a5626a2863d2d718e1c2de43615a1bea.vbo in Resources */,
				45F259BB1333308C0017E74D /* ab7356152912de87c8a7e4632a5a4900.vbo in Resources */,
				45F259BC1333308C0017E74D /* bc679230baae5bdad42eaa116485799d.vbo in Resources */,
				45F259BD1333308C0017E74D /* cc40fd24f70b340f76d2344edb4c08e1.vbo in Resources */,
				45F259BE1333308C0017E74D /* Color_H10.jpg in Resources */,
				45F259BF1333308C0017E74D /* d11a07416dde56258aed702c6687b7ff.vbo in Resources */,
				45F259C01333308C0017E74D /* da164641e241b67770837a2159c13682.vbo in Resources */,
				45F259C11333308C0017E74D /* e3fa462dd947180e9913f558bfec9ac1.vbo in Resources */,
				45F259C21333308C0017E74D /* ec8079f1bca8bc9508fff4c3c4be5ee3.vbo in Resources */,
				45F259C31333308C0017E74D /* f838827f388cd792184e98cafc205f11.vbo in Resources */,
				45F259C41333308C0017E74D /* Google_Earth_Snapshot1.jpg in Resources */,
				45F259C51333308C0017E74D /* Liberty.plist in Resources */,
				45F259C61333308C0017E74D /* M_94_20Statue_20of_20Liberty.jpg in Resources */,
				45F259C71333308C0017E74D /* M_94_20Statue_20of_20Liberty10_.jpg in Resources */,
				45F259C81333308C0017E74D /* M_94_20Statue_20of_20Liberty11_.jpg in Resources */,
				45F259C91333308C0017E74D /* M_94_20Statue_20of_20Liberty12_.jpg in Resources */,
				45F259CA1333308C0017E74D /* M_94_20Statue_20of_20Liberty13_.jpg in Resources */,
				45F259CB1333308C0017E74D /* M_94_20Statue_20of_20Liberty14_.jpg in Resources */,
				45F259CC1333308C0017E74D /* M_94_20Statue_20of_20Liberty15_.jpg in Resources */,
				45F259CD1333308C0017E74D /* M_94_20Statue_20of_20Liberty16_.jpg in Resources */,
				45F259CE1333308C0017E74D /* M_94_20Statue_20of_20Liberty17_.jpg in Resources */,
				45F259CF1333308C0017E74D /* M_94_20Statue_20of_20Liberty18_.jpg in Resources */,
				45F259D01333308C0017E74D /* M_94_20Statue_20of_20Liberty1_.jpg in Resources */,
				45F259D11333308C0017E74D /* M_94_20Statue_20of_20Liberty2_.jpg in Resources */,
				45F259D21333308C0017E74D /* M_94_20Statue_20of_20Liberty3_.jpg in Resources */,
				45F259D31333308C0017E74D /* M_94_20Statue_20of_20Liberty4_.jpg in Resources */,
				45F259D41333308C0017E74D /* M_94_20Statue_20of_20Liberty5_.jpg in Resources */,
				45F259D51333308C0017E74D /* M_94_20Statue_20of_20Liberty6_.jpg in Resources */,
				45F259D61333308C0017E74D /* M_94_20Statue_20of_20Liberty7_.jpg in Resources */,
				45F259D71333308C0017E74D /* M_94_20Statue_20of_20Liberty8_.jpg in Resources */,
				45F259D81333308C0017E74D /* M_94_20Statue_20of_20Liberty9_.jpg in Resources */,
				45F259D91333308C0017E74D /* Material1.jpg in Resources */,
				45F259DA1333308C0017E74D /* Material2.jpg in Resources */,
				45F259DB1333308C0017E74D /* Statue_thumb.jpg in Resources */,
			);
			runOnlyForDeploymentPostprocessing = 0;
		};
/* End PBXResourcesBuildPhase section */

/* Begin PBXSourcesBuildPhase section */
		45781C50130AFE1E00B57285 /* Sources */ = {
			isa = PBXSourcesBuildPhase;
			buildActionMask = 2147483647;
			files = (
				4529966C130B8D6A009FD0A3 /* CModelViewController.m in Sources */,
				4529966E130B8D6A009FD0A3 /* main.m in Sources */,
				4592084213280E2400B561F4 /* CBlockRenderer.m in Sources */,
				4592084313280E2400B561F4 /* CFrameBuffer.m in Sources */,
				4592084413280E2400B561F4 /* CMutableVertexBuffer.m in Sources */,
				4592084513280E2400B561F4 /* CProgram.m in Sources */,
				4592084613280E2400B561F4 /* CProgram_ConvenienceExtensions.m in Sources */,
				4592084713280E2400B561F4 /* CRenderBuffer.m in Sources */,
				4592084813280E2400B561F4 /* CRenderer.m in Sources */,
				4592084913280E2400B561F4 /* CShader.m in Sources */,
				4592084A13280E2400B561F4 /* CTexture.m in Sources */,
				4592084B13280E2400B561F4 /* CTexture_TilingExtension.m in Sources */,
				4592084C13280E2400B561F4 /* CTextureLoader.m in Sources */,
				4592084D13280E2400B561F4 /* CVertexBuffer.m in Sources */,
				4592084E13280E2400B561F4 /* CVertexBuffer_FactoryExtensions.m in Sources */,
				4592084F13280E2400B561F4 /* CVertexBufferReference.m in Sources */,
				4592085013280E2400B561F4 /* CImageTextureLoader.m in Sources */,
				4592085113280E2400B561F4 /* CPVRTextureLoader.m in Sources */,
				4592085213280E2400B561F4 /* CRendererView.m in Sources */,
				4592085313280E2400B561F4 /* UIColor_OpenGLExtensions.m in Sources */,
				4592085413280E2400B561F4 /* OpenGLTypes.m in Sources */,
				45434BAB1328142700A353EC /* CScene.m in Sources */,
				45434BAC1328142700A353EC /* CSceneGeometry.m in Sources */,
				45434BAD1328142700A353EC /* CSceneGeometry_ConvenienceExtensions.m in Sources */,
				45434BAE1328142700A353EC /* CSceneGeometryBrush.m in Sources */,
				45434BAF1328142700A353EC /* CSceneGraphRenderer.m in Sources */,
				45434BB01328142700A353EC /* CSceneNode.m in Sources */,
				45434BB11328142700A353EC /* CSceneStyle.m in Sources */,
				45434BBD13281C1A00A353EC /* CModelLoader.m in Sources */,
				45BF339813285FF80096D2D4 /* CInteractiveRendererView.m in Sources */,
				45BF339F1328661C0096D2D4 /* CArcBall.m in Sources */,
				45BFEA60132957DB00B6C3D8 /* Quaternion.m in Sources */,
				45BFEA64132965ED00B6C3D8 /* Matrix.m in Sources */,
				457DA865132ED6F400D321F8 /* CLibrary.m in Sources */,
				45F9EE5313301D8B005DF7A8 /* CTestRenderer.m in Sources */,
				45F9EE5413301D8B005DF7A8 /* CTestSceneRenderer.m in Sources */,
				45E1712213318E2000ECA02A /* COBJRenderer.m in Sources */,
				4537C19D1332985900DE1A0A /* CMesh.m in Sources */,
				4537C1A0133298C100DE1A0A /* CMeshLoader.m in Sources */,
				4537C2431332CCE100DE1A0A /* CMaterial.m in Sources */,
				459CFBAA1332E79000B16315 /* CRenderer_Extensions.m in Sources */,
				45E9B15A13332764000212E8 /* AccelerometerFilter.m in Sources */,
			);
			runOnlyForDeploymentPostprocessing = 0;
		};
/* End PBXSourcesBuildPhase section */

/* Begin XCBuildConfiguration section */
		45781C73130AFE1E00B57285 /* Debug */ = {
			isa = XCBuildConfiguration;
			buildSettings = {
				ARCHS = "$(ARCHS_UNIVERSAL_IPHONE_OS)";
				"CODE_SIGN_IDENTITY[sdk=iphoneos*]" = "iPhone Developer";
				GCC_C_LANGUAGE_STANDARD = gnu99;
				GCC_OPTIMIZATION_LEVEL = 0;
				GCC_PREPROCESSOR_DEFINITIONS = DEBUG;
				GCC_VERSION = com.apple.compilers.llvmgcc42;
				GCC_WARN_ABOUT_RETURN_TYPE = YES;
				GCC_WARN_UNUSED_VARIABLE = YES;
				IPHONEOS_DEPLOYMENT_TARGET = 4.2;
				SDKROOT = iphoneos;
				TARGETED_DEVICE_FAMILY = 2;
			};
			name = Debug;
		};
		45781C74130AFE1E00B57285 /* Release */ = {
			isa = XCBuildConfiguration;
			buildSettings = {
				ARCHS = "$(ARCHS_UNIVERSAL_IPHONE_OS)";
				"CODE_SIGN_IDENTITY[sdk=iphoneos*]" = "iPhone Developer";
				GCC_C_LANGUAGE_STANDARD = gnu99;
				GCC_VERSION = com.apple.compilers.llvmgcc42;
				GCC_WARN_ABOUT_RETURN_TYPE = YES;
				GCC_WARN_UNUSED_VARIABLE = YES;
				IPHONEOS_DEPLOYMENT_TARGET = 4.2;
				OTHER_CFLAGS = "-DNS_BLOCK_ASSERTIONS=1";
				SDKROOT = iphoneos;
				TARGETED_DEVICE_FAMILY = 2;
			};
			name = Release;
		};
		45781C76130AFE1E00B57285 /* Debug */ = {
			isa = XCBuildConfiguration;
			buildSettings = {
				ALWAYS_SEARCH_USER_PATHS = NO;
				COPY_PHASE_STRIP = NO;
				GCC_DYNAMIC_NO_PIC = NO;
				GCC_PRECOMPILE_PREFIX_HEADER = YES;
				GCC_PREFIX_HEADER = Prefix.pch;
				GCC_VERSION = com.apple.compilers.llvm.clang.1_0;
				INFOPLIST_FILE = Info.plist;
				INSTALL_PATH = "$(LOCAL_APPS_DIR)";
				OTHER_CFLAGS = "-DDEBUG=1";
				PRODUCT_NAME = "$(TARGET_NAME)";
				WRAPPER_EXTENSION = app;
			};
			name = Debug;
		};
		45781C77130AFE1E00B57285 /* Release */ = {
			isa = XCBuildConfiguration;
			buildSettings = {
				ALWAYS_SEARCH_USER_PATHS = NO;
				COPY_PHASE_STRIP = YES;
				GCC_PRECOMPILE_PREFIX_HEADER = YES;
				GCC_PREFIX_HEADER = Prefix.pch;
				GCC_VERSION = com.apple.compilers.llvm.clang.1_0;
				INFOPLIST_FILE = Info.plist;
				INSTALL_PATH = "$(LOCAL_APPS_DIR)";
				PRODUCT_NAME = "$(TARGET_NAME)";
				VALIDATE_PRODUCT = YES;
				WRAPPER_EXTENSION = app;
			};
			name = Release;
		};
/* End XCBuildConfiguration section */

/* Begin XCConfigurationList section */
		45781C4E130AFE1E00B57285 /* Build configuration list for PBXProject "ModelViewer" */ = {
			isa = XCConfigurationList;
			buildConfigurations = (
				45781C73130AFE1E00B57285 /* Debug */,
				45781C74130AFE1E00B57285 /* Release */,
			);
			defaultConfigurationIsVisible = 0;
			defaultConfigurationName = Release;
		};
		45781C75130AFE1E00B57285 /* Build configuration list for PBXNativeTarget "ModelViewer" */ = {
			isa = XCConfigurationList;
			buildConfigurations = (
				45781C76130AFE1E00B57285 /* Debug */,
				45781C77130AFE1E00B57285 /* Release */,
			);
			defaultConfigurationIsVisible = 0;
			defaultConfigurationName = Release;
		};
/* End XCConfigurationList section */
	};
	rootObject = 45781C4B130AFE1E00B57285 /* Project object */;
}
