// !$*UTF8*$!
{
	archiveVersion = 1;
	classes = {
	};
	objectVersion = 46;
	objects = {

/* Begin PBXBuildFile section */
		4527174A130B202F00529A0C /* OpenGLES.framework in Frameworks */ = {isa = PBXBuildFile; fileRef = 45271749130B202F00529A0C /* OpenGLES.framework */; };
		4527174C130B203700529A0C /* QuartzCore.framework in Frameworks */ = {isa = PBXBuildFile; fileRef = 4527174B130B203700529A0C /* QuartzCore.framework */; };
		4529966C130B8D6A009FD0A3 /* CModelViewController.m in Sources */ = {isa = PBXBuildFile; fileRef = 45299664130B8D6A009FD0A3 /* CModelViewController.m */; };
		4529966E130B8D6A009FD0A3 /* main.m in Sources */ = {isa = PBXBuildFile; fileRef = 45299666130B8D6A009FD0A3 /* main.m */; };
		4529966F130B8D6A009FD0A3 /* MainWindow.xib in Resources */ = {isa = PBXBuildFile; fileRef = 45299667130B8D6A009FD0A3 /* MainWindow.xib */; };
		453D9386133A6F970049D629 /* Square_New.model.plist in Resources */ = {isa = PBXBuildFile; fileRef = 453D9385133A6F970049D629 /* Square_New.model.plist */; };
		45781C59130AFE1E00B57285 /* UIKit.framework in Frameworks */ = {isa = PBXBuildFile; fileRef = 45781C58130AFE1E00B57285 /* UIKit.framework */; };
		45781C5B130AFE1E00B57285 /* Foundation.framework in Frameworks */ = {isa = PBXBuildFile; fileRef = 45781C5A130AFE1E00B57285 /* Foundation.framework */; };
		45781C5D130AFE1E00B57285 /* CoreGraphics.framework in Frameworks */ = {isa = PBXBuildFile; fileRef = 45781C5C130AFE1E00B57285 /* CoreGraphics.framework */; };
		457C0282133D32F80001A967 /* 0844fae959326fe64213b74f190eac6a.vbo in Resources */ = {isa = PBXBuildFile; fileRef = 457C0271133D32F80001A967 /* 0844fae959326fe64213b74f190eac6a.vbo */; };
		457C0283133D32F80001A967 /* 206a99ca421e23b8bc38f50800dd1e9a.vbo in Resources */ = {isa = PBXBuildFile; fileRef = 457C0272133D32F80001A967 /* 206a99ca421e23b8bc38f50800dd1e9a.vbo */; };
		457C0284133D32F80001A967 /* 28bba4089cbb02185e6861c396912fa4.vbo in Resources */ = {isa = PBXBuildFile; fileRef = 457C0273133D32F80001A967 /* 28bba4089cbb02185e6861c396912fa4.vbo */; };
		457C0285133D32F80001A967 /* 2929fd0aaf91fd1e3f83a26c2dfcea6d.vbo in Resources */ = {isa = PBXBuildFile; fileRef = 457C0274133D32F80001A967 /* 2929fd0aaf91fd1e3f83a26c2dfcea6d.vbo */; };
		457C0286133D32F80001A967 /* 316f363293b7b215a4983f53e294335f.vbo in Resources */ = {isa = PBXBuildFile; fileRef = 457C0275133D32F80001A967 /* 316f363293b7b215a4983f53e294335f.vbo */; };
		457C0287133D32F80001A967 /* 31fc644b5cba7cb691066531db55f48a.vbo in Resources */ = {isa = PBXBuildFile; fileRef = 457C0276133D32F80001A967 /* 31fc644b5cba7cb691066531db55f48a.vbo */; };
		457C0288133D32F80001A967 /* 4a81197c95ef514c8d20cb16e4b8d5c7.vbo in Resources */ = {isa = PBXBuildFile; fileRef = 457C0277133D32F80001A967 /* 4a81197c95ef514c8d20cb16e4b8d5c7.vbo */; };
		457C0289133D32F80001A967 /* 65435d585a30d9815b36c761b1415f4e.vbo in Resources */ = {isa = PBXBuildFile; fileRef = 457C0278133D32F80001A967 /* 65435d585a30d9815b36c761b1415f4e.vbo */; };
		457C028A133D32F80001A967 /* 6b54ac3e25745674b92181e00025c6e9.vbo in Resources */ = {isa = PBXBuildFile; fileRef = 457C0279133D32F80001A967 /* 6b54ac3e25745674b92181e00025c6e9.vbo */; };
		457C028B133D32F80001A967 /* 7e876531305c6d1efc7f2af0fbf2f861.vbo in Resources */ = {isa = PBXBuildFile; fileRef = 457C027A133D32F80001A967 /* 7e876531305c6d1efc7f2af0fbf2f861.vbo */; };
		457C028C133D32F80001A967 /* 89e2e041718e2027110ccf95c0a2f980.vbo in Resources */ = {isa = PBXBuildFile; fileRef = 457C027B133D32F80001A967 /* 89e2e041718e2027110ccf95c0a2f980.vbo */; };
		457C028D133D32F80001A967 /* 934893b2139f29444d4a9a15005412e2.vbo in Resources */ = {isa = PBXBuildFile; fileRef = 457C027C133D32F80001A967 /* 934893b2139f29444d4a9a15005412e2.vbo */; };
		457C028E133D32F80001A967 /* 950f8b2639b9057f06bb8a006adda17e.vbo in Resources */ = {isa = PBXBuildFile; fileRef = 457C027D133D32F80001A967 /* 950f8b2639b9057f06bb8a006adda17e.vbo */; };
		457C028F133D32F80001A967 /* bbf5b792d7fbbd626571c509fd93880b.vbo in Resources */ = {isa = PBXBuildFile; fileRef = 457C027E133D32F80001A967 /* bbf5b792d7fbbd626571c509fd93880b.vbo */; };
		457C0290133D32F80001A967 /* e04f82c88f19e2da5d5951fdd742f3ed.vbo in Resources */ = {isa = PBXBuildFile; fileRef = 457C027F133D32F80001A967 /* e04f82c88f19e2da5d5951fdd742f3ed.vbo */; };
		457C0291133D32F80001A967 /* f6bead391a42ba9210bf799238f2182f.vbo in Resources */ = {isa = PBXBuildFile; fileRef = 457C0280133D32F80001A967 /* f6bead391a42ba9210bf799238f2182f.vbo */; };
		457C0292133D32F80001A967 /* Skull2.model.plist in Resources */ = {isa = PBXBuildFile; fileRef = 457C0281133D32F80001A967 /* Skull2.model.plist */; };
		457C030D133D57A20001A967 /* CGeometry.m in Sources */ = {isa = PBXBuildFile; fileRef = 457C02B3133D57A20001A967 /* CGeometry.m */; };
		457C030E133D57A20001A967 /* CMaterial.m in Sources */ = {isa = PBXBuildFile; fileRef = 457C02B5133D57A20001A967 /* CMaterial.m */; };
		457C030F133D57A20001A967 /* CMesh.m in Sources */ = {isa = PBXBuildFile; fileRef = 457C02B7133D57A20001A967 /* CMesh.m */; };
		457C0310133D57A20001A967 /* CMeshLoader.m in Sources */ = {isa = PBXBuildFile; fileRef = 457C02B9133D57A20001A967 /* CMeshLoader.m */; };
		457C0311133D57A20001A967 /* COBJRenderer.m in Sources */ = {isa = PBXBuildFile; fileRef = 457C02BB133D57A20001A967 /* COBJRenderer.m */; };
		457C0312133D57A20001A967 /* CArcBall.m in Sources */ = {isa = PBXBuildFile; fileRef = 457C02BE133D57A20001A967 /* CArcBall.m */; };
		457C0313133D57A20001A967 /* CBlockRenderer.m in Sources */ = {isa = PBXBuildFile; fileRef = 457C02C0133D57A20001A967 /* CBlockRenderer.m */; };
		457C0314133D57A20001A967 /* CFrameBuffer.m in Sources */ = {isa = PBXBuildFile; fileRef = 457C02C2133D57A20001A967 /* CFrameBuffer.m */; };
		457C0315133D57A20001A967 /* CMutableVertexBuffer.m in Sources */ = {isa = PBXBuildFile; fileRef = 457C02C4133D57A20001A967 /* CMutableVertexBuffer.m */; };
		457C0316133D57A20001A967 /* Color_OpenGLExtensions.m in Sources */ = {isa = PBXBuildFile; fileRef = 457C02C7133D57A20001A967 /* Color_OpenGLExtensions.m */; };
		457C0317133D57A20001A967 /* Color_PropertyListRepresentation.m in Sources */ = {isa = PBXBuildFile; fileRef = 457C02C9133D57A20001A967 /* Color_PropertyListRepresentation.m */; };
		457C0318133D57A20001A967 /* COpenGLAssetLibrary.m in Sources */ = {isa = PBXBuildFile; fileRef = 457C02CB133D57A20001A967 /* COpenGLAssetLibrary.m */; };
		457C0319133D57A20001A967 /* CProgram.m in Sources */ = {isa = PBXBuildFile; fileRef = 457C02CD133D57A20001A967 /* CProgram.m */; };
		457C031A133D57A20001A967 /* CRenderBuffer.m in Sources */ = {isa = PBXBuildFile; fileRef = 457C02CF133D57A20001A967 /* CRenderBuffer.m */; };
		457C031B133D57A20001A967 /* CRenderer.m in Sources */ = {isa = PBXBuildFile; fileRef = 457C02D1133D57A20001A967 /* CRenderer.m */; };
		457C031C133D57A20001A967 /* CRenderer_Extensions.m in Sources */ = {isa = PBXBuildFile; fileRef = 457C02D3133D57A20001A967 /* CRenderer_Extensions.m */; };
		457C031D133D57A20001A967 /* CShader.m in Sources */ = {isa = PBXBuildFile; fileRef = 457C02D5133D57A20001A967 /* CShader.m */; };
		457C031E133D57A20001A967 /* CTexture.m in Sources */ = {isa = PBXBuildFile; fileRef = 457C02D7133D57A20001A967 /* CTexture.m */; };
		457C0320133D57A20001A967 /* CTextureLoader.m in Sources */ = {isa = PBXBuildFile; fileRef = 457C02DB133D57A20001A967 /* CTextureLoader.m */; };
		457C0321133D57A20001A967 /* CVertexArrayBuffer.m in Sources */ = {isa = PBXBuildFile; fileRef = 457C02DD133D57A20001A967 /* CVertexArrayBuffer.m */; };
		457C0322133D57A20001A967 /* CVertexBuffer.m in Sources */ = {isa = PBXBuildFile; fileRef = 457C02DF133D57A20001A967 /* CVertexBuffer.m */; };
		457C0323133D57A20001A967 /* CVertexBuffer_FactoryExtensions.m in Sources */ = {isa = PBXBuildFile; fileRef = 457C02E1133D57A20001A967 /* CVertexBuffer_FactoryExtensions.m */; };
		457C0324133D57A20001A967 /* CVertexBuffer_PropertyListRepresentation.m in Sources */ = {isa = PBXBuildFile; fileRef = 457C02E3133D57A20001A967 /* CVertexBuffer_PropertyListRepresentation.m */; };
		457C0325133D57A20001A967 /* CVertexBufferReference.m in Sources */ = {isa = PBXBuildFile; fileRef = 457C02E5133D57A20001A967 /* CVertexBufferReference.m */; };
		457C0326133D57A20001A967 /* CImageTextureLoader.m in Sources */ = {isa = PBXBuildFile; fileRef = 457C02E8133D57A20001A967 /* CImageTextureLoader.m */; };
		457C0327133D57A20001A967 /* CInteractiveRendererView.m in Sources */ = {isa = PBXBuildFile; fileRef = 457C02EA133D57A20001A967 /* CInteractiveRendererView.m */; };
		457C0328133D57A20001A967 /* CPVRTextureLoader.m in Sources */ = {isa = PBXBuildFile; fileRef = 457C02EC133D57A20001A967 /* CPVRTextureLoader.m */; };
		457C0329133D57A20001A967 /* CRendererView.m in Sources */ = {isa = PBXBuildFile; fileRef = 457C02EE133D57A20001A967 /* CRendererView.m */; };
		457C032A133D57A20001A967 /* Matrix.m in Sources */ = {isa = PBXBuildFile; fileRef = 457C02F0133D57A20001A967 /* Matrix.m */; };
		457C032B133D57A20001A967 /* OpenGLTypes.m in Sources */ = {isa = PBXBuildFile; fileRef = 457C02F3133D57A20001A967 /* OpenGLTypes.m */; };
		457C0330133D57A20001A967 /* Quaternion.m in Sources */ = {isa = PBXBuildFile; fileRef = 457C02FE133D57A20001A967 /* Quaternion.m */; };
		457C0331133D57A20001A967 /* Flat.fsh in Resources */ = {isa = PBXBuildFile; fileRef = 457C0300133D57A20001A967 /* Flat.fsh */; };
		457C0332133D57A20001A967 /* Flat.vsh in Resources */ = {isa = PBXBuildFile; fileRef = 457C0301133D57A20001A967 /* Flat.vsh */; };
		457C0333133D57A20001A967 /* Flat2.fsh in Resources */ = {isa = PBXBuildFile; fileRef = 457C0302133D57A20001A967 /* Flat2.fsh */; };
		457C0334133D57A20001A967 /* Flat2.vsh in Resources */ = {isa = PBXBuildFile; fileRef = 457C0303133D57A20001A967 /* Flat2.vsh */; };
		457C0335133D57A20001A967 /* Lighting.fsh in Resources */ = {isa = PBXBuildFile; fileRef = 457C0304133D57A20001A967 /* Lighting.fsh */; };
		457C0336133D57A20001A967 /* Lighting.vsh in Resources */ = {isa = PBXBuildFile; fileRef = 457C0305133D57A20001A967 /* Lighting.vsh */; };
		457C0337133D57A20001A967 /* SimpleTexture.fsh in Resources */ = {isa = PBXBuildFile; fileRef = 457C0306133D57A20001A967 /* SimpleTexture.fsh */; };
		457C0338133D57A20001A967 /* SimpleTexture.vsh in Resources */ = {isa = PBXBuildFile; fileRef = 457C0307133D57A20001A967 /* SimpleTexture.vsh */; };
		457C0339133D57A20001A967 /* NSData_NumberExtensions.m in Sources */ = {isa = PBXBuildFile; fileRef = 457C030B133D57A20001A967 /* NSData_NumberExtensions.m */; };
		457D9C8A133D23DB00F576A3 /* UIKit.framework in Frameworks */ = {isa = PBXBuildFile; fileRef = 45781C58130AFE1E00B57285 /* UIKit.framework */; };
		457D9C8B133D23DB00F576A3 /* Foundation.framework in Frameworks */ = {isa = PBXBuildFile; fileRef = 45781C5A130AFE1E00B57285 /* Foundation.framework */; };
		457D9C8C133D23DB00F576A3 /* CoreGraphics.framework in Frameworks */ = {isa = PBXBuildFile; fileRef = 4527175A130B247700529A0C /* CoreGraphics.framework */; };
		457D9C92133D23DB00F576A3 /* InfoPlist.strings in Resources */ = {isa = PBXBuildFile; fileRef = 457D9C90133D23DB00F576A3 /* InfoPlist.strings */; };
		457D9C95133D23DB00F576A3 /* Unit_Tests.h in Resources */ = {isa = PBXBuildFile; fileRef = 457D9C94133D23DB00F576A3 /* Unit_Tests.h */; };
		457D9C97133D23DB00F576A3 /* Unit_Tests.m in Sources */ = {isa = PBXBuildFile; fileRef = 457D9C96133D23DB00F576A3 /* Unit_Tests.m */; };
		459CFBA61332E48800B16315 /* CoreMotion.framework in Frameworks */ = {isa = PBXBuildFile; fileRef = 459CFBA51332E48800B16315 /* CoreMotion.framework */; };
		45B4CD60133AB5B6003FA71B /* 615358a87912cd8e8c91d8b0443726db.vbo in Resources */ = {isa = PBXBuildFile; fileRef = 45B4CD5B133AB5B6003FA71B /* 615358a87912cd8e8c91d8b0443726db.vbo */; };
		45B4CD61133AB5B6003FA71B /* Cube.model.plist in Resources */ = {isa = PBXBuildFile; fileRef = 45B4CD5C133AB5B6003FA71B /* Cube.model.plist */; };
		45B4CD62133AB5B6003FA71B /* 50d481b64310fbf8547286a38af9f217.vbo in Resources */ = {isa = PBXBuildFile; fileRef = 45B4CD5E133AB5B6003FA71B /* 50d481b64310fbf8547286a38af9f217.vbo */; };
		45B4CD63133AB5B6003FA71B /* Sphere2.model.plist in Resources */ = {isa = PBXBuildFile; fileRef = 45B4CD5F133AB5B6003FA71B /* Sphere2.model.plist */; };
/* End PBXBuildFile section */

/* Begin PBXFileReference section */
		45271749130B202F00529A0C /* OpenGLES.framework */ = {isa = PBXFileReference; lastKnownFileType = wrapper.framework; name = OpenGLES.framework; path = System/Library/Frameworks/OpenGLES.framework; sourceTree = SDKROOT; };
		4527174B130B203700529A0C /* QuartzCore.framework */ = {isa = PBXFileReference; lastKnownFileType = wrapper.framework; name = QuartzCore.framework; path = System/Library/Frameworks/QuartzCore.framework; sourceTree = SDKROOT; };
		4527175A130B247700529A0C /* CoreGraphics.framework */ = {isa = PBXFileReference; lastKnownFileType = wrapper.framework; name = CoreGraphics.framework; path = System/Library/Frameworks/CoreGraphics.framework; sourceTree = SDKROOT; };
		45299663130B8D6A009FD0A3 /* CModelViewController.h */ = {isa = PBXFileReference; fileEncoding = 4; lastKnownFileType = sourcecode.c.h; path = CModelViewController.h; sourceTree = "<group>"; };
		45299664130B8D6A009FD0A3 /* CModelViewController.m */ = {isa = PBXFileReference; fileEncoding = 4; lastKnownFileType = sourcecode.c.objc; path = CModelViewController.m; sourceTree = "<group>"; };
		45299665130B8D6A009FD0A3 /* Info.plist */ = {isa = PBXFileReference; fileEncoding = 4; lastKnownFileType = text.plist.xml; path = Info.plist; sourceTree = "<group>"; };
		45299666130B8D6A009FD0A3 /* main.m */ = {isa = PBXFileReference; fileEncoding = 4; lastKnownFileType = sourcecode.c.objc; path = main.m; sourceTree = "<group>"; };
		45299667130B8D6A009FD0A3 /* MainWindow.xib */ = {isa = PBXFileReference; fileEncoding = 4; lastKnownFileType = file.xib; path = MainWindow.xib; sourceTree = "<group>"; };
		45299668130B8D6A009FD0A3 /* Prefix.pch */ = {isa = PBXFileReference; fileEncoding = 4; lastKnownFileType = sourcecode.c.h; path = Prefix.pch; sourceTree = "<group>"; };
		453D9385133A6F970049D629 /* Square_New.model.plist */ = {isa = PBXFileReference; fileEncoding = 4; lastKnownFileType = text.plist.xml; path = Square_New.model.plist; sourceTree = "<group>"; };
		45781C54130AFE1E00B57285 /* ModelViewer.app */ = {isa = PBXFileReference; explicitFileType = wrapper.application; includeInIndex = 0; path = ModelViewer.app; sourceTree = BUILT_PRODUCTS_DIR; };
		45781C58130AFE1E00B57285 /* UIKit.framework */ = {isa = PBXFileReference; lastKnownFileType = wrapper.framework; name = UIKit.framework; path = System/Library/Frameworks/UIKit.framework; sourceTree = SDKROOT; };
		45781C5A130AFE1E00B57285 /* Foundation.framework */ = {isa = PBXFileReference; lastKnownFileType = wrapper.framework; name = Foundation.framework; path = System/Library/Frameworks/Foundation.framework; sourceTree = SDKROOT; };
		45781C5C130AFE1E00B57285 /* CoreGraphics.framework */ = {isa = PBXFileReference; lastKnownFileType = wrapper.framework; name = CoreGraphics.framework; path = System/Library/Frameworks/CoreGraphics.framework; sourceTree = SDKROOT; };
		457C0271133D32F80001A967 /* 0844fae959326fe64213b74f190eac6a.vbo */ = {isa = PBXFileReference; lastKnownFileType = file; path = 0844fae959326fe64213b74f190eac6a.vbo; sourceTree = "<group>"; };
		457C0272133D32F80001A967 /* 206a99ca421e23b8bc38f50800dd1e9a.vbo */ = {isa = PBXFileReference; lastKnownFileType = file; path = 206a99ca421e23b8bc38f50800dd1e9a.vbo; sourceTree = "<group>"; };
		457C0273133D32F80001A967 /* 28bba4089cbb02185e6861c396912fa4.vbo */ = {isa = PBXFileReference; lastKnownFileType = file; path = 28bba4089cbb02185e6861c396912fa4.vbo; sourceTree = "<group>"; };
		457C0274133D32F80001A967 /* 2929fd0aaf91fd1e3f83a26c2dfcea6d.vbo */ = {isa = PBXFileReference; lastKnownFileType = file; path = 2929fd0aaf91fd1e3f83a26c2dfcea6d.vbo; sourceTree = "<group>"; };
		457C0275133D32F80001A967 /* 316f363293b7b215a4983f53e294335f.vbo */ = {isa = PBXFileReference; lastKnownFileType = file; path = 316f363293b7b215a4983f53e294335f.vbo; sourceTree = "<group>"; };
		457C0276133D32F80001A967 /* 31fc644b5cba7cb691066531db55f48a.vbo */ = {isa = PBXFileReference; lastKnownFileType = file; path = 31fc644b5cba7cb691066531db55f48a.vbo; sourceTree = "<group>"; };
		457C0277133D32F80001A967 /* 4a81197c95ef514c8d20cb16e4b8d5c7.vbo */ = {isa = PBXFileReference; lastKnownFileType = file; path = 4a81197c95ef514c8d20cb16e4b8d5c7.vbo; sourceTree = "<group>"; };
		457C0278133D32F80001A967 /* 65435d585a30d9815b36c761b1415f4e.vbo */ = {isa = PBXFileReference; lastKnownFileType = file; path = 65435d585a30d9815b36c761b1415f4e.vbo; sourceTree = "<group>"; };
		457C0279133D32F80001A967 /* 6b54ac3e25745674b92181e00025c6e9.vbo */ = {isa = PBXFileReference; lastKnownFileType = file; path = 6b54ac3e25745674b92181e00025c6e9.vbo; sourceTree = "<group>"; };
		457C027A133D32F80001A967 /* 7e876531305c6d1efc7f2af0fbf2f861.vbo */ = {isa = PBXFileReference; lastKnownFileType = file; path = 7e876531305c6d1efc7f2af0fbf2f861.vbo; sourceTree = "<group>"; };
		457C027B133D32F80001A967 /* 89e2e041718e2027110ccf95c0a2f980.vbo */ = {isa = PBXFileReference; lastKnownFileType = file; path = 89e2e041718e2027110ccf95c0a2f980.vbo; sourceTree = "<group>"; };
		457C027C133D32F80001A967 /* 934893b2139f29444d4a9a15005412e2.vbo */ = {isa = PBXFileReference; lastKnownFileType = file; path = 934893b2139f29444d4a9a15005412e2.vbo; sourceTree = "<group>"; };
		457C027D133D32F80001A967 /* 950f8b2639b9057f06bb8a006adda17e.vbo */ = {isa = PBXFileReference; lastKnownFileType = file; path = 950f8b2639b9057f06bb8a006adda17e.vbo; sourceTree = "<group>"; };
		457C027E133D32F80001A967 /* bbf5b792d7fbbd626571c509fd93880b.vbo */ = {isa = PBXFileReference; lastKnownFileType = file; path = bbf5b792d7fbbd626571c509fd93880b.vbo; sourceTree = "<group>"; };
		457C027F133D32F80001A967 /* e04f82c88f19e2da5d5951fdd742f3ed.vbo */ = {isa = PBXFileReference; lastKnownFileType = file; path = e04f82c88f19e2da5d5951fdd742f3ed.vbo; sourceTree = "<group>"; };
		457C0280133D32F80001A967 /* f6bead391a42ba9210bf799238f2182f.vbo */ = {isa = PBXFileReference; lastKnownFileType = file; path = f6bead391a42ba9210bf799238f2182f.vbo; sourceTree = "<group>"; };
		457C0281133D32F80001A967 /* Skull2.model.plist */ = {isa = PBXFileReference; fileEncoding = 4; lastKnownFileType = text.plist.xml; path = Skull2.model.plist; sourceTree = "<group>"; };
		457C02B2133D57A20001A967 /* CGeometry.h */ = {isa = PBXFileReference; fileEncoding = 4; lastKnownFileType = sourcecode.c.h; path = CGeometry.h; sourceTree = "<group>"; };
		457C02B3133D57A20001A967 /* CGeometry.m */ = {isa = PBXFileReference; fileEncoding = 4; lastKnownFileType = sourcecode.c.objc; path = CGeometry.m; sourceTree = "<group>"; };
		457C02B4133D57A20001A967 /* CMaterial.h */ = {isa = PBXFileReference; fileEncoding = 4; lastKnownFileType = sourcecode.c.h; path = CMaterial.h; sourceTree = "<group>"; };
		457C02B5133D57A20001A967 /* CMaterial.m */ = {isa = PBXFileReference; fileEncoding = 4; lastKnownFileType = sourcecode.c.objc; path = CMaterial.m; sourceTree = "<group>"; };
		457C02B6133D57A20001A967 /* CMesh.h */ = {isa = PBXFileReference; fileEncoding = 4; lastKnownFileType = sourcecode.c.h; path = CMesh.h; sourceTree = "<group>"; };
		457C02B7133D57A20001A967 /* CMesh.m */ = {isa = PBXFileReference; fileEncoding = 4; lastKnownFileType = sourcecode.c.objc; path = CMesh.m; sourceTree = "<group>"; };
		457C02B8133D57A20001A967 /* CMeshLoader.h */ = {isa = PBXFileReference; fileEncoding = 4; lastKnownFileType = sourcecode.c.h; path = CMeshLoader.h; sourceTree = "<group>"; };
		457C02B9133D57A20001A967 /* CMeshLoader.m */ = {isa = PBXFileReference; fileEncoding = 4; lastKnownFileType = sourcecode.c.objc; path = CMeshLoader.m; sourceTree = "<group>"; };
		457C02BA133D57A20001A967 /* COBJRenderer.h */ = {isa = PBXFileReference; fileEncoding = 4; lastKnownFileType = sourcecode.c.h; path = COBJRenderer.h; sourceTree = "<group>"; };
		457C02BB133D57A20001A967 /* COBJRenderer.m */ = {isa = PBXFileReference; fileEncoding = 4; lastKnownFileType = sourcecode.c.objc; path = COBJRenderer.m; sourceTree = "<group>"; };
		457C02BD133D57A20001A967 /* CArcBall.h */ = {isa = PBXFileReference; fileEncoding = 4; lastKnownFileType = sourcecode.c.h; path = CArcBall.h; sourceTree = "<group>"; };
		457C02BE133D57A20001A967 /* CArcBall.m */ = {isa = PBXFileReference; fileEncoding = 4; lastKnownFileType = sourcecode.c.objc; path = CArcBall.m; sourceTree = "<group>"; };
		457C02BF133D57A20001A967 /* CBlockRenderer.h */ = {isa = PBXFileReference; fileEncoding = 4; lastKnownFileType = sourcecode.c.h; path = CBlockRenderer.h; sourceTree = "<group>"; };
		457C02C0133D57A20001A967 /* CBlockRenderer.m */ = {isa = PBXFileReference; fileEncoding = 4; lastKnownFileType = sourcecode.c.objc; path = CBlockRenderer.m; sourceTree = "<group>"; };
		457C02C1133D57A20001A967 /* CFrameBuffer.h */ = {isa = PBXFileReference; fileEncoding = 4; lastKnownFileType = sourcecode.c.h; path = CFrameBuffer.h; sourceTree = "<group>"; };
		457C02C2133D57A20001A967 /* CFrameBuffer.m */ = {isa = PBXFileReference; fileEncoding = 4; lastKnownFileType = sourcecode.c.objc; path = CFrameBuffer.m; sourceTree = "<group>"; };
		457C02C3133D57A20001A967 /* CMutableVertexBuffer.h */ = {isa = PBXFileReference; fileEncoding = 4; lastKnownFileType = sourcecode.c.h; path = CMutableVertexBuffer.h; sourceTree = "<group>"; };
		457C02C4133D57A20001A967 /* CMutableVertexBuffer.m */ = {isa = PBXFileReference; fileEncoding = 4; lastKnownFileType = sourcecode.c.objc; path = CMutableVertexBuffer.m; sourceTree = "<group>"; };
		457C02C6133D57A20001A967 /* Color_OpenGLExtensions.h */ = {isa = PBXFileReference; fileEncoding = 4; lastKnownFileType = sourcecode.c.h; path = Color_OpenGLExtensions.h; sourceTree = "<group>"; };
		457C02C7133D57A20001A967 /* Color_OpenGLExtensions.m */ = {isa = PBXFileReference; fileEncoding = 4; lastKnownFileType = sourcecode.c.objc; path = Color_OpenGLExtensions.m; sourceTree = "<group>"; };
		457C02C8133D57A20001A967 /* Color_PropertyListRepresentation.h */ = {isa = PBXFileReference; fileEncoding = 4; lastKnownFileType = sourcecode.c.h; path = Color_PropertyListRepresentation.h; sourceTree = "<group>"; };
		457C02C9133D57A20001A967 /* Color_PropertyListRepresentation.m */ = {isa = PBXFileReference; fileEncoding = 4; lastKnownFileType = sourcecode.c.objc; path = Color_PropertyListRepresentation.m; sourceTree = "<group>"; };
		457C02CA133D57A20001A967 /* COpenGLAssetLibrary.h */ = {isa = PBXFileReference; fileEncoding = 4; lastKnownFileType = sourcecode.c.h; path = COpenGLAssetLibrary.h; sourceTree = "<group>"; };
		457C02CB133D57A20001A967 /* COpenGLAssetLibrary.m */ = {isa = PBXFileReference; fileEncoding = 4; lastKnownFileType = sourcecode.c.objc; path = COpenGLAssetLibrary.m; sourceTree = "<group>"; };
		457C02CC133D57A20001A967 /* CProgram.h */ = {isa = PBXFileReference; fileEncoding = 4; lastKnownFileType = sourcecode.c.h; path = CProgram.h; sourceTree = "<group>"; };
		457C02CD133D57A20001A967 /* CProgram.m */ = {isa = PBXFileReference; fileEncoding = 4; lastKnownFileType = sourcecode.c.objc; path = CProgram.m; sourceTree = "<group>"; };
		457C02CE133D57A20001A967 /* CRenderBuffer.h */ = {isa = PBXFileReference; fileEncoding = 4; lastKnownFileType = sourcecode.c.h; path = CRenderBuffer.h; sourceTree = "<group>"; };
		457C02CF133D57A20001A967 /* CRenderBuffer.m */ = {isa = PBXFileReference; fileEncoding = 4; lastKnownFileType = sourcecode.c.objc; path = CRenderBuffer.m; sourceTree = "<group>"; };
		457C02D0133D57A20001A967 /* CRenderer.h */ = {isa = PBXFileReference; fileEncoding = 4; lastKnownFileType = sourcecode.c.h; path = CRenderer.h; sourceTree = "<group>"; };
		457C02D1133D57A20001A967 /* CRenderer.m */ = {isa = PBXFileReference; fileEncoding = 4; lastKnownFileType = sourcecode.c.objc; path = CRenderer.m; sourceTree = "<group>"; };
		457C02D2133D57A20001A967 /* CRenderer_Extensions.h */ = {isa = PBXFileReference; fileEncoding = 4; lastKnownFileType = sourcecode.c.h; path = CRenderer_Extensions.h; sourceTree = "<group>"; };
		457C02D3133D57A20001A967 /* CRenderer_Extensions.m */ = {isa = PBXFileReference; fileEncoding = 4; lastKnownFileType = sourcecode.c.objc; path = CRenderer_Extensions.m; sourceTree = "<group>"; };
		457C02D4133D57A20001A967 /* CShader.h */ = {isa = PBXFileReference; fileEncoding = 4; lastKnownFileType = sourcecode.c.h; path = CShader.h; sourceTree = "<group>"; };
		457C02D5133D57A20001A967 /* CShader.m */ = {isa = PBXFileReference; fileEncoding = 4; lastKnownFileType = sourcecode.c.objc; path = CShader.m; sourceTree = "<group>"; };
		457C02D6133D57A20001A967 /* CTexture.h */ = {isa = PBXFileReference; fileEncoding = 4; lastKnownFileType = sourcecode.c.h; path = CTexture.h; sourceTree = "<group>"; };
		457C02D7133D57A20001A967 /* CTexture.m */ = {isa = PBXFileReference; fileEncoding = 4; lastKnownFileType = sourcecode.c.objc; path = CTexture.m; sourceTree = "<group>"; };
		457C02DA133D57A20001A967 /* CTextureLoader.h */ = {isa = PBXFileReference; fileEncoding = 4; lastKnownFileType = sourcecode.c.h; path = CTextureLoader.h; sourceTree = "<group>"; };
		457C02DB133D57A20001A967 /* CTextureLoader.m */ = {isa = PBXFileReference; fileEncoding = 4; lastKnownFileType = sourcecode.c.objc; path = CTextureLoader.m; sourceTree = "<group>"; };
		457C02DC133D57A20001A967 /* CVertexArrayBuffer.h */ = {isa = PBXFileReference; fileEncoding = 4; lastKnownFileType = sourcecode.c.h; path = CVertexArrayBuffer.h; sourceTree = "<group>"; };
		457C02DD133D57A20001A967 /* CVertexArrayBuffer.m */ = {isa = PBXFileReference; fileEncoding = 4; lastKnownFileType = sourcecode.c.objc; path = CVertexArrayBuffer.m; sourceTree = "<group>"; };
		457C02DE133D57A20001A967 /* CVertexBuffer.h */ = {isa = PBXFileReference; fileEncoding = 4; lastKnownFileType = sourcecode.c.h; path = CVertexBuffer.h; sourceTree = "<group>"; };
		457C02DF133D57A20001A967 /* CVertexBuffer.m */ = {isa = PBXFileReference; fileEncoding = 4; lastKnownFileType = sourcecode.c.objc; path = CVertexBuffer.m; sourceTree = "<group>"; };
		457C02E0133D57A20001A967 /* CVertexBuffer_FactoryExtensions.h */ = {isa = PBXFileReference; fileEncoding = 4; lastKnownFileType = sourcecode.c.h; path = CVertexBuffer_FactoryExtensions.h; sourceTree = "<group>"; };
		457C02E1133D57A20001A967 /* CVertexBuffer_FactoryExtensions.m */ = {isa = PBXFileReference; fileEncoding = 4; lastKnownFileType = sourcecode.c.objc; path = CVertexBuffer_FactoryExtensions.m; sourceTree = "<group>"; };
		457C02E2133D57A20001A967 /* CVertexBuffer_PropertyListRepresentation.h */ = {isa = PBXFileReference; fileEncoding = 4; lastKnownFileType = sourcecode.c.h; path = CVertexBuffer_PropertyListRepresentation.h; sourceTree = "<group>"; };
		457C02E3133D57A20001A967 /* CVertexBuffer_PropertyListRepresentation.m */ = {isa = PBXFileReference; fileEncoding = 4; lastKnownFileType = sourcecode.c.objc; path = CVertexBuffer_PropertyListRepresentation.m; sourceTree = "<group>"; };
		457C02E4133D57A20001A967 /* CVertexBufferReference.h */ = {isa = PBXFileReference; fileEncoding = 4; lastKnownFileType = sourcecode.c.h; path = CVertexBufferReference.h; sourceTree = "<group>"; };
		457C02E5133D57A20001A967 /* CVertexBufferReference.m */ = {isa = PBXFileReference; fileEncoding = 4; lastKnownFileType = sourcecode.c.objc; path = CVertexBufferReference.m; sourceTree = "<group>"; };
		457C02E7133D57A20001A967 /* CImageTextureLoader.h */ = {isa = PBXFileReference; fileEncoding = 4; lastKnownFileType = sourcecode.c.h; path = CImageTextureLoader.h; sourceTree = "<group>"; };
		457C02E8133D57A20001A967 /* CImageTextureLoader.m */ = {isa = PBXFileReference; fileEncoding = 4; lastKnownFileType = sourcecode.c.objc; path = CImageTextureLoader.m; sourceTree = "<group>"; };
		457C02E9133D57A20001A967 /* CInteractiveRendererView.h */ = {isa = PBXFileReference; fileEncoding = 4; lastKnownFileType = sourcecode.c.h; path = CInteractiveRendererView.h; sourceTree = "<group>"; };
		457C02EA133D57A20001A967 /* CInteractiveRendererView.m */ = {isa = PBXFileReference; fileEncoding = 4; lastKnownFileType = sourcecode.c.objc; path = CInteractiveRendererView.m; sourceTree = "<group>"; };
		457C02EB133D57A20001A967 /* CPVRTextureLoader.h */ = {isa = PBXFileReference; fileEncoding = 4; lastKnownFileType = sourcecode.c.h; path = CPVRTextureLoader.h; sourceTree = "<group>"; };
		457C02EC133D57A20001A967 /* CPVRTextureLoader.m */ = {isa = PBXFileReference; fileEncoding = 4; lastKnownFileType = sourcecode.c.objc; path = CPVRTextureLoader.m; sourceTree = "<group>"; };
		457C02ED133D57A20001A967 /* CRendererView.h */ = {isa = PBXFileReference; fileEncoding = 4; lastKnownFileType = sourcecode.c.h; path = CRendererView.h; sourceTree = "<group>"; };
		457C02EE133D57A20001A967 /* CRendererView.m */ = {isa = PBXFileReference; fileEncoding = 4; lastKnownFileType = sourcecode.c.objc; path = CRendererView.m; sourceTree = "<group>"; };
		457C02EF133D57A20001A967 /* Matrix.h */ = {isa = PBXFileReference; fileEncoding = 4; lastKnownFileType = sourcecode.c.h; path = Matrix.h; sourceTree = "<group>"; };
		457C02F0133D57A20001A967 /* Matrix.m */ = {isa = PBXFileReference; fileEncoding = 4; lastKnownFileType = sourcecode.c.objc; path = Matrix.m; sourceTree = "<group>"; };
		457C02F1133D57A20001A967 /* OpenGLIncludes.h */ = {isa = PBXFileReference; fileEncoding = 4; lastKnownFileType = sourcecode.c.h; path = OpenGLIncludes.h; sourceTree = "<group>"; };
		457C02F2133D57A20001A967 /* OpenGLTypes.h */ = {isa = PBXFileReference; fileEncoding = 4; lastKnownFileType = sourcecode.c.h; path = OpenGLTypes.h; sourceTree = "<group>"; };
		457C02F3133D57A20001A967 /* OpenGLTypes.m */ = {isa = PBXFileReference; fileEncoding = 4; lastKnownFileType = sourcecode.c.objc; path = OpenGLTypes.m; sourceTree = "<group>"; };
		457C02FD133D57A20001A967 /* Quaternion.h */ = {isa = PBXFileReference; fileEncoding = 4; lastKnownFileType = sourcecode.c.h; path = Quaternion.h; sourceTree = "<group>"; };
		457C02FE133D57A20001A967 /* Quaternion.m */ = {isa = PBXFileReference; fileEncoding = 4; lastKnownFileType = sourcecode.c.objc; path = Quaternion.m; sourceTree = "<group>"; };
		457C0300133D57A20001A967 /* Flat.fsh */ = {isa = PBXFileReference; fileEncoding = 4; lastKnownFileType = sourcecode.glsl; path = Flat.fsh; sourceTree = "<group>"; };
		457C0301133D57A20001A967 /* Flat.vsh */ = {isa = PBXFileReference; fileEncoding = 4; lastKnownFileType = sourcecode.glsl; path = Flat.vsh; sourceTree = "<group>"; };
		457C0302133D57A20001A967 /* Flat2.fsh */ = {isa = PBXFileReference; fileEncoding = 4; lastKnownFileType = sourcecode.glsl; path = Flat2.fsh; sourceTree = "<group>"; };
		457C0303133D57A20001A967 /* Flat2.vsh */ = {isa = PBXFileReference; fileEncoding = 4; lastKnownFileType = sourcecode.glsl; path = Flat2.vsh; sourceTree = "<group>"; };
		457C0304133D57A20001A967 /* Lighting.fsh */ = {isa = PBXFileReference; fileEncoding = 4; lastKnownFileType = sourcecode.glsl; path = Lighting.fsh; sourceTree = "<group>"; };
		457C0305133D57A20001A967 /* Lighting.vsh */ = {isa = PBXFileReference; fileEncoding = 4; lastKnownFileType = sourcecode.glsl; path = Lighting.vsh; sourceTree = "<group>"; };
		457C0306133D57A20001A967 /* SimpleTexture.fsh */ = {isa = PBXFileReference; fileEncoding = 4; lastKnownFileType = sourcecode.glsl; path = SimpleTexture.fsh; sourceTree = "<group>"; };
		457C0307133D57A20001A967 /* SimpleTexture.vsh */ = {isa = PBXFileReference; fileEncoding = 4; lastKnownFileType = sourcecode.glsl; path = SimpleTexture.vsh; sourceTree = "<group>"; };
		457C0309133D57A20001A967 /* CPropertyListRepresentation.h */ = {isa = PBXFileReference; fileEncoding = 4; lastKnownFileType = sourcecode.c.h; path = CPropertyListRepresentation.h; sourceTree = "<group>"; };
		457C030A133D57A20001A967 /* NSData_NumberExtensions.h */ = {isa = PBXFileReference; fileEncoding = 4; lastKnownFileType = sourcecode.c.h; path = NSData_NumberExtensions.h; sourceTree = "<group>"; };
		457C030B133D57A20001A967 /* NSData_NumberExtensions.m */ = {isa = PBXFileReference; fileEncoding = 4; lastKnownFileType = sourcecode.c.objc; path = NSData_NumberExtensions.m; sourceTree = "<group>"; };
		457D9C89133D23DB00F576A3 /* Unit Tests.octest */ = {isa = PBXFileReference; explicitFileType = wrapper.cfbundle; includeInIndex = 0; path = "Unit Tests.octest"; sourceTree = BUILT_PRODUCTS_DIR; };
		457D9C8F133D23DB00F576A3 /* Unit Tests-Info.plist */ = {isa = PBXFileReference; lastKnownFileType = text.plist.xml; path = "Unit Tests-Info.plist"; sourceTree = "<group>"; };
		457D9C91133D23DB00F576A3 /* en */ = {isa = PBXFileReference; lastKnownFileType = text.plist.strings; name = en; path = en.lproj/InfoPlist.strings; sourceTree = "<group>"; };
		457D9C93133D23DB00F576A3 /* Unit Tests-Prefix.pch */ = {isa = PBXFileReference; lastKnownFileType = sourcecode.c.h; path = "Unit Tests-Prefix.pch"; sourceTree = "<group>"; };
		457D9C94133D23DB00F576A3 /* Unit_Tests.h */ = {isa = PBXFileReference; lastKnownFileType = sourcecode.c.h; path = Unit_Tests.h; sourceTree = "<group>"; };
		457D9C96133D23DB00F576A3 /* Unit_Tests.m */ = {isa = PBXFileReference; lastKnownFileType = sourcecode.c.objc; path = Unit_Tests.m; sourceTree = "<group>"; };
		459CFBA51332E48800B16315 /* CoreMotion.framework */ = {isa = PBXFileReference; lastKnownFileType = wrapper.framework; name = CoreMotion.framework; path = System/Library/Frameworks/CoreMotion.framework; sourceTree = SDKROOT; };
		45B4CD5B133AB5B6003FA71B /* 615358a87912cd8e8c91d8b0443726db.vbo */ = {isa = PBXFileReference; lastKnownFileType = file; path = 615358a87912cd8e8c91d8b0443726db.vbo; sourceTree = "<group>"; };
		45B4CD5C133AB5B6003FA71B /* Cube.model.plist */ = {isa = PBXFileReference; fileEncoding = 4; lastKnownFileType = text.plist.xml; path = Cube.model.plist; sourceTree = "<group>"; };
		45B4CD5E133AB5B6003FA71B /* 50d481b64310fbf8547286a38af9f217.vbo */ = {isa = PBXFileReference; lastKnownFileType = file; path = 50d481b64310fbf8547286a38af9f217.vbo; sourceTree = "<group>"; };
		45B4CD5F133AB5B6003FA71B /* Sphere2.model.plist */ = {isa = PBXFileReference; fileEncoding = 4; lastKnownFileType = text.plist.xml; path = Sphere2.model.plist; sourceTree = "<group>"; };
/* End PBXFileReference section */

/* Begin PBXFrameworksBuildPhase section */
		45781C51130AFE1E00B57285 /* Frameworks */ = {
			isa = PBXFrameworksBuildPhase;
			buildActionMask = 2147483647;
			files = (
				459CFBA61332E48800B16315 /* CoreMotion.framework in Frameworks */,
				45781C5D130AFE1E00B57285 /* CoreGraphics.framework in Frameworks */,
				4527174C130B203700529A0C /* QuartzCore.framework in Frameworks */,
				4527174A130B202F00529A0C /* OpenGLES.framework in Frameworks */,
				45781C59130AFE1E00B57285 /* UIKit.framework in Frameworks */,
				45781C5B130AFE1E00B57285 /* Foundation.framework in Frameworks */,
			);
			runOnlyForDeploymentPostprocessing = 0;
		};
		457D9C85133D23DB00F576A3 /* Frameworks */ = {
			isa = PBXFrameworksBuildPhase;
			buildActionMask = 2147483647;
			files = (
				457D9C8A133D23DB00F576A3 /* UIKit.framework in Frameworks */,
				457D9C8B133D23DB00F576A3 /* Foundation.framework in Frameworks */,
				457D9C8C133D23DB00F576A3 /* CoreGraphics.framework in Frameworks */,
			);
			runOnlyForDeploymentPostprocessing = 0;
		};
/* End PBXFrameworksBuildPhase section */

/* Begin PBXGroup section */
		45299662130B8D6A009FD0A3 /* SimpleTest */ = {
			isa = PBXGroup;
			children = (
				45299663130B8D6A009FD0A3 /* CModelViewController.h */,
				45299664130B8D6A009FD0A3 /* CModelViewController.m */,
				45299665130B8D6A009FD0A3 /* Info.plist */,
				45299666130B8D6A009FD0A3 /* main.m */,
				45299667130B8D6A009FD0A3 /* MainWindow.xib */,
				45299668130B8D6A009FD0A3 /* Prefix.pch */,
				45F9EA2A13301D37005DF7A8 /* Samples */,
			);
			name = SimpleTest;
			sourceTree = "<group>";
		};
		45781C49130AFE1E00B57285 = {
			isa = PBXGroup;
			children = (
				45299662130B8D6A009FD0A3 /* SimpleTest */,
				457C02AD133D57A20001A967 /* Source */,
				457D9C8D133D23DB00F576A3 /* Unit Tests */,
				45781C57130AFE1E00B57285 /* Frameworks */,
				45781C55130AFE1E00B57285 /* Products */,
			);
			sourceTree = "<group>";
		};
		45781C55130AFE1E00B57285 /* Products */ = {
			isa = PBXGroup;
			children = (
				45781C54130AFE1E00B57285 /* ModelViewer.app */,
				457D9C89133D23DB00F576A3 /* Unit Tests.octest */,
			);
			name = Products;
			sourceTree = "<group>";
		};
		45781C57130AFE1E00B57285 /* Frameworks */ = {
			isa = PBXGroup;
			children = (
				459CFBA51332E48800B16315 /* CoreMotion.framework */,
				4527175A130B247700529A0C /* CoreGraphics.framework */,
				4527174B130B203700529A0C /* QuartzCore.framework */,
				45271749130B202F00529A0C /* OpenGLES.framework */,
				45781C58130AFE1E00B57285 /* UIKit.framework */,
				45781C5A130AFE1E00B57285 /* Foundation.framework */,
				45781C5C130AFE1E00B57285 /* CoreGraphics.framework */,
			);
			name = Frameworks;
			sourceTree = "<group>";
		};
		457C0270133D32F80001A967 /* Skull2 */ = {
			isa = PBXGroup;
			children = (
				457C0271133D32F80001A967 /* 0844fae959326fe64213b74f190eac6a.vbo */,
				457C0272133D32F80001A967 /* 206a99ca421e23b8bc38f50800dd1e9a.vbo */,
				457C0273133D32F80001A967 /* 28bba4089cbb02185e6861c396912fa4.vbo */,
				457C0274133D32F80001A967 /* 2929fd0aaf91fd1e3f83a26c2dfcea6d.vbo */,
				457C0275133D32F80001A967 /* 316f363293b7b215a4983f53e294335f.vbo */,
				457C0276133D32F80001A967 /* 31fc644b5cba7cb691066531db55f48a.vbo */,
				457C0277133D32F80001A967 /* 4a81197c95ef514c8d20cb16e4b8d5c7.vbo */,
				457C0278133D32F80001A967 /* 65435d585a30d9815b36c761b1415f4e.vbo */,
				457C0279133D32F80001A967 /* 6b54ac3e25745674b92181e00025c6e9.vbo */,
				457C027A133D32F80001A967 /* 7e876531305c6d1efc7f2af0fbf2f861.vbo */,
				457C027B133D32F80001A967 /* 89e2e041718e2027110ccf95c0a2f980.vbo */,
				457C027C133D32F80001A967 /* 934893b2139f29444d4a9a15005412e2.vbo */,
				457C027D133D32F80001A967 /* 950f8b2639b9057f06bb8a006adda17e.vbo */,
				457C027E133D32F80001A967 /* bbf5b792d7fbbd626571c509fd93880b.vbo */,
				457C027F133D32F80001A967 /* e04f82c88f19e2da5d5951fdd742f3ed.vbo */,
				457C0280133D32F80001A967 /* f6bead391a42ba9210bf799238f2182f.vbo */,
				457C0281133D32F80001A967 /* Skull2.model.plist */,
			);
			path = Skull2;
			sourceTree = "<group>";
		};
		457C02AD133D57A20001A967 /* Source */ = {
			isa = PBXGroup;
			children = (
				457C02B1133D57A20001A967 /* Mesh */,
				457C02BC133D57A20001A967 /* OpenGL */,
				457C02FF133D57A20001A967 /* Shaders */,
				457C0308133D57A20001A967 /* Support */,
			);
			name = Source;
			path = ../../Source;
			sourceTree = "<group>";
		};
		457C02B1133D57A20001A967 /* Mesh */ = {
			isa = PBXGroup;
			children = (
				457C02B2133D57A20001A967 /* CGeometry.h */,
				457C02B3133D57A20001A967 /* CGeometry.m */,
				457C02B4133D57A20001A967 /* CMaterial.h */,
				457C02B5133D57A20001A967 /* CMaterial.m */,
				457C02B6133D57A20001A967 /* CMesh.h */,
				457C02B7133D57A20001A967 /* CMesh.m */,
				457C02B8133D57A20001A967 /* CMeshLoader.h */,
				457C02B9133D57A20001A967 /* CMeshLoader.m */,
				457C02BA133D57A20001A967 /* COBJRenderer.h */,
				457C02BB133D57A20001A967 /* COBJRenderer.m */,
			);
			path = Mesh;
			sourceTree = "<group>";
		};
		457C02BC133D57A20001A967 /* OpenGL */ = {
			isa = PBXGroup;
			children = (
				457C02BD133D57A20001A967 /* CArcBall.h */,
				457C02BE133D57A20001A967 /* CArcBall.m */,
				457C02BF133D57A20001A967 /* CBlockRenderer.h */,
				457C02C0133D57A20001A967 /* CBlockRenderer.m */,
				457C02C1133D57A20001A967 /* CFrameBuffer.h */,
				457C02C2133D57A20001A967 /* CFrameBuffer.m */,
				457C02C3133D57A20001A967 /* CMutableVertexBuffer.h */,
				457C02C4133D57A20001A967 /* CMutableVertexBuffer.m */,
				457C02C5133D57A20001A967 /* Common */,
				457C02CA133D57A20001A967 /* COpenGLAssetLibrary.h */,
				457C02CB133D57A20001A967 /* COpenGLAssetLibrary.m */,
				457C02CC133D57A20001A967 /* CProgram.h */,
				457C02CD133D57A20001A967 /* CProgram.m */,
				457C02CE133D57A20001A967 /* CRenderBuffer.h */,
				457C02CF133D57A20001A967 /* CRenderBuffer.m */,
				457C02D0133D57A20001A967 /* CRenderer.h */,
				457C02D1133D57A20001A967 /* CRenderer.m */,
				457C02D2133D57A20001A967 /* CRenderer_Extensions.h */,
				457C02D3133D57A20001A967 /* CRenderer_Extensions.m */,
				457C02D4133D57A20001A967 /* CShader.h */,
				457C02D5133D57A20001A967 /* CShader.m */,
				457C02D6133D57A20001A967 /* CTexture.h */,
				457C02D7133D57A20001A967 /* CTexture.m */,
				457C02DA133D57A20001A967 /* CTextureLoader.h */,
				457C02DB133D57A20001A967 /* CTextureLoader.m */,
				457C02DC133D57A20001A967 /* CVertexArrayBuffer.h */,
				457C02DD133D57A20001A967 /* CVertexArrayBuffer.m */,
				457C02DE133D57A20001A967 /* CVertexBuffer.h */,
				457C02DF133D57A20001A967 /* CVertexBuffer.m */,
				457C02E0133D57A20001A967 /* CVertexBuffer_FactoryExtensions.h */,
				457C02E1133D57A20001A967 /* CVertexBuffer_FactoryExtensions.m */,
				457C02E2133D57A20001A967 /* CVertexBuffer_PropertyListRepresentation.h */,
				457C02E3133D57A20001A967 /* CVertexBuffer_PropertyListRepresentation.m */,
				457C02E4133D57A20001A967 /* CVertexBufferReference.h */,
				457C02E5133D57A20001A967 /* CVertexBufferReference.m */,
				457C02E6133D57A20001A967 /* iOS */,
				457C02EF133D57A20001A967 /* Matrix.h */,
				457C02F0133D57A20001A967 /* Matrix.m */,
				457C02F1133D57A20001A967 /* OpenGLIncludes.h */,
				457C02F2133D57A20001A967 /* OpenGLTypes.h */,
				457C02F3133D57A20001A967 /* OpenGLTypes.m */,
				457C02FD133D57A20001A967 /* Quaternion.h */,
				457C02FE133D57A20001A967 /* Quaternion.m */,
			);
			path = OpenGL;
			sourceTree = "<group>";
		};
		457C02C5133D57A20001A967 /* Common */ = {
			isa = PBXGroup;
			children = (
				457C02C6133D57A20001A967 /* Color_OpenGLExtensions.h */,
				457C02C7133D57A20001A967 /* Color_OpenGLExtensions.m */,
				457C02C8133D57A20001A967 /* Color_PropertyListRepresentation.h */,
				457C02C9133D57A20001A967 /* Color_PropertyListRepresentation.m */,
			);
			path = Common;
			sourceTree = "<group>";
		};
		457C02E6133D57A20001A967 /* iOS */ = {
			isa = PBXGroup;
			children = (
				457C02E7133D57A20001A967 /* CImageTextureLoader.h */,
				457C02E8133D57A20001A967 /* CImageTextureLoader.m */,
				457C02E9133D57A20001A967 /* CInteractiveRendererView.h */,
				457C02EA133D57A20001A967 /* CInteractiveRendererView.m */,
				457C02EB133D57A20001A967 /* CPVRTextureLoader.h */,
				457C02EC133D57A20001A967 /* CPVRTextureLoader.m */,
				457C02ED133D57A20001A967 /* CRendererView.h */,
				457C02EE133D57A20001A967 /* CRendererView.m */,
			);
			path = iOS;
			sourceTree = "<group>";
		};
		457C02FF133D57A20001A967 /* Shaders */ = {
			isa = PBXGroup;
			children = (
				457C0300133D57A20001A967 /* Flat.fsh */,
				457C0301133D57A20001A967 /* Flat.vsh */,
				457C0302133D57A20001A967 /* Flat2.fsh */,
				457C0303133D57A20001A967 /* Flat2.vsh */,
				457C0304133D57A20001A967 /* Lighting.fsh */,
				457C0305133D57A20001A967 /* Lighting.vsh */,
				457C0306133D57A20001A967 /* SimpleTexture.fsh */,
				457C0307133D57A20001A967 /* SimpleTexture.vsh */,
			);
			path = Shaders;
			sourceTree = "<group>";
		};
		457C0308133D57A20001A967 /* Support */ = {
			isa = PBXGroup;
			children = (
				457C0309133D57A20001A967 /* CPropertyListRepresentation.h */,
				457C030A133D57A20001A967 /* NSData_NumberExtensions.h */,
				457C030B133D57A20001A967 /* NSData_NumberExtensions.m */,
			);
			path = Support;
			sourceTree = "<group>";
		};
		457D9C8D133D23DB00F576A3 /* Unit Tests */ = {
			isa = PBXGroup;
			children = (
				457D9C94133D23DB00F576A3 /* Unit_Tests.h */,
				457D9C96133D23DB00F576A3 /* Unit_Tests.m */,
				457D9C8E133D23DB00F576A3 /* Supporting Files */,
			);
			path = "Unit Tests";
			sourceTree = "<group>";
		};
		457D9C8E133D23DB00F576A3 /* Supporting Files */ = {
			isa = PBXGroup;
			children = (
				457D9C8F133D23DB00F576A3 /* Unit Tests-Info.plist */,
				457D9C90133D23DB00F576A3 /* InfoPlist.strings */,
				457D9C93133D23DB00F576A3 /* Unit Tests-Prefix.pch */,
			);
			name = "Supporting Files";
			sourceTree = "<group>";
		};
		45B4CD5A133AB5B6003FA71B /* Cube */ = {
			isa = PBXGroup;
			children = (
				45B4CD5B133AB5B6003FA71B /* 615358a87912cd8e8c91d8b0443726db.vbo */,
				45B4CD5C133AB5B6003FA71B /* Cube.model.plist */,
			);
			path = Cube;
			sourceTree = "<group>";
		};
		45B4CD5D133AB5B6003FA71B /* Sphere2 */ = {
			isa = PBXGroup;
			children = (
				45B4CD5E133AB5B6003FA71B /* 50d481b64310fbf8547286a38af9f217.vbo */,
				45B4CD5F133AB5B6003FA71B /* Sphere2.model.plist */,
			);
			path = Sphere2;
			sourceTree = "<group>";
		};
		45ED55E113342552003AB45E /* Square */ = {
			isa = PBXGroup;
			children = (
				453D9385133A6F970049D629 /* Square_New.model.plist */,
			);
			path = Square;
			sourceTree = "<group>";
		};
		45F9EA2A13301D37005DF7A8 /* Samples */ = {
			isa = PBXGroup;
			children = (
				457C0270133D32F80001A967 /* Skull2 */,
				45B4CD5A133AB5B6003FA71B /* Cube */,
				45B4CD5D133AB5B6003FA71B /* Sphere2 */,
				45ED55E113342552003AB45E /* Square */,
			);
			path = Samples;
			sourceTree = SOURCE_ROOT;
		};
/* End PBXGroup section */

/* Begin PBXNativeTarget section */
		45781C53130AFE1E00B57285 /* ModelViewer */ = {
			isa = PBXNativeTarget;
			buildConfigurationList = 45781C75130AFE1E00B57285 /* Build configuration list for PBXNativeTarget "ModelViewer" */;
			buildPhases = (
				45781C50130AFE1E00B57285 /* Sources */,
				45781C51130AFE1E00B57285 /* Frameworks */,
				45781C52130AFE1E00B57285 /* Resources */,
			);
			buildRules = (
			);
			dependencies = (
			);
			name = ModelViewer;
			productName = SketchTest;
			productReference = 45781C54130AFE1E00B57285 /* ModelViewer.app */;
			productType = "com.apple.product-type.application";
		};
		457D9C88133D23DB00F576A3 /* Unit Tests */ = {
			isa = PBXNativeTarget;
			buildConfigurationList = 457D9C9A133D23DB00F576A3 /* Build configuration list for PBXNativeTarget "Unit Tests" */;
			buildPhases = (
				457D9C84133D23DB00F576A3 /* Sources */,
				457D9C85133D23DB00F576A3 /* Frameworks */,
				457D9C86133D23DB00F576A3 /* Resources */,
				457D9C87133D23DB00F576A3 /* ShellScript */,
			);
			buildRules = (
			);
			dependencies = (
			);
			name = "Unit Tests";
			productName = "Unit Tests";
			productReference = 457D9C89133D23DB00F576A3 /* Unit Tests.octest */;
			productType = "com.apple.product-type.bundle";
		};
/* End PBXNativeTarget section */

/* Begin PBXProject section */
		45781C4B130AFE1E00B57285 /* Project object */ = {
			isa = PBXProject;
			attributes = {
				ORGANIZATIONNAME = toxicsoftware.com;
			};
			buildConfigurationList = 45781C4E130AFE1E00B57285 /* Build configuration list for PBXProject "ModelViewer" */;
			compatibilityVersion = "Xcode 3.2";
			developmentRegion = English;
			hasScannedForEncodings = 0;
			knownRegions = (
				en,
			);
			mainGroup = 45781C49130AFE1E00B57285;
			productRefGroup = 45781C55130AFE1E00B57285 /* Products */;
			projectDirPath = "";
			projectRoot = "";
			targets = (
				45781C53130AFE1E00B57285 /* ModelViewer */,
				457D9C88133D23DB00F576A3 /* Unit Tests */,
			);
		};
/* End PBXProject section */

/* Begin PBXResourcesBuildPhase section */
		45781C52130AFE1E00B57285 /* Resources */ = {
			isa = PBXResourcesBuildPhase;
			buildActionMask = 2147483647;
			files = (
				457C0331133D57A20001A967 /* Flat.fsh in Resources */,
				457C0332133D57A20001A967 /* Flat.vsh in Resources */,
				457C0333133D57A20001A967 /* Flat2.fsh in Resources */,
				457C0334133D57A20001A967 /* Flat2.vsh in Resources */,
				457C0335133D57A20001A967 /* Lighting.fsh in Resources */,
				457C0336133D57A20001A967 /* Lighting.vsh in Resources */,
				457C0337133D57A20001A967 /* SimpleTexture.fsh in Resources */,
				457C0338133D57A20001A967 /* SimpleTexture.vsh in Resources */,
				4529966F130B8D6A009FD0A3 /* MainWindow.xib in Resources */,
				453D9386133A6F970049D629 /* Square_New.model.plist in Resources */,
				45B4CD60133AB5B6003FA71B /* 615358a87912cd8e8c91d8b0443726db.vbo in Resources */,
				45B4CD61133AB5B6003FA71B /* Cube.model.plist in Resources */,
				45B4CD62133AB5B6003FA71B /* 50d481b64310fbf8547286a38af9f217.vbo in Resources */,
				45B4CD63133AB5B6003FA71B /* Sphere2.model.plist in Resources */,
				457C0282133D32F80001A967 /* 0844fae959326fe64213b74f190eac6a.vbo in Resources */,
				457C0283133D32F80001A967 /* 206a99ca421e23b8bc38f50800dd1e9a.vbo in Resources */,
				457C0284133D32F80001A967 /* 28bba4089cbb02185e6861c396912fa4.vbo in Resources */,
				457C0285133D32F80001A967 /* 2929fd0aaf91fd1e3f83a26c2dfcea6d.vbo in Resources */,
				457C0286133D32F80001A967 /* 316f363293b7b215a4983f53e294335f.vbo in Resources */,
				457C0287133D32F80001A967 /* 31fc644b5cba7cb691066531db55f48a.vbo in Resources */,
				457C0288133D32F80001A967 /* 4a81197c95ef514c8d20cb16e4b8d5c7.vbo in Resources */,
				457C0289133D32F80001A967 /* 65435d585a30d9815b36c761b1415f4e.vbo in Resources */,
				457C028A133D32F80001A967 /* 6b54ac3e25745674b92181e00025c6e9.vbo in Resources */,
				457C028B133D32F80001A967 /* 7e876531305c6d1efc7f2af0fbf2f861.vbo in Resources */,
				457C028C133D32F80001A967 /* 89e2e041718e2027110ccf95c0a2f980.vbo in Resources */,
				457C028D133D32F80001A967 /* 934893b2139f29444d4a9a15005412e2.vbo in Resources */,
				457C028E133D32F80001A967 /* 950f8b2639b9057f06bb8a006adda17e.vbo in Resources */,
				457C028F133D32F80001A967 /* bbf5b792d7fbbd626571c509fd93880b.vbo in Resources */,
				457C0290133D32F80001A967 /* e04f82c88f19e2da5d5951fdd742f3ed.vbo in Resources */,
				457C0291133D32F80001A967 /* f6bead391a42ba9210bf799238f2182f.vbo in Resources */,
				457C0292133D32F80001A967 /* Skull2.model.plist in Resources */,
			);
			runOnlyForDeploymentPostprocessing = 0;
		};
		457D9C86133D23DB00F576A3 /* Resources */ = {
			isa = PBXResourcesBuildPhase;
			buildActionMask = 2147483647;
			files = (
				457D9C92133D23DB00F576A3 /* InfoPlist.strings in Resources */,
				457D9C95133D23DB00F576A3 /* Unit_Tests.h in Resources */,
			);
			runOnlyForDeploymentPostprocessing = 0;
		};
/* End PBXResourcesBuildPhase section */

/* Begin PBXShellScriptBuildPhase section */
		457D9C87133D23DB00F576A3 /* ShellScript */ = {
			isa = PBXShellScriptBuildPhase;
			buildActionMask = 2147483647;
			files = (
			);
			inputPaths = (
			);
			outputPaths = (
			);
			runOnlyForDeploymentPostprocessing = 0;
			shellPath = /bin/sh;
			shellScript = "# Run the unit tests in this test bundle.\n\"${SYSTEM_DEVELOPER_DIR}/Tools/RunUnitTests\"\n";
		};
/* End PBXShellScriptBuildPhase section */

/* Begin PBXSourcesBuildPhase section */
		45781C50130AFE1E00B57285 /* Sources */ = {
			isa = PBXSourcesBuildPhase;
			buildActionMask = 2147483647;
			files = (
				4529966C130B8D6A009FD0A3 /* CModelViewController.m in Sources */,
				4529966E130B8D6A009FD0A3 /* main.m in Sources */,
				457C030D133D57A20001A967 /* CGeometry.m in Sources */,
				457C030E133D57A20001A967 /* CMaterial.m in Sources */,
				457C030F133D57A20001A967 /* CMesh.m in Sources */,
				457C0310133D57A20001A967 /* CMeshLoader.m in Sources */,
				457C0311133D57A20001A967 /* COBJRenderer.m in Sources */,
				457C0312133D57A20001A967 /* CArcBall.m in Sources */,
				457C0313133D57A20001A967 /* CBlockRenderer.m in Sources */,
				457C0314133D57A20001A967 /* CFrameBuffer.m in Sources */,
				457C0315133D57A20001A967 /* CMutableVertexBuffer.m in Sources */,
				457C0316133D57A20001A967 /* Color_OpenGLExtensions.m in Sources */,
				457C0317133D57A20001A967 /* Color_PropertyListRepresentation.m in Sources */,
				457C0318133D57A20001A967 /* COpenGLAssetLibrary.m in Sources */,
				457C0319133D57A20001A967 /* CProgram.m in Sources */,
				457C031A133D57A20001A967 /* CRenderBuffer.m in Sources */,
				457C031B133D57A20001A967 /* CRenderer.m in Sources */,
				457C031C133D57A20001A967 /* CRenderer_Extensions.m in Sources */,
				457C031D133D57A20001A967 /* CShader.m in Sources */,
				457C031E133D57A20001A967 /* CTexture.m in Sources */,
				457C0320133D57A20001A967 /* CTextureLoader.m in Sources */,
				457C0321133D57A20001A967 /* CVertexArrayBuffer.m in Sources */,
				457C0322133D57A20001A967 /* CVertexBuffer.m in Sources */,
				457C0323133D57A20001A967 /* CVertexBuffer_FactoryExtensions.m in Sources */,
				457C0324133D57A20001A967 /* CVertexBuffer_PropertyListRepresentation.m in Sources */,
				457C0325133D57A20001A967 /* CVertexBufferReference.m in Sources */,
				457C0326133D57A20001A967 /* CImageTextureLoader.m in Sources */,
				457C0327133D57A20001A967 /* CInteractiveRendererView.m in Sources */,
				457C0328133D57A20001A967 /* CPVRTextureLoader.m in Sources */,
				457C0329133D57A20001A967 /* CRendererView.m in Sources */,
				457C032A133D57A20001A967 /* Matrix.m in Sources */,
				457C032B133D57A20001A967 /* OpenGLTypes.m in Sources */,
				457C0330133D57A20001A967 /* Quaternion.m in Sources */,
				457C0339133D57A20001A967 /* NSData_NumberExtensions.m in Sources */,
			);
			runOnlyForDeploymentPostprocessing = 0;
		};
		457D9C84133D23DB00F576A3 /* Sources */ = {
			isa = PBXSourcesBuildPhase;
			buildActionMask = 2147483647;
			files = (
				457D9C97133D23DB00F576A3 /* Unit_Tests.m in Sources */,
			);
			runOnlyForDeploymentPostprocessing = 0;
		};
/* End PBXSourcesBuildPhase section */

/* Begin PBXVariantGroup section */
		457D9C90133D23DB00F576A3 /* InfoPlist.strings */ = {
			isa = PBXVariantGroup;
			children = (
				457D9C91133D23DB00F576A3 /* en */,
			);
			name = InfoPlist.strings;
			sourceTree = "<group>";
		};
/* End PBXVariantGroup section */

/* Begin XCBuildConfiguration section */
		45781C73130AFE1E00B57285 /* Debug */ = {
			isa = XCBuildConfiguration;
			buildSettings = {
				ARCHS = "$(ARCHS_UNIVERSAL_IPHONE_OS)";
				"CODE_SIGN_IDENTITY[sdk=iphoneos*]" = "iPhone Developer";
				GCC_C_LANGUAGE_STANDARD = gnu99;
				GCC_OPTIMIZATION_LEVEL = 0;
				GCC_PREPROCESSOR_DEFINITIONS = DEBUG;
				GCC_VERSION = com.apple.compilers.llvmgcc42;
				GCC_WARN_ABOUT_RETURN_TYPE = YES;
				GCC_WARN_UNUSED_VARIABLE = YES;
				IPHONEOS_DEPLOYMENT_TARGET = 4.2;
				SDKROOT = iphoneos;
				TARGETED_DEVICE_FAMILY = 2;
			};
			name = Debug;
		};
		45781C74130AFE1E00B57285 /* Release */ = {
			isa = XCBuildConfiguration;
			buildSettings = {
				ARCHS = "$(ARCHS_UNIVERSAL_IPHONE_OS)";
				"CODE_SIGN_IDENTITY[sdk=iphoneos*]" = "iPhone Developer";
				GCC_C_LANGUAGE_STANDARD = gnu99;
				GCC_VERSION = com.apple.compilers.llvmgcc42;
				GCC_WARN_ABOUT_RETURN_TYPE = YES;
				GCC_WARN_UNUSED_VARIABLE = YES;
				IPHONEOS_DEPLOYMENT_TARGET = 4.2;
				OTHER_CFLAGS = "-DNS_BLOCK_ASSERTIONS=1";
				SDKROOT = iphoneos;
				TARGETED_DEVICE_FAMILY = 2;
			};
			name = Release;
		};
		45781C76130AFE1E00B57285 /* Debug */ = {
			isa = XCBuildConfiguration;
			buildSettings = {
				ALWAYS_SEARCH_USER_PATHS = NO;
				COPY_PHASE_STRIP = NO;
				GCC_DYNAMIC_NO_PIC = NO;
				GCC_PRECOMPILE_PREFIX_HEADER = YES;
				GCC_PREFIX_HEADER = Prefix.pch;
				GCC_VERSION = com.apple.compilers.llvm.clang.1_0;
				GCC_WARN_64_TO_32_BIT_CONVERSION = YES;
				GCC_WARN_ABOUT_MISSING_FIELD_INITIALIZERS = YES;
				GCC_WARN_ABOUT_MISSING_NEWLINE = YES;
				GCC_WARN_ABOUT_MISSING_PROTOTYPES = YES;
				GCC_WARN_INITIALIZER_NOT_FULLY_BRACKETED = YES;
				GCC_WARN_MULTIPLE_DEFINITION_TYPES_FOR_SELECTOR = NO;
				GCC_WARN_SIGN_COMPARE = YES;
				GCC_WARN_STRICT_SELECTOR_MATCH = YES;
				GCC_WARN_UNDECLARED_SELECTOR = YES;
				GCC_WARN_UNINITIALIZED_AUTOS = YES;
				GCC_WARN_UNUSED_FUNCTION = YES;
				GCC_WARN_UNUSED_LABEL = YES;
				GCC_WARN_UNUSED_PARAMETER = YES;
				INFOPLIST_FILE = Info.plist;
				INSTALL_PATH = "$(LOCAL_APPS_DIR)";
				OTHER_CFLAGS = "-DDEBUG=1";
				PRODUCT_NAME = "$(TARGET_NAME)";
				RUN_CLANG_STATIC_ANALYZER = YES;
				WRAPPER_EXTENSION = app;
			};
			name = Debug;
		};
		45781C77130AFE1E00B57285 /* Release */ = {
			isa = XCBuildConfiguration;
			buildSettings = {
				ALWAYS_SEARCH_USER_PATHS = NO;
				COPY_PHASE_STRIP = YES;
				GCC_PRECOMPILE_PREFIX_HEADER = YES;
				GCC_PREFIX_HEADER = Prefix.pch;
				GCC_VERSION = com.apple.compilers.llvm.clang.1_0;
				GCC_WARN_64_TO_32_BIT_CONVERSION = YES;
				GCC_WARN_ABOUT_MISSING_FIELD_INITIALIZERS = YES;
				GCC_WARN_ABOUT_MISSING_NEWLINE = YES;
				GCC_WARN_ABOUT_MISSING_PROTOTYPES = YES;
				GCC_WARN_INITIALIZER_NOT_FULLY_BRACKETED = YES;
				GCC_WARN_MULTIPLE_DEFINITION_TYPES_FOR_SELECTOR = NO;
				GCC_WARN_SIGN_COMPARE = YES;
				GCC_WARN_STRICT_SELECTOR_MATCH = YES;
				GCC_WARN_UNDECLARED_SELECTOR = YES;
				GCC_WARN_UNINITIALIZED_AUTOS = YES;
				GCC_WARN_UNUSED_FUNCTION = YES;
				GCC_WARN_UNUSED_LABEL = YES;
				GCC_WARN_UNUSED_PARAMETER = YES;
				INFOPLIST_FILE = Info.plist;
				INSTALL_PATH = "$(LOCAL_APPS_DIR)";
				PRODUCT_NAME = "$(TARGET_NAME)";
				RUN_CLANG_STATIC_ANALYZER = YES;
				VALIDATE_PRODUCT = YES;
				WRAPPER_EXTENSION = app;
			};
			name = Release;
		};
		457D9C98133D23DB00F576A3 /* Debug */ = {
			isa = XCBuildConfiguration;
			buildSettings = {
				ALWAYS_SEARCH_USER_PATHS = NO;
				ARCHS = "$(ARCHS_STANDARD_32_BIT)";
				FRAMEWORK_SEARCH_PATHS = (
					"$(SDKROOT)/Developer/Library/Frameworks",
					"$(DEVELOPER_LIBRARY_DIR)/Frameworks",
				);
				GCC_PRECOMPILE_PREFIX_HEADER = YES;
				GCC_PREFIX_HEADER = "Unit Tests/Unit Tests-Prefix.pch";
				GCC_SYMBOLS_PRIVATE_EXTERN = NO;
				INFOPLIST_FILE = "Unit Tests/Unit Tests-Info.plist";
				IPHONEOS_DEPLOYMENT_TARGET = 4.3;
				OTHER_LDFLAGS = (
					"-framework",
					SenTestingKit,
				);
				PRODUCT_NAME = "$(TARGET_NAME)";
				WRAPPER_EXTENSION = octest;
			};
			name = Debug;
		};
		457D9C99133D23DB00F576A3 /* Release */ = {
			isa = XCBuildConfiguration;
			buildSettings = {
				ALWAYS_SEARCH_USER_PATHS = NO;
				ARCHS = "$(ARCHS_STANDARD_32_BIT)";
				FRAMEWORK_SEARCH_PATHS = (
					"$(SDKROOT)/Developer/Library/Frameworks",
					"$(DEVELOPER_LIBRARY_DIR)/Frameworks",
				);
				GCC_PRECOMPILE_PREFIX_HEADER = YES;
				GCC_PREFIX_HEADER = "Unit Tests/Unit Tests-Prefix.pch";
				INFOPLIST_FILE = "Unit Tests/Unit Tests-Info.plist";
				IPHONEOS_DEPLOYMENT_TARGET = 4.3;
				OTHER_LDFLAGS = (
					"-framework",
					SenTestingKit,
				);
				PRODUCT_NAME = "$(TARGET_NAME)";
				WRAPPER_EXTENSION = octest;
			};
			name = Release;
		};
/* End XCBuildConfiguration section */

/* Begin XCConfigurationList section */
		45781C4E130AFE1E00B57285 /* Build configuration list for PBXProject "ModelViewer" */ = {
			isa = XCConfigurationList;
			buildConfigurations = (
				45781C73130AFE1E00B57285 /* Debug */,
				45781C74130AFE1E00B57285 /* Release */,
			);
			defaultConfigurationIsVisible = 0;
			defaultConfigurationName = Release;
		};
		45781C75130AFE1E00B57285 /* Build configuration list for PBXNativeTarget "ModelViewer" */ = {
			isa = XCConfigurationList;
			buildConfigurations = (
				45781C76130AFE1E00B57285 /* Debug */,
				45781C77130AFE1E00B57285 /* Release */,
			);
			defaultConfigurationIsVisible = 0;
			defaultConfigurationName = Release;
		};
		457D9C9A133D23DB00F576A3 /* Build configuration list for PBXNativeTarget "Unit Tests" */ = {
			isa = XCConfigurationList;
			buildConfigurations = (
				457D9C98133D23DB00F576A3 /* Debug */,
				457D9C99133D23DB00F576A3 /* Release */,
			);
			defaultConfigurationIsVisible = 0;
			defaultConfigurationName = Release;
		};
/* End XCConfigurationList section */
	};
	rootObject = 45781C4B130AFE1E00B57285 /* Project object */;
}
